// !$*UTF8*$!
{
	archiveVersion = 1;
	classes = {
	};
	objectVersion = 55;
	objects = {

/* Begin PBXBuildFile section */
		B42A9597277BEF5900D0288F /* Endpoint.swift in Sources */ = {isa = PBXBuildFile; fileRef = B42A9596277BEF5900D0288F /* Endpoint.swift */; };
		B42E0BC92779480800536531 /* AppDelegate.swift in Sources */ = {isa = PBXBuildFile; fileRef = B42E0BC82779480800536531 /* AppDelegate.swift */; };
		B42E0BCB2779480800536531 /* SceneDelegate.swift in Sources */ = {isa = PBXBuildFile; fileRef = B42E0BCA2779480800536531 /* SceneDelegate.swift */; };
		B42E0BCD2779480800536531 /* SignInViewController.swift in Sources */ = {isa = PBXBuildFile; fileRef = B42E0BCC2779480800536531 /* SignInViewController.swift */; };
		B42E0BD22779480A00536531 /* Assets.xcassets in Resources */ = {isa = PBXBuildFile; fileRef = B42E0BD12779480A00536531 /* Assets.xcassets */; };
		B42E0BD52779480A00536531 /* LaunchScreen.storyboard in Resources */ = {isa = PBXBuildFile; fileRef = B42E0BD32779480A00536531 /* LaunchScreen.storyboard */; };
		B42E0BE127794BC100536531 /* SignInView.swift in Sources */ = {isa = PBXBuildFile; fileRef = B42E0BE027794BC100536531 /* SignInView.swift */; };
		B42E0BE427794C0F00536531 /* SnapKit in Frameworks */ = {isa = PBXBuildFile; productRef = B42E0BE327794C0F00536531 /* SnapKit */; };
		B42E0BE72779507D00536531 /* APIService.swift in Sources */ = {isa = PBXBuildFile; fileRef = B42E0BE62779507D00536531 /* APIService.swift */; };
		B42E0BEA2779573E00536531 /* User.swift in Sources */ = {isa = PBXBuildFile; fileRef = B42E0BE92779573E00536531 /* User.swift */; };
		B42E0BEC27795B1C00536531 /* MainViewController.swift in Sources */ = {isa = PBXBuildFile; fileRef = B42E0BEB27795B1C00536531 /* MainViewController.swift */; };
		B42E0BEF27795EED00536531 /* SignInViewModel.swift in Sources */ = {isa = PBXBuildFile; fileRef = B42E0BEE27795EED00536531 /* SignInViewModel.swift */; };
		B42E0BF127795FA900536531 /* Observable.swift in Sources */ = {isa = PBXBuildFile; fileRef = B42E0BF027795FA900536531 /* Observable.swift */; };
		B42E0C05277A914B00536531 /* LottoViewController.swift in Sources */ = {isa = PBXBuildFile; fileRef = B42E0C04277A914B00536531 /* LottoViewController.swift */; };
		B42E0C07277A94CB00536531 /* Lotto.swift in Sources */ = {isa = PBXBuildFile; fileRef = B42E0C06277A94CB00536531 /* Lotto.swift */; };
		B42E0C09277A961200536531 /* LottoViewModel.swift in Sources */ = {isa = PBXBuildFile; fileRef = B42E0C08277A961200536531 /* LottoViewModel.swift */; };
		B42E0C0B277AA60A00536531 /* Person.swift in Sources */ = {isa = PBXBuildFile; fileRef = B42E0C0A277AA60A00536531 /* Person.swift */; };
		B42E0C0D277AAA7600536531 /* PersonViewModel.swift in Sources */ = {isa = PBXBuildFile; fileRef = B42E0C0C277AAA7600536531 /* PersonViewModel.swift */; };
		B42E0C0F277AAB7800536531 /* PersonViewController.swift in Sources */ = {isa = PBXBuildFile; fileRef = B42E0C0E277AAB7800536531 /* PersonViewController.swift */; };
/* End PBXBuildFile section */

/* Begin PBXFileReference section */
		B42A9596277BEF5900D0288F /* Endpoint.swift */ = {isa = PBXFileReference; lastKnownFileType = sourcecode.swift; path = Endpoint.swift; sourceTree = "<group>"; };
		B42E0BC52779480800536531 /* ssacAuth.app */ = {isa = PBXFileReference; explicitFileType = wrapper.application; includeInIndex = 0; path = ssacAuth.app; sourceTree = BUILT_PRODUCTS_DIR; };
		B42E0BC82779480800536531 /* AppDelegate.swift */ = {isa = PBXFileReference; lastKnownFileType = sourcecode.swift; path = AppDelegate.swift; sourceTree = "<group>"; };
		B42E0BCA2779480800536531 /* SceneDelegate.swift */ = {isa = PBXFileReference; lastKnownFileType = sourcecode.swift; path = SceneDelegate.swift; sourceTree = "<group>"; };
		B42E0BCC2779480800536531 /* SignInViewController.swift */ = {isa = PBXFileReference; lastKnownFileType = sourcecode.swift; path = SignInViewController.swift; sourceTree = "<group>"; };
		B42E0BD12779480A00536531 /* Assets.xcassets */ = {isa = PBXFileReference; lastKnownFileType = folder.assetcatalog; path = Assets.xcassets; sourceTree = "<group>"; };
		B42E0BD42779480A00536531 /* Base */ = {isa = PBXFileReference; lastKnownFileType = file.storyboard; name = Base; path = Base.lproj/LaunchScreen.storyboard; sourceTree = "<group>"; };
		B42E0BD62779480A00536531 /* Info.plist */ = {isa = PBXFileReference; lastKnownFileType = text.plist.xml; path = Info.plist; sourceTree = "<group>"; };
		B42E0BE027794BC100536531 /* SignInView.swift */ = {isa = PBXFileReference; lastKnownFileType = sourcecode.swift; path = SignInView.swift; sourceTree = "<group>"; };
		B42E0BE62779507D00536531 /* APIService.swift */ = {isa = PBXFileReference; lastKnownFileType = sourcecode.swift; path = APIService.swift; sourceTree = "<group>"; };
		B42E0BE92779573E00536531 /* User.swift */ = {isa = PBXFileReference; lastKnownFileType = sourcecode.swift; path = User.swift; sourceTree = "<group>"; };
		B42E0BEB27795B1C00536531 /* MainViewController.swift */ = {isa = PBXFileReference; lastKnownFileType = sourcecode.swift; path = MainViewController.swift; sourceTree = "<group>"; };
		B42E0BEE27795EED00536531 /* SignInViewModel.swift */ = {isa = PBXFileReference; lastKnownFileType = sourcecode.swift; path = SignInViewModel.swift; sourceTree = "<group>"; };
		B42E0BF027795FA900536531 /* Observable.swift */ = {isa = PBXFileReference; lastKnownFileType = sourcecode.swift; path = Observable.swift; sourceTree = "<group>"; };
		B42E0C04277A914B00536531 /* LottoViewController.swift */ = {isa = PBXFileReference; lastKnownFileType = sourcecode.swift; path = LottoViewController.swift; sourceTree = "<group>"; };
		B42E0C06277A94CB00536531 /* Lotto.swift */ = {isa = PBXFileReference; lastKnownFileType = sourcecode.swift; path = Lotto.swift; sourceTree = "<group>"; };
		B42E0C08277A961200536531 /* LottoViewModel.swift */ = {isa = PBXFileReference; lastKnownFileType = sourcecode.swift; path = LottoViewModel.swift; sourceTree = "<group>"; };
		B42E0C0A277AA60A00536531 /* Person.swift */ = {isa = PBXFileReference; lastKnownFileType = sourcecode.swift; path = Person.swift; sourceTree = "<group>"; };
		B42E0C0C277AAA7600536531 /* PersonViewModel.swift */ = {isa = PBXFileReference; lastKnownFileType = sourcecode.swift; path = PersonViewModel.swift; sourceTree = "<group>"; };
		B42E0C0E277AAB7800536531 /* PersonViewController.swift */ = {isa = PBXFileReference; lastKnownFileType = sourcecode.swift; path = PersonViewController.swift; sourceTree = "<group>"; };
/* End PBXFileReference section */

/* Begin PBXFrameworksBuildPhase section */
		B42E0BC22779480800536531 /* Frameworks */ = {
			isa = PBXFrameworksBuildPhase;
			buildActionMask = 2147483647;
			files = (
				B42E0BE427794C0F00536531 /* SnapKit in Frameworks */,
			);
			runOnlyForDeploymentPostprocessing = 0;
		};
/* End PBXFrameworksBuildPhase section */

/* Begin PBXGroup section */
		B42E0BBC2779480800536531 = {
			isa = PBXGroup;
			children = (
				B42E0BC72779480800536531 /* ssacAuth */,
				B42E0BC62779480800536531 /* Products */,
			);
			sourceTree = "<group>";
		};
		B42E0BC62779480800536531 /* Products */ = {
			isa = PBXGroup;
			children = (
				B42E0BC52779480800536531 /* ssacAuth.app */,
			);
			name = Products;
			sourceTree = "<group>";
		};
		B42E0BC72779480800536531 /* ssacAuth */ = {
			isa = PBXGroup;
			children = (
				B42E0BDF27794BB600536531 /* Model */,
				B42E0BDE27794BB000536531 /* View */,
				B42E0BED27795EDA00536531 /* ViewModel */,
				B42E0BDD27794BAA00536531 /* ViewController */,
				B42E0BE52779506C00536531 /* Extension */,
				B42E0BDC2779483C00536531 /* Resource */,
				B42E0BD62779480A00536531 /* Info.plist */,
			);
			path = ssacAuth;
			sourceTree = "<group>";
		};
		B42E0BDC2779483C00536531 /* Resource */ = {
			isa = PBXGroup;
			children = (
				B42E0BC82779480800536531 /* AppDelegate.swift */,
				B42E0BCA2779480800536531 /* SceneDelegate.swift */,
				B42E0BD12779480A00536531 /* Assets.xcassets */,
				B42E0BD32779480A00536531 /* LaunchScreen.storyboard */,
			);
			path = Resource;
			sourceTree = "<group>";
		};
		B42E0BDD27794BAA00536531 /* ViewController */ = {
			isa = PBXGroup;
			children = (
				B42E0BCC2779480800536531 /* SignInViewController.swift */,
				B42E0BEB27795B1C00536531 /* MainViewController.swift */,
				B42E0C04277A914B00536531 /* LottoViewController.swift */,
				B42E0C0E277AAB7800536531 /* PersonViewController.swift */,
			);
			path = ViewController;
			sourceTree = "<group>";
		};
		B42E0BDE27794BB000536531 /* View */ = {
			isa = PBXGroup;
			children = (
				B42E0BE027794BC100536531 /* SignInView.swift */,
			);
			path = View;
			sourceTree = "<group>";
		};
		B42E0BDF27794BB600536531 /* Model */ = {
			isa = PBXGroup;
			children = (
				B42E0BE92779573E00536531 /* User.swift */,
				B42E0C06277A94CB00536531 /* Lotto.swift */,
				B42E0C0A277AA60A00536531 /* Person.swift */,
			);
			path = Model;
			sourceTree = "<group>";
		};
		B42E0BE52779506C00536531 /* Extension */ = {
			isa = PBXGroup;
			children = (
				B42E0BE62779507D00536531 /* APIService.swift */,
				B42E0BF027795FA900536531 /* Observable.swift */,
				B42A9596277BEF5900D0288F /* Endpoint.swift */,
			);
			path = Extension;
			sourceTree = "<group>";
		};
		B42E0BED27795EDA00536531 /* ViewModel */ = {
			isa = PBXGroup;
			children = (
				B42E0BEE27795EED00536531 /* SignInViewModel.swift */,
				B42E0C08277A961200536531 /* LottoViewModel.swift */,
				B42E0C0C277AAA7600536531 /* PersonViewModel.swift */,
			);
			path = ViewModel;
			sourceTree = "<group>";
		};
/* End PBXGroup section */

/* Begin PBXNativeTarget section */
		B42E0BC42779480800536531 /* ssacAuth */ = {
			isa = PBXNativeTarget;
			buildConfigurationList = B42E0BD92779480A00536531 /* Build configuration list for PBXNativeTarget "ssacAuth" */;
			buildPhases = (
				B42E0BC12779480800536531 /* Sources */,
				B42E0BC22779480800536531 /* Frameworks */,
				B42E0BC32779480800536531 /* Resources */,
			);
			buildRules = (
			);
			dependencies = (
			);
			name = ssacAuth;
			packageProductDependencies = (
				B42E0BE327794C0F00536531 /* SnapKit */,
			);
			productName = ssacAuth;
			productReference = B42E0BC52779480800536531 /* ssacAuth.app */;
			productType = "com.apple.product-type.application";
		};
/* End PBXNativeTarget section */

/* Begin PBXProject section */
		B42E0BBD2779480800536531 /* Project object */ = {
			isa = PBXProject;
			attributes = {
				BuildIndependentTargetsInParallel = 1;
				LastSwiftUpdateCheck = 1300;
				LastUpgradeCheck = 1300;
				TargetAttributes = {
					B42E0BC42779480800536531 = {
						CreatedOnToolsVersion = 13.0;
					};
				};
			};
			buildConfigurationList = B42E0BC02779480800536531 /* Build configuration list for PBXProject "ssacAuth" */;
			compatibilityVersion = "Xcode 13.0";
			developmentRegion = en;
			hasScannedForEncodings = 0;
			knownRegions = (
				en,
				Base,
			);
			mainGroup = B42E0BBC2779480800536531;
			packageReferences = (
				B42E0BE227794C0F00536531 /* XCRemoteSwiftPackageReference "SnapKit" */,
			);
			productRefGroup = B42E0BC62779480800536531 /* Products */;
			projectDirPath = "";
			projectRoot = "";
			targets = (
				B42E0BC42779480800536531 /* ssacAuth */,
			);
		};
/* End PBXProject section */

/* Begin PBXResourcesBuildPhase section */
		B42E0BC32779480800536531 /* Resources */ = {
			isa = PBXResourcesBuildPhase;
			buildActionMask = 2147483647;
			files = (
				B42E0BD52779480A00536531 /* LaunchScreen.storyboard in Resources */,
				B42E0BD22779480A00536531 /* Assets.xcassets in Resources */,
			);
			runOnlyForDeploymentPostprocessing = 0;
		};
/* End PBXResourcesBuildPhase section */

/* Begin PBXSourcesBuildPhase section */
		B42E0BC12779480800536531 /* Sources */ = {
			isa = PBXSourcesBuildPhase;
			buildActionMask = 2147483647;
			files = (
				B42E0BEC27795B1C00536531 /* MainViewController.swift in Sources */,
				B42E0BCD2779480800536531 /* SignInViewController.swift in Sources */,
				B42E0BE72779507D00536531 /* APIService.swift in Sources */,
				B42E0BEA2779573E00536531 /* User.swift in Sources */,
				B42E0BF127795FA900536531 /* Observable.swift in Sources */,
				B42E0C09277A961200536531 /* LottoViewModel.swift in Sources */,
				B42E0C05277A914B00536531 /* LottoViewController.swift in Sources */,
				B42E0BEF27795EED00536531 /* SignInViewModel.swift in Sources */,
				B42E0C07277A94CB00536531 /* Lotto.swift in Sources */,
				B42A9597277BEF5900D0288F /* Endpoint.swift in Sources */,
				B42E0BC92779480800536531 /* AppDelegate.swift in Sources */,
				B42E0C0F277AAB7800536531 /* PersonViewController.swift in Sources */,
				B42E0C0B277AA60A00536531 /* Person.swift in Sources */,
				B42E0BE127794BC100536531 /* SignInView.swift in Sources */,
				B42E0BCB2779480800536531 /* SceneDelegate.swift in Sources */,
				B42E0C0D277AAA7600536531 /* PersonViewModel.swift in Sources */,
			);
			runOnlyForDeploymentPostprocessing = 0;
		};
/* End PBXSourcesBuildPhase section */

/* Begin PBXVariantGroup section */
		B42E0BD32779480A00536531 /* LaunchScreen.storyboard */ = {
			isa = PBXVariantGroup;
			children = (
				B42E0BD42779480A00536531 /* Base */,
			);
			name = LaunchScreen.storyboard;
			sourceTree = "<group>";
		};
/* End PBXVariantGroup section */

/* Begin XCBuildConfiguration section */
		B42E0BD72779480A00536531 /* Debug */ = {
			isa = XCBuildConfiguration;
			buildSettings = {
				ALWAYS_SEARCH_USER_PATHS = NO;
				CLANG_ANALYZER_NONNULL = YES;
				CLANG_ANALYZER_NUMBER_OBJECT_CONVERSION = YES_AGGRESSIVE;
				CLANG_CXX_LANGUAGE_STANDARD = "gnu++17";
				CLANG_CXX_LIBRARY = "libc++";
				CLANG_ENABLE_MODULES = YES;
				CLANG_ENABLE_OBJC_ARC = YES;
				CLANG_ENABLE_OBJC_WEAK = YES;
				CLANG_WARN_BLOCK_CAPTURE_AUTORELEASING = YES;
				CLANG_WARN_BOOL_CONVERSION = YES;
				CLANG_WARN_COMMA = YES;
				CLANG_WARN_CONSTANT_CONVERSION = YES;
				CLANG_WARN_DEPRECATED_OBJC_IMPLEMENTATIONS = YES;
				CLANG_WARN_DIRECT_OBJC_ISA_USAGE = YES_ERROR;
				CLANG_WARN_DOCUMENTATION_COMMENTS = YES;
				CLANG_WARN_EMPTY_BODY = YES;
				CLANG_WARN_ENUM_CONVERSION = YES;
				CLANG_WARN_INFINITE_RECURSION = YES;
				CLANG_WARN_INT_CONVERSION = YES;
				CLANG_WARN_NON_LITERAL_NULL_CONVERSION = YES;
				CLANG_WARN_OBJC_IMPLICIT_RETAIN_SELF = YES;
				CLANG_WARN_OBJC_LITERAL_CONVERSION = YES;
				CLANG_WARN_OBJC_ROOT_CLASS = YES_ERROR;
				CLANG_WARN_QUOTED_INCLUDE_IN_FRAMEWORK_HEADER = YES;
				CLANG_WARN_RANGE_LOOP_ANALYSIS = YES;
				CLANG_WARN_STRICT_PROTOTYPES = YES;
				CLANG_WARN_SUSPICIOUS_MOVE = YES;
				CLANG_WARN_UNGUARDED_AVAILABILITY = YES_AGGRESSIVE;
				CLANG_WARN_UNREACHABLE_CODE = YES;
				CLANG_WARN__DUPLICATE_METHOD_MATCH = YES;
				COPY_PHASE_STRIP = NO;
				DEBUG_INFORMATION_FORMAT = dwarf;
				ENABLE_STRICT_OBJC_MSGSEND = YES;
				ENABLE_TESTABILITY = YES;
				GCC_C_LANGUAGE_STANDARD = gnu11;
				GCC_DYNAMIC_NO_PIC = NO;
				GCC_NO_COMMON_BLOCKS = YES;
				GCC_OPTIMIZATION_LEVEL = 0;
				GCC_PREPROCESSOR_DEFINITIONS = (
					"DEBUG=1",
					"$(inherited)",
				);
				GCC_WARN_64_TO_32_BIT_CONVERSION = YES;
				GCC_WARN_ABOUT_RETURN_TYPE = YES_ERROR;
				GCC_WARN_UNDECLARED_SELECTOR = YES;
				GCC_WARN_UNINITIALIZED_AUTOS = YES_AGGRESSIVE;
				GCC_WARN_UNUSED_FUNCTION = YES;
				GCC_WARN_UNUSED_VARIABLE = YES;
				IPHONEOS_DEPLOYMENT_TARGET = 15.0;
				MTL_ENABLE_DEBUG_INFO = INCLUDE_SOURCE;
				MTL_FAST_MATH = YES;
				ONLY_ACTIVE_ARCH = YES;
				SDKROOT = iphoneos;
				SWIFT_ACTIVE_COMPILATION_CONDITIONS = DEBUG;
				SWIFT_OPTIMIZATION_LEVEL = "-Onone";
			};
			name = Debug;
		};
		B42E0BD82779480A00536531 /* Release */ = {
			isa = XCBuildConfiguration;
			buildSettings = {
				ALWAYS_SEARCH_USER_PATHS = NO;
				CLANG_ANALYZER_NONNULL = YES;
				CLANG_ANALYZER_NUMBER_OBJECT_CONVERSION = YES_AGGRESSIVE;
				CLANG_CXX_LANGUAGE_STANDARD = "gnu++17";
				CLANG_CXX_LIBRARY = "libc++";
				CLANG_ENABLE_MODULES = YES;
				CLANG_ENABLE_OBJC_ARC = YES;
				CLANG_ENABLE_OBJC_WEAK = YES;
				CLANG_WARN_BLOCK_CAPTURE_AUTORELEASING = YES;
				CLANG_WARN_BOOL_CONVERSION = YES;
				CLANG_WARN_COMMA = YES;
				CLANG_WARN_CONSTANT_CONVERSION = YES;
				CLANG_WARN_DEPRECATED_OBJC_IMPLEMENTATIONS = YES;
				CLANG_WARN_DIRECT_OBJC_ISA_USAGE = YES_ERROR;
				CLANG_WARN_DOCUMENTATION_COMMENTS = YES;
				CLANG_WARN_EMPTY_BODY = YES;
				CLANG_WARN_ENUM_CONVERSION = YES;
				CLANG_WARN_INFINITE_RECURSION = YES;
				CLANG_WARN_INT_CONVERSION = YES;
				CLANG_WARN_NON_LITERAL_NULL_CONVERSION = YES;
				CLANG_WARN_OBJC_IMPLICIT_RETAIN_SELF = YES;
				CLANG_WARN_OBJC_LITERAL_CONVERSION = YES;
				CLANG_WARN_OBJC_ROOT_CLASS = YES_ERROR;
				CLANG_WARN_QUOTED_INCLUDE_IN_FRAMEWORK_HEADER = YES;
				CLANG_WARN_RANGE_LOOP_ANALYSIS = YES;
				CLANG_WARN_STRICT_PROTOTYPES = YES;
				CLANG_WARN_SUSPICIOUS_MOVE = YES;
				CLANG_WARN_UNGUARDED_AVAILABILITY = YES_AGGRESSIVE;
				CLANG_WARN_UNREACHABLE_CODE = YES;
				CLANG_WARN__DUPLICATE_METHOD_MATCH = YES;
				COPY_PHASE_STRIP = NO;
				DEBUG_INFORMATION_FORMAT = "dwarf-with-dsym";
				ENABLE_NS_ASSERTIONS = NO;
				ENABLE_STRICT_OBJC_MSGSEND = YES;
				GCC_C_LANGUAGE_STANDARD = gnu11;
				GCC_NO_COMMON_BLOCKS = YES;
				GCC_WARN_64_TO_32_BIT_CONVERSION = YES;
				GCC_WARN_ABOUT_RETURN_TYPE = YES_ERROR;
				GCC_WARN_UNDECLARED_SELECTOR = YES;
				GCC_WARN_UNINITIALIZED_AUTOS = YES_AGGRESSIVE;
				GCC_WARN_UNUSED_FUNCTION = YES;
				GCC_WARN_UNUSED_VARIABLE = YES;
				IPHONEOS_DEPLOYMENT_TARGET = 15.0;
				MTL_ENABLE_DEBUG_INFO = NO;
				MTL_FAST_MATH = YES;
				SDKROOT = iphoneos;
				SWIFT_COMPILATION_MODE = wholemodule;
				SWIFT_OPTIMIZATION_LEVEL = "-O";
				VALIDATE_PRODUCT = YES;
			};
			name = Release;
		};
		B42E0BDA2779480A00536531 /* Debug */ = {
			isa = XCBuildConfiguration;
			buildSettings = {
				ASSETCATALOG_COMPILER_APPICON_NAME = AppIcon;
				ASSETCATALOG_COMPILER_GLOBAL_ACCENT_COLOR_NAME = AccentColor;
				CODE_SIGN_STYLE = Automatic;
				CURRENT_PROJECT_VERSION = 1;
				DEVELOPMENT_TEAM = 7MS89TXQ5T;
				GENERATE_INFOPLIST_FILE = YES;
				INFOPLIST_FILE = ssacAuth/Info.plist;
				INFOPLIST_KEY_UIApplicationSupportsIndirectInputEvents = YES;
				INFOPLIST_KEY_UILaunchStoryboardName = LaunchScreen;
				INFOPLIST_KEY_UISupportedInterfaceOrientations_iPad = "UIInterfaceOrientationPortrait UIInterfaceOrientationPortraitUpsideDown UIInterfaceOrientationLandscapeLeft UIInterfaceOrientationLandscapeRight";
				INFOPLIST_KEY_UISupportedInterfaceOrientations_iPhone = "UIInterfaceOrientationPortrait UIInterfaceOrientationLandscapeLeft UIInterfaceOrientationLandscapeRight";
				LD_RUNPATH_SEARCH_PATHS = (
					"$(inherited)",
					"@executable_path/Frameworks",
				);
				MARKETING_VERSION = 1.0;
				PRODUCT_BUNDLE_IDENTIFIER = camosss.ssacAuth;
				PRODUCT_NAME = "$(TARGET_NAME)";
				SWIFT_EMIT_LOC_STRINGS = YES;
				SWIFT_VERSION = 5.0;
				TARGETED_DEVICE_FAMILY = "1,2";
			};
			name = Debug;
		};
		B42E0BDB2779480A00536531 /* Release */ = {
			isa = XCBuildConfiguration;
			buildSettings = {
				ASSETCATALOG_COMPILER_APPICON_NAME = AppIcon;
				ASSETCATALOG_COMPILER_GLOBAL_ACCENT_COLOR_NAME = AccentColor;
				CODE_SIGN_STYLE = Automatic;
				CURRENT_PROJECT_VERSION = 1;
				DEVELOPMENT_TEAM = 7MS89TXQ5T;
				GENERATE_INFOPLIST_FILE = YES;
				INFOPLIST_FILE = ssacAuth/Info.plist;
				INFOPLIST_KEY_UIApplicationSupportsIndirectInputEvents = YES;
				INFOPLIST_KEY_UILaunchStoryboardName = LaunchScreen;
				INFOPLIST_KEY_UISupportedInterfaceOrientations_iPad = "UIInterfaceOrientationPortrait UIInterfaceOrientationPortraitUpsideDown UIInterfaceOrientationLandscapeLeft UIInterfaceOrientationLandscapeRight";
				INFOPLIST_KEY_UISupportedInterfaceOrientations_iPhone = "UIInterfaceOrientationPortrait UIInterfaceOrientationLandscapeLeft UIInterfaceOrientationLandscapeRight";
				LD_RUNPATH_SEARCH_PATHS = (
					"$(inherited)",
					"@executable_path/Frameworks",
				);
				MARKETING_VERSION = 1.0;
				PRODUCT_BUNDLE_IDENTIFIER = camosss.ssacAuth;
				PRODUCT_NAME = "$(TARGET_NAME)";
				SWIFT_EMIT_LOC_STRINGS = YES;
				SWIFT_VERSION = 5.0;
				TARGETED_DEVICE_FAMILY = "1,2";
			};
			name = Release;
		};
/* End XCBuildConfiguration section */

/* Begin XCConfigurationList section */
		B42E0BC02779480800536531 /* Build configuration list for PBXProject "ssacAuth" */ = {
			isa = XCConfigurationList;
			buildConfigurations = (
				B42E0BD72779480A00536531 /* Debug */,
				B42E0BD82779480A00536531 /* Release */,
			);
			defaultConfigurationIsVisible = 0;
			defaultConfigurationName = Release;
		};
		B42E0BD92779480A00536531 /* Build configuration list for PBXNativeTarget "ssacAuth" */ = {
			isa = XCConfigurationList;
			buildConfigurations = (
				B42E0BDA2779480A00536531 /* Debug */,
				B42E0BDB2779480A00536531 /* Release */,
			);
			defaultConfigurationIsVisible = 0;
			defaultConfigurationName = Release;
		};
/* End XCConfigurationList section */

/* Begin XCRemoteSwiftPackageReference section */
		B42E0BE227794C0F00536531 /* XCRemoteSwiftPackageReference "SnapKit" */ = {
			isa = XCRemoteSwiftPackageReference;
			repositoryURL = "https://github.com/SnapKit/SnapKit";
			requirement = {
				kind = upToNextMajorVersion;
				minimumVersion = 5.0.0;
			};
		};
/* End XCRemoteSwiftPackageReference section */

/* Begin XCSwiftPackageProductDependency section */
		B42E0BE327794C0F00536531 /* SnapKit */ = {
			isa = XCSwiftPackageProductDependency;
			package = B42E0BE227794C0F00536531 /* XCRemoteSwiftPackageReference "SnapKit" */;
			productName = SnapKit;
		};
/* End XCSwiftPackageProductDependency section */
	};
	rootObject = B42E0BBD2779480800536531 /* Project object */;
}
