// !$*UTF8*$!
{
	archiveVersion = 1;
	classes = {
	};
	objectVersion = 55;
	objects = {

/* Begin PBXBuildFile section */
		9A25E0C7CB92E318929F0923 /* Pods_ssacChatting.framework in Frameworks */ = {isa = PBXBuildFile; fileRef = 69517E490AA129CC02DBA010 /* Pods_ssacChatting.framework */; };
		B4498782279058C2008B8BE5 /* AppDelegate.swift in Sources */ = {isa = PBXBuildFile; fileRef = B4498781279058C2008B8BE5 /* AppDelegate.swift */; };
		B4498784279058C2008B8BE5 /* SceneDelegate.swift in Sources */ = {isa = PBXBuildFile; fileRef = B4498783279058C2008B8BE5 /* SceneDelegate.swift */; };
		B4498789279058C2008B8BE5 /* Main.storyboard in Resources */ = {isa = PBXBuildFile; fileRef = B4498787279058C2008B8BE5 /* Main.storyboard */; };
		B449878B279058C4008B8BE5 /* Assets.xcassets in Resources */ = {isa = PBXBuildFile; fileRef = B449878A279058C4008B8BE5 /* Assets.xcassets */; };
		B449878E279058C4008B8BE5 /* LaunchScreen.storyboard in Resources */ = {isa = PBXBuildFile; fileRef = B449878C279058C4008B8BE5 /* LaunchScreen.storyboard */; };
		B44987A92790FE70008B8BE5 /* ChatTableViewController.swift in Sources */ = {isa = PBXBuildFile; fileRef = B44987A82790FE70008B8BE5 /* ChatTableViewController.swift */; };
		B44987AC279100AB008B8BE5 /* Chat.swift in Sources */ = {isa = PBXBuildFile; fileRef = B44987AB279100AB008B8BE5 /* Chat.swift */; };
		B44987AE27910709008B8BE5 /* SoketIOManager.swift in Sources */ = {isa = PBXBuildFile; fileRef = B44987AD27910709008B8BE5 /* SoketIOManager.swift */; };
		B44987B327910ACB008B8BE5 /* StartViewController.swift in Sources */ = {isa = PBXBuildFile; fileRef = B44987B227910ACB008B8BE5 /* StartViewController.swift */; };
/* End PBXBuildFile section */

/* Begin PBXFileReference section */
		45C82562157FDBC6397A4019 /* Pods-ssacChatting.release.xcconfig */ = {isa = PBXFileReference; includeInIndex = 1; lastKnownFileType = text.xcconfig; name = "Pods-ssacChatting.release.xcconfig"; path = "Target Support Files/Pods-ssacChatting/Pods-ssacChatting.release.xcconfig"; sourceTree = "<group>"; };
		58F1D1405D72D171A9826427 /* Pods-ssacChatting.debug.xcconfig */ = {isa = PBXFileReference; includeInIndex = 1; lastKnownFileType = text.xcconfig; name = "Pods-ssacChatting.debug.xcconfig"; path = "Target Support Files/Pods-ssacChatting/Pods-ssacChatting.debug.xcconfig"; sourceTree = "<group>"; };
		69517E490AA129CC02DBA010 /* Pods_ssacChatting.framework */ = {isa = PBXFileReference; explicitFileType = wrapper.framework; includeInIndex = 0; path = Pods_ssacChatting.framework; sourceTree = BUILT_PRODUCTS_DIR; };
		B449877E279058C2008B8BE5 /* ssacChatting.app */ = {isa = PBXFileReference; explicitFileType = wrapper.application; includeInIndex = 0; path = ssacChatting.app; sourceTree = BUILT_PRODUCTS_DIR; };
		B4498781279058C2008B8BE5 /* AppDelegate.swift */ = {isa = PBXFileReference; lastKnownFileType = sourcecode.swift; path = AppDelegate.swift; sourceTree = "<group>"; };
		B4498783279058C2008B8BE5 /* SceneDelegate.swift */ = {isa = PBXFileReference; lastKnownFileType = sourcecode.swift; path = SceneDelegate.swift; sourceTree = "<group>"; };
		B4498788279058C2008B8BE5 /* Base */ = {isa = PBXFileReference; lastKnownFileType = file.storyboard; name = Base; path = Base.lproj/Main.storyboard; sourceTree = "<group>"; };
		B449878A279058C4008B8BE5 /* Assets.xcassets */ = {isa = PBXFileReference; lastKnownFileType = folder.assetcatalog; path = Assets.xcassets; sourceTree = "<group>"; };
		B449878D279058C4008B8BE5 /* Base */ = {isa = PBXFileReference; lastKnownFileType = file.storyboard; name = Base; path = Base.lproj/LaunchScreen.storyboard; sourceTree = "<group>"; };
		B449878F279058C4008B8BE5 /* Info.plist */ = {isa = PBXFileReference; lastKnownFileType = text.plist.xml; path = Info.plist; sourceTree = "<group>"; };
		B44987A82790FE70008B8BE5 /* ChatTableViewController.swift */ = {isa = PBXFileReference; lastKnownFileType = sourcecode.swift; path = ChatTableViewController.swift; sourceTree = "<group>"; };
		B44987AB279100AB008B8BE5 /* Chat.swift */ = {isa = PBXFileReference; lastKnownFileType = sourcecode.swift; path = Chat.swift; sourceTree = "<group>"; };
		B44987AD27910709008B8BE5 /* SoketIOManager.swift */ = {isa = PBXFileReference; lastKnownFileType = sourcecode.swift; path = SoketIOManager.swift; sourceTree = "<group>"; };
		B44987B227910ACB008B8BE5 /* StartViewController.swift */ = {isa = PBXFileReference; lastKnownFileType = sourcecode.swift; path = StartViewController.swift; sourceTree = "<group>"; };
/* End PBXFileReference section */

/* Begin PBXFrameworksBuildPhase section */
		B449877B279058C2008B8BE5 /* Frameworks */ = {
			isa = PBXFrameworksBuildPhase;
			buildActionMask = 2147483647;
			files = (
				9A25E0C7CB92E318929F0923 /* Pods_ssacChatting.framework in Frameworks */,
			);
			runOnlyForDeploymentPostprocessing = 0;
		};
/* End PBXFrameworksBuildPhase section */

/* Begin PBXGroup section */
		A2036E935AC2CB6CEC078E07 /* Pods */ = {
			isa = PBXGroup;
			children = (
				58F1D1405D72D171A9826427 /* Pods-ssacChatting.debug.xcconfig */,
				45C82562157FDBC6397A4019 /* Pods-ssacChatting.release.xcconfig */,
			);
			path = Pods;
			sourceTree = "<group>";
		};
		B4498775279058C2008B8BE5 = {
			isa = PBXGroup;
			children = (
				B4498780279058C2008B8BE5 /* ssacChatting */,
				B449877F279058C2008B8BE5 /* Products */,
				A2036E935AC2CB6CEC078E07 /* Pods */,
				F16286DAA9843230E817E940 /* Frameworks */,
			);
			sourceTree = "<group>";
		};
		B449877F279058C2008B8BE5 /* Products */ = {
			isa = PBXGroup;
			children = (
				B449877E279058C2008B8BE5 /* ssacChatting.app */,
			);
			name = Products;
			sourceTree = "<group>";
		};
		B4498780279058C2008B8BE5 /* ssacChatting */ = {
			isa = PBXGroup;
			children = (
				B44987AA279100A6008B8BE5 /* Model */,
				B449879E279059D5008B8BE5 /* Controller */,
				B44987B12791071C008B8BE5 /* Extension */,
				B449879D279059C1008B8BE5 /* Resource */,
				B449878F279058C4008B8BE5 /* Info.plist */,
			);
			path = ssacChatting;
			sourceTree = "<group>";
		};
		B449879D279059C1008B8BE5 /* Resource */ = {
			isa = PBXGroup;
			children = (
				B4498781279058C2008B8BE5 /* AppDelegate.swift */,
				B4498783279058C2008B8BE5 /* SceneDelegate.swift */,
				B4498787279058C2008B8BE5 /* Main.storyboard */,
				B449878A279058C4008B8BE5 /* Assets.xcassets */,
				B449878C279058C4008B8BE5 /* LaunchScreen.storyboard */,
			);
			path = Resource;
			sourceTree = "<group>";
		};
		B449879E279059D5008B8BE5 /* Controller */ = {
			isa = PBXGroup;
			children = (
				B44987B227910ACB008B8BE5 /* StartViewController.swift */,
				B44987A82790FE70008B8BE5 /* ChatTableViewController.swift */,
			);
			path = Controller;
			sourceTree = "<group>";
		};
		B44987AA279100A6008B8BE5 /* Model */ = {
			isa = PBXGroup;
			children = (
				B44987AB279100AB008B8BE5 /* Chat.swift */,
			);
			path = Model;
			sourceTree = "<group>";
		};
		B44987B12791071C008B8BE5 /* Extension */ = {
			isa = PBXGroup;
			children = (
				B44987AD27910709008B8BE5 /* SoketIOManager.swift */,
			);
			path = Extension;
			sourceTree = "<group>";
		};
		F16286DAA9843230E817E940 /* Frameworks */ = {
			isa = PBXGroup;
			children = (
				69517E490AA129CC02DBA010 /* Pods_ssacChatting.framework */,
			);
			name = Frameworks;
			sourceTree = "<group>";
		};
/* End PBXGroup section */

/* Begin PBXNativeTarget section */
		B449877D279058C2008B8BE5 /* ssacChatting */ = {
			isa = PBXNativeTarget;
			buildConfigurationList = B4498792279058C4008B8BE5 /* Build configuration list for PBXNativeTarget "ssacChatting" */;
			buildPhases = (
				5E49A7A6646E958C53C9B259 /* [CP] Check Pods Manifest.lock */,
				B449877A279058C2008B8BE5 /* Sources */,
				B449877B279058C2008B8BE5 /* Frameworks */,
				B449877C279058C2008B8BE5 /* Resources */,
				0390199B543E0663641F034C /* [CP] Embed Pods Frameworks */,
			);
			buildRules = (
			);
			dependencies = (
			);
			name = ssacChatting;
			productName = ssacChatting;
			productReference = B449877E279058C2008B8BE5 /* ssacChatting.app */;
			productType = "com.apple.product-type.application";
		};
/* End PBXNativeTarget section */

/* Begin PBXProject section */
		B4498776279058C2008B8BE5 /* Project object */ = {
			isa = PBXProject;
			attributes = {
				BuildIndependentTargetsInParallel = 1;
				LastSwiftUpdateCheck = 1300;
				LastUpgradeCheck = 1300;
				TargetAttributes = {
					B449877D279058C2008B8BE5 = {
						CreatedOnToolsVersion = 13.0;
					};
				};
			};
			buildConfigurationList = B4498779279058C2008B8BE5 /* Build configuration list for PBXProject "ssacChatting" */;
			compatibilityVersion = "Xcode 13.0";
			developmentRegion = en;
			hasScannedForEncodings = 0;
			knownRegions = (
				en,
				Base,
			);
			mainGroup = B4498775279058C2008B8BE5;
			productRefGroup = B449877F279058C2008B8BE5 /* Products */;
			projectDirPath = "";
			projectRoot = "";
			targets = (
				B449877D279058C2008B8BE5 /* ssacChatting */,
			);
		};
/* End PBXProject section */

/* Begin PBXResourcesBuildPhase section */
		B449877C279058C2008B8BE5 /* Resources */ = {
			isa = PBXResourcesBuildPhase;
			buildActionMask = 2147483647;
			files = (
				B449878E279058C4008B8BE5 /* LaunchScreen.storyboard in Resources */,
				B449878B279058C4008B8BE5 /* Assets.xcassets in Resources */,
				B4498789279058C2008B8BE5 /* Main.storyboard in Resources */,
			);
			runOnlyForDeploymentPostprocessing = 0;
		};
/* End PBXResourcesBuildPhase section */

/* Begin PBXShellScriptBuildPhase section */
		0390199B543E0663641F034C /* [CP] Embed Pods Frameworks */ = {
			isa = PBXShellScriptBuildPhase;
			buildActionMask = 2147483647;
			files = (
			);
			inputFileListPaths = (
				"${PODS_ROOT}/Target Support Files/Pods-ssacChatting/Pods-ssacChatting-frameworks-${CONFIGURATION}-input-files.xcfilelist",
			);
			name = "[CP] Embed Pods Frameworks";
			outputFileListPaths = (
				"${PODS_ROOT}/Target Support Files/Pods-ssacChatting/Pods-ssacChatting-frameworks-${CONFIGURATION}-output-files.xcfilelist",
			);
			runOnlyForDeploymentPostprocessing = 0;
			shellPath = /bin/sh;
			shellScript = "\"${PODS_ROOT}/Target Support Files/Pods-ssacChatting/Pods-ssacChatting-frameworks.sh\"\n";
			showEnvVarsInLog = 0;
		};
		5E49A7A6646E958C53C9B259 /* [CP] Check Pods Manifest.lock */ = {
			isa = PBXShellScriptBuildPhase;
			buildActionMask = 2147483647;
			files = (
			);
			inputFileListPaths = (
			);
			inputPaths = (
				"${PODS_PODFILE_DIR_PATH}/Podfile.lock",
				"${PODS_ROOT}/Manifest.lock",
			);
			name = "[CP] Check Pods Manifest.lock";
			outputFileListPaths = (
			);
			outputPaths = (
				"$(DERIVED_FILE_DIR)/Pods-ssacChatting-checkManifestLockResult.txt",
			);
			runOnlyForDeploymentPostprocessing = 0;
			shellPath = /bin/sh;
			shellScript = "diff \"${PODS_PODFILE_DIR_PATH}/Podfile.lock\" \"${PODS_ROOT}/Manifest.lock\" > /dev/null\nif [ $? != 0 ] ; then\n    # print error to STDERR\n    echo \"error: The sandbox is not in sync with the Podfile.lock. Run 'pod install' or update your CocoaPods installation.\" >&2\n    exit 1\nfi\n# This output is used by Xcode 'outputs' to avoid re-running this script phase.\necho \"SUCCESS\" > \"${SCRIPT_OUTPUT_FILE_0}\"\n";
			showEnvVarsInLog = 0;
		};
/* End PBXShellScriptBuildPhase section */

/* Begin PBXSourcesBuildPhase section */
		B449877A279058C2008B8BE5 /* Sources */ = {
			isa = PBXSourcesBuildPhase;
			buildActionMask = 2147483647;
			files = (
				B44987B327910ACB008B8BE5 /* StartViewController.swift in Sources */,
				B44987AE27910709008B8BE5 /* SoketIOManager.swift in Sources */,
				B4498782279058C2008B8BE5 /* AppDelegate.swift in Sources */,
				B44987AC279100AB008B8BE5 /* Chat.swift in Sources */,
				B4498784279058C2008B8BE5 /* SceneDelegate.swift in Sources */,
				B44987A92790FE70008B8BE5 /* ChatTableViewController.swift in Sources */,
			);
			runOnlyForDeploymentPostprocessing = 0;
		};
/* End PBXSourcesBuildPhase section */

/* Begin PBXVariantGroup section */
		B4498787279058C2008B8BE5 /* Main.storyboard */ = {
			isa = PBXVariantGroup;
			children = (
				B4498788279058C2008B8BE5 /* Base */,
			);
			name = Main.storyboard;
			sourceTree = "<group>";
		};
		B449878C279058C4008B8BE5 /* LaunchScreen.storyboard */ = {
			isa = PBXVariantGroup;
			children = (
				B449878D279058C4008B8BE5 /* Base */,
			);
			name = LaunchScreen.storyboard;
			sourceTree = "<group>";
		};
/* End PBXVariantGroup section */

/* Begin XCBuildConfiguration section */
		B4498790279058C4008B8BE5 /* Debug */ = {
			isa = XCBuildConfiguration;
			buildSettings = {
				ALWAYS_SEARCH_USER_PATHS = NO;
				CLANG_ANALYZER_NONNULL = YES;
				CLANG_ANALYZER_NUMBER_OBJECT_CONVERSION = YES_AGGRESSIVE;
				CLANG_CXX_LANGUAGE_STANDARD = "gnu++17";
				CLANG_CXX_LIBRARY = "libc++";
				CLANG_ENABLE_MODULES = YES;
				CLANG_ENABLE_OBJC_ARC = YES;
				CLANG_ENABLE_OBJC_WEAK = YES;
				CLANG_WARN_BLOCK_CAPTURE_AUTORELEASING = YES;
				CLANG_WARN_BOOL_CONVERSION = YES;
				CLANG_WARN_COMMA = YES;
				CLANG_WARN_CONSTANT_CONVERSION = YES;
				CLANG_WARN_DEPRECATED_OBJC_IMPLEMENTATIONS = YES;
				CLANG_WARN_DIRECT_OBJC_ISA_USAGE = YES_ERROR;
				CLANG_WARN_DOCUMENTATION_COMMENTS = YES;
				CLANG_WARN_EMPTY_BODY = YES;
				CLANG_WARN_ENUM_CONVERSION = YES;
				CLANG_WARN_INFINITE_RECURSION = YES;
				CLANG_WARN_INT_CONVERSION = YES;
				CLANG_WARN_NON_LITERAL_NULL_CONVERSION = YES;
				CLANG_WARN_OBJC_IMPLICIT_RETAIN_SELF = YES;
				CLANG_WARN_OBJC_LITERAL_CONVERSION = YES;
				CLANG_WARN_OBJC_ROOT_CLASS = YES_ERROR;
				CLANG_WARN_QUOTED_INCLUDE_IN_FRAMEWORK_HEADER = YES;
				CLANG_WARN_RANGE_LOOP_ANALYSIS = YES;
				CLANG_WARN_STRICT_PROTOTYPES = YES;
				CLANG_WARN_SUSPICIOUS_MOVE = YES;
				CLANG_WARN_UNGUARDED_AVAILABILITY = YES_AGGRESSIVE;
				CLANG_WARN_UNREACHABLE_CODE = YES;
				CLANG_WARN__DUPLICATE_METHOD_MATCH = YES;
				COPY_PHASE_STRIP = NO;
				DEBUG_INFORMATION_FORMAT = dwarf;
				ENABLE_STRICT_OBJC_MSGSEND = YES;
				ENABLE_TESTABILITY = YES;
				GCC_C_LANGUAGE_STANDARD = gnu11;
				GCC_DYNAMIC_NO_PIC = NO;
				GCC_NO_COMMON_BLOCKS = YES;
				GCC_OPTIMIZATION_LEVEL = 0;
				GCC_PREPROCESSOR_DEFINITIONS = (
					"DEBUG=1",
					"$(inherited)",
				);
				GCC_WARN_64_TO_32_BIT_CONVERSION = YES;
				GCC_WARN_ABOUT_RETURN_TYPE = YES_ERROR;
				GCC_WARN_UNDECLARED_SELECTOR = YES;
				GCC_WARN_UNINITIALIZED_AUTOS = YES_AGGRESSIVE;
				GCC_WARN_UNUSED_FUNCTION = YES;
				GCC_WARN_UNUSED_VARIABLE = YES;
				IPHONEOS_DEPLOYMENT_TARGET = 15.0;
				MTL_ENABLE_DEBUG_INFO = INCLUDE_SOURCE;
				MTL_FAST_MATH = YES;
				ONLY_ACTIVE_ARCH = YES;
				SDKROOT = iphoneos;
				SWIFT_ACTIVE_COMPILATION_CONDITIONS = DEBUG;
				SWIFT_OPTIMIZATION_LEVEL = "-Onone";
			};
			name = Debug;
		};
		B4498791279058C4008B8BE5 /* Release */ = {
			isa = XCBuildConfiguration;
			buildSettings = {
				ALWAYS_SEARCH_USER_PATHS = NO;
				CLANG_ANALYZER_NONNULL = YES;
				CLANG_ANALYZER_NUMBER_OBJECT_CONVERSION = YES_AGGRESSIVE;
				CLANG_CXX_LANGUAGE_STANDARD = "gnu++17";
				CLANG_CXX_LIBRARY = "libc++";
				CLANG_ENABLE_MODULES = YES;
				CLANG_ENABLE_OBJC_ARC = YES;
				CLANG_ENABLE_OBJC_WEAK = YES;
				CLANG_WARN_BLOCK_CAPTURE_AUTORELEASING = YES;
				CLANG_WARN_BOOL_CONVERSION = YES;
				CLANG_WARN_COMMA = YES;
				CLANG_WARN_CONSTANT_CONVERSION = YES;
				CLANG_WARN_DEPRECATED_OBJC_IMPLEMENTATIONS = YES;
				CLANG_WARN_DIRECT_OBJC_ISA_USAGE = YES_ERROR;
				CLANG_WARN_DOCUMENTATION_COMMENTS = YES;
				CLANG_WARN_EMPTY_BODY = YES;
				CLANG_WARN_ENUM_CONVERSION = YES;
				CLANG_WARN_INFINITE_RECURSION = YES;
				CLANG_WARN_INT_CONVERSION = YES;
				CLANG_WARN_NON_LITERAL_NULL_CONVERSION = YES;
				CLANG_WARN_OBJC_IMPLICIT_RETAIN_SELF = YES;
				CLANG_WARN_OBJC_LITERAL_CONVERSION = YES;
				CLANG_WARN_OBJC_ROOT_CLASS = YES_ERROR;
				CLANG_WARN_QUOTED_INCLUDE_IN_FRAMEWORK_HEADER = YES;
				CLANG_WARN_RANGE_LOOP_ANALYSIS = YES;
				CLANG_WARN_STRICT_PROTOTYPES = YES;
				CLANG_WARN_SUSPICIOUS_MOVE = YES;
				CLANG_WARN_UNGUARDED_AVAILABILITY = YES_AGGRESSIVE;
				CLANG_WARN_UNREACHABLE_CODE = YES;
				CLANG_WARN__DUPLICATE_METHOD_MATCH = YES;
				COPY_PHASE_STRIP = NO;
				DEBUG_INFORMATION_FORMAT = "dwarf-with-dsym";
				ENABLE_NS_ASSERTIONS = NO;
				ENABLE_STRICT_OBJC_MSGSEND = YES;
				GCC_C_LANGUAGE_STANDARD = gnu11;
				GCC_NO_COMMON_BLOCKS = YES;
				GCC_WARN_64_TO_32_BIT_CONVERSION = YES;
				GCC_WARN_ABOUT_RETURN_TYPE = YES_ERROR;
				GCC_WARN_UNDECLARED_SELECTOR = YES;
				GCC_WARN_UNINITIALIZED_AUTOS = YES_AGGRESSIVE;
				GCC_WARN_UNUSED_FUNCTION = YES;
				GCC_WARN_UNUSED_VARIABLE = YES;
				IPHONEOS_DEPLOYMENT_TARGET = 15.0;
				MTL_ENABLE_DEBUG_INFO = NO;
				MTL_FAST_MATH = YES;
				SDKROOT = iphoneos;
				SWIFT_COMPILATION_MODE = wholemodule;
				SWIFT_OPTIMIZATION_LEVEL = "-O";
				VALIDATE_PRODUCT = YES;
			};
			name = Release;
		};
		B4498793279058C4008B8BE5 /* Debug */ = {
			isa = XCBuildConfiguration;
			baseConfigurationReference = 58F1D1405D72D171A9826427 /* Pods-ssacChatting.debug.xcconfig */;
			buildSettings = {
				ASSETCATALOG_COMPILER_APPICON_NAME = AppIcon;
				ASSETCATALOG_COMPILER_GLOBAL_ACCENT_COLOR_NAME = AccentColor;
				CODE_SIGN_STYLE = Automatic;
				CURRENT_PROJECT_VERSION = 1;
				DEVELOPMENT_TEAM = 7MS89TXQ5T;
				GENERATE_INFOPLIST_FILE = YES;
				INFOPLIST_FILE = ssacChatting/Info.plist;
				INFOPLIST_KEY_UIApplicationSupportsIndirectInputEvents = YES;
				INFOPLIST_KEY_UILaunchStoryboardName = LaunchScreen;
				INFOPLIST_KEY_UIMainStoryboardFile = Main;
				INFOPLIST_KEY_UISupportedInterfaceOrientations_iPad = "UIInterfaceOrientationPortrait UIInterfaceOrientationPortraitUpsideDown UIInterfaceOrientationLandscapeLeft UIInterfaceOrientationLandscapeRight";
				INFOPLIST_KEY_UISupportedInterfaceOrientations_iPhone = "UIInterfaceOrientationPortrait UIInterfaceOrientationLandscapeLeft UIInterfaceOrientationLandscapeRight";
				LD_RUNPATH_SEARCH_PATHS = (
					"$(inherited)",
					"@executable_path/Frameworks",
				);
				MARKETING_VERSION = 1.0;
				PRODUCT_BUNDLE_IDENTIFIER = camosss.ssacChatting;
				PRODUCT_NAME = "$(TARGET_NAME)";
				SWIFT_EMIT_LOC_STRINGS = YES;
				SWIFT_VERSION = 5.0;
				TARGETED_DEVICE_FAMILY = "1,2";
			};
			name = Debug;
		};
		B4498794279058C4008B8BE5 /* Release */ = {
			isa = XCBuildConfiguration;
			baseConfigurationReference = 45C82562157FDBC6397A4019 /* Pods-ssacChatting.release.xcconfig */;
			buildSettings = {
				ASSETCATALOG_COMPILER_APPICON_NAME = AppIcon;
				ASSETCATALOG_COMPILER_GLOBAL_ACCENT_COLOR_NAME = AccentColor;
				CODE_SIGN_STYLE = Automatic;
				CURRENT_PROJECT_VERSION = 1;
				DEVELOPMENT_TEAM = 7MS89TXQ5T;
				GENERATE_INFOPLIST_FILE = YES;
				INFOPLIST_FILE = ssacChatting/Info.plist;
				INFOPLIST_KEY_UIApplicationSupportsIndirectInputEvents = YES;
				INFOPLIST_KEY_UILaunchStoryboardName = LaunchScreen;
				INFOPLIST_KEY_UIMainStoryboardFile = Main;
				INFOPLIST_KEY_UISupportedInterfaceOrientations_iPad = "UIInterfaceOrientationPortrait UIInterfaceOrientationPortraitUpsideDown UIInterfaceOrientationLandscapeLeft UIInterfaceOrientationLandscapeRight";
				INFOPLIST_KEY_UISupportedInterfaceOrientations_iPhone = "UIInterfaceOrientationPortrait UIInterfaceOrientationLandscapeLeft UIInterfaceOrientationLandscapeRight";
				LD_RUNPATH_SEARCH_PATHS = (
					"$(inherited)",
					"@executable_path/Frameworks",
				);
				MARKETING_VERSION = 1.0;
				PRODUCT_BUNDLE_IDENTIFIER = camosss.ssacChatting;
				PRODUCT_NAME = "$(TARGET_NAME)";
				SWIFT_EMIT_LOC_STRINGS = YES;
				SWIFT_VERSION = 5.0;
				TARGETED_DEVICE_FAMILY = "1,2";
			};
			name = Release;
		};
/* End XCBuildConfiguration section */

/* Begin XCConfigurationList section */
		B4498779279058C2008B8BE5 /* Build configuration list for PBXProject "ssacChatting" */ = {
			isa = XCConfigurationList;
			buildConfigurations = (
				B4498790279058C4008B8BE5 /* Debug */,
				B4498791279058C4008B8BE5 /* Release */,
			);
			defaultConfigurationIsVisible = 0;
			defaultConfigurationName = Release;
		};
		B4498792279058C4008B8BE5 /* Build configuration list for PBXNativeTarget "ssacChatting" */ = {
			isa = XCConfigurationList;
			buildConfigurations = (
				B4498793279058C4008B8BE5 /* Debug */,
				B4498794279058C4008B8BE5 /* Release */,
			);
			defaultConfigurationIsVisible = 0;
			defaultConfigurationName = Release;
		};
/* End XCConfigurationList section */
	};
	rootObject = B4498776279058C2008B8BE5 /* Project object */;
}
