// !$*UTF8*$!
{
	archiveVersion = 1;
	classes = {
	};
	objectVersion = 55;
	objects = {

/* Begin PBXBuildFile section */
		B4534822277DE6DC00DAEE03 /* AppDelegate.swift in Sources */ = {isa = PBXBuildFile; fileRef = B4534821277DE6DC00DAEE03 /* AppDelegate.swift */; };
		B4534824277DE6DC00DAEE03 /* SceneDelegate.swift in Sources */ = {isa = PBXBuildFile; fileRef = B4534823277DE6DC00DAEE03 /* SceneDelegate.swift */; };
		B453482B277DE6DE00DAEE03 /* Assets.xcassets in Resources */ = {isa = PBXBuildFile; fileRef = B453482A277DE6DE00DAEE03 /* Assets.xcassets */; };
		B453482E277DE6DE00DAEE03 /* LaunchScreen.storyboard in Resources */ = {isa = PBXBuildFile; fileRef = B453482C277DE6DE00DAEE03 /* LaunchScreen.storyboard */; };
		B453483C277DE75D00DAEE03 /* StartViewController.swift in Sources */ = {isa = PBXBuildFile; fileRef = B453483B277DE75D00DAEE03 /* StartViewController.swift */; };
		B4FEC34D277DE86B0056CFBB /* SnapKit in Frameworks */ = {isa = PBXBuildFile; productRef = B4FEC34C277DE86B0056CFBB /* SnapKit */; };
		B4FEC34F277DE8A70056CFBB /* StartPageView.swift in Sources */ = {isa = PBXBuildFile; fileRef = B4FEC34E277DE8A70056CFBB /* StartPageView.swift */; };
		B4FEC351277DED8A0056CFBB /* Utility+Extension.swift in Sources */ = {isa = PBXBuildFile; fileRef = B4FEC350277DED8A0056CFBB /* Utility+Extension.swift */; };
		B4FEC353277DF0380056CFBB /* SignInViewController.swift in Sources */ = {isa = PBXBuildFile; fileRef = B4FEC352277DF0380056CFBB /* SignInViewController.swift */; };
		B4FEC355277DF0400056CFBB /* RegisterViewController.swift in Sources */ = {isa = PBXBuildFile; fileRef = B4FEC354277DF0400056CFBB /* RegisterViewController.swift */; };
		B4FEC357277DF1C50056CFBB /* SignView.swift in Sources */ = {isa = PBXBuildFile; fileRef = B4FEC356277DF1C50056CFBB /* SignView.swift */; };
		B4FEC35C277DF8E20056CFBB /* IQKeyboardManagerSwift in Frameworks */ = {isa = PBXBuildFile; productRef = B4FEC35B277DF8E20056CFBB /* IQKeyboardManagerSwift */; };
		B4FEC35E277E00070056CFBB /* FeedViewController.swift in Sources */ = {isa = PBXBuildFile; fileRef = B4FEC35D277E00070056CFBB /* FeedViewController.swift */; };
		B4FEC363277E02E80056CFBB /* ReusableView+Extension.swift in Sources */ = {isa = PBXBuildFile; fileRef = B4FEC362277E02E80056CFBB /* ReusableView+Extension.swift */; };
		B4FEC365277E0AD20056CFBB /* LeftTitle+Extension.swift in Sources */ = {isa = PBXBuildFile; fileRef = B4FEC364277E0AD20056CFBB /* LeftTitle+Extension.swift */; };
		B4FEC36B277E212A0056CFBB /* FeedCollectionViewCell.swift in Sources */ = {isa = PBXBuildFile; fileRef = B4FEC36A277E212A0056CFBB /* FeedCollectionViewCell.swift */; };
		B4FEC36D277E23D90056CFBB /* FeedViewModel.swift in Sources */ = {isa = PBXBuildFile; fileRef = B4FEC36C277E23D90056CFBB /* FeedViewModel.swift */; };
		B4FEC371277EAFA20056CFBB /* FeedDetailViewController.swift in Sources */ = {isa = PBXBuildFile; fileRef = B4FEC370277EAFA20056CFBB /* FeedDetailViewController.swift */; };
		B4FEC373277EB0A10056CFBB /* UploadPostViewController.swift in Sources */ = {isa = PBXBuildFile; fileRef = B4FEC372277EB0A10056CFBB /* UploadPostViewController.swift */; };
		B4FEC375277EB26B0056CFBB /* InputTextView.swift in Sources */ = {isa = PBXBuildFile; fileRef = B4FEC374277EB26B0056CFBB /* InputTextView.swift */; };
		B4FEC377277EB5C20056CFBB /* FeedDetailCollectionViewCell.swift in Sources */ = {isa = PBXBuildFile; fileRef = B4FEC376277EB5C20056CFBB /* FeedDetailCollectionViewCell.swift */; };
		B4FEC379277EB5C90056CFBB /* FeedDetailHeaderView.swift in Sources */ = {isa = PBXBuildFile; fileRef = B4FEC378277EB5C90056CFBB /* FeedDetailHeaderView.swift */; };
		B4FEC3AB2782DE050056CFBB /* CommentInputAccesoryView.swift in Sources */ = {isa = PBXBuildFile; fileRef = B4FEC3AA2782DE050056CFBB /* CommentInputAccesoryView.swift */; };
/* End PBXBuildFile section */

/* Begin PBXFileReference section */
		B453481E277DE6DC00DAEE03 /* ssacFarm.app */ = {isa = PBXFileReference; explicitFileType = wrapper.application; includeInIndex = 0; path = ssacFarm.app; sourceTree = BUILT_PRODUCTS_DIR; };
		B4534821277DE6DC00DAEE03 /* AppDelegate.swift */ = {isa = PBXFileReference; lastKnownFileType = sourcecode.swift; path = AppDelegate.swift; sourceTree = "<group>"; };
		B4534823277DE6DC00DAEE03 /* SceneDelegate.swift */ = {isa = PBXFileReference; lastKnownFileType = sourcecode.swift; path = SceneDelegate.swift; sourceTree = "<group>"; };
		B453482A277DE6DE00DAEE03 /* Assets.xcassets */ = {isa = PBXFileReference; lastKnownFileType = folder.assetcatalog; path = Assets.xcassets; sourceTree = "<group>"; };
		B453482D277DE6DE00DAEE03 /* Base */ = {isa = PBXFileReference; lastKnownFileType = file.storyboard; name = Base; path = Base.lproj/LaunchScreen.storyboard; sourceTree = "<group>"; };
		B453482F277DE6DE00DAEE03 /* Info.plist */ = {isa = PBXFileReference; lastKnownFileType = text.plist.xml; path = Info.plist; sourceTree = "<group>"; };
		B453483B277DE75D00DAEE03 /* StartViewController.swift */ = {isa = PBXFileReference; lastKnownFileType = sourcecode.swift; path = StartViewController.swift; sourceTree = "<group>"; };
		B4FEC34E277DE8A70056CFBB /* StartPageView.swift */ = {isa = PBXFileReference; lastKnownFileType = sourcecode.swift; path = StartPageView.swift; sourceTree = "<group>"; };
		B4FEC350277DED8A0056CFBB /* Utility+Extension.swift */ = {isa = PBXFileReference; lastKnownFileType = sourcecode.swift; path = "Utility+Extension.swift"; sourceTree = "<group>"; };
		B4FEC352277DF0380056CFBB /* SignInViewController.swift */ = {isa = PBXFileReference; lastKnownFileType = sourcecode.swift; path = SignInViewController.swift; sourceTree = "<group>"; };
		B4FEC354277DF0400056CFBB /* RegisterViewController.swift */ = {isa = PBXFileReference; lastKnownFileType = sourcecode.swift; path = RegisterViewController.swift; sourceTree = "<group>"; };
		B4FEC356277DF1C50056CFBB /* SignView.swift */ = {isa = PBXFileReference; lastKnownFileType = sourcecode.swift; path = SignView.swift; sourceTree = "<group>"; };
		B4FEC35D277E00070056CFBB /* FeedViewController.swift */ = {isa = PBXFileReference; lastKnownFileType = sourcecode.swift; path = FeedViewController.swift; sourceTree = "<group>"; };
		B4FEC362277E02E80056CFBB /* ReusableView+Extension.swift */ = {isa = PBXFileReference; lastKnownFileType = sourcecode.swift; path = "ReusableView+Extension.swift"; sourceTree = "<group>"; };
		B4FEC364277E0AD20056CFBB /* LeftTitle+Extension.swift */ = {isa = PBXFileReference; lastKnownFileType = sourcecode.swift; path = "LeftTitle+Extension.swift"; sourceTree = "<group>"; };
		B4FEC36A277E212A0056CFBB /* FeedCollectionViewCell.swift */ = {isa = PBXFileReference; lastKnownFileType = sourcecode.swift; path = FeedCollectionViewCell.swift; sourceTree = "<group>"; };
		B4FEC36C277E23D90056CFBB /* FeedViewModel.swift */ = {isa = PBXFileReference; lastKnownFileType = sourcecode.swift; path = FeedViewModel.swift; sourceTree = "<group>"; };
		B4FEC370277EAFA20056CFBB /* FeedDetailViewController.swift */ = {isa = PBXFileReference; lastKnownFileType = sourcecode.swift; path = FeedDetailViewController.swift; sourceTree = "<group>"; };
		B4FEC372277EB0A10056CFBB /* UploadPostViewController.swift */ = {isa = PBXFileReference; lastKnownFileType = sourcecode.swift; path = UploadPostViewController.swift; sourceTree = "<group>"; };
		B4FEC374277EB26B0056CFBB /* InputTextView.swift */ = {isa = PBXFileReference; lastKnownFileType = sourcecode.swift; path = InputTextView.swift; sourceTree = "<group>"; };
		B4FEC376277EB5C20056CFBB /* FeedDetailCollectionViewCell.swift */ = {isa = PBXFileReference; lastKnownFileType = sourcecode.swift; path = FeedDetailCollectionViewCell.swift; sourceTree = "<group>"; };
		B4FEC378277EB5C90056CFBB /* FeedDetailHeaderView.swift */ = {isa = PBXFileReference; lastKnownFileType = sourcecode.swift; path = FeedDetailHeaderView.swift; sourceTree = "<group>"; };
		B4FEC3AA2782DE050056CFBB /* CommentInputAccesoryView.swift */ = {isa = PBXFileReference; lastKnownFileType = sourcecode.swift; path = CommentInputAccesoryView.swift; sourceTree = "<group>"; };
/* End PBXFileReference section */

/* Begin PBXFrameworksBuildPhase section */
		B453481B277DE6DC00DAEE03 /* Frameworks */ = {
			isa = PBXFrameworksBuildPhase;
			buildActionMask = 2147483647;
			files = (
				B4FEC34D277DE86B0056CFBB /* SnapKit in Frameworks */,
				B4FEC35C277DF8E20056CFBB /* IQKeyboardManagerSwift in Frameworks */,
			);
			runOnlyForDeploymentPostprocessing = 0;
		};
/* End PBXFrameworksBuildPhase section */

/* Begin PBXGroup section */
		B4534815277DE6DC00DAEE03 = {
			isa = PBXGroup;
			children = (
				B4534820277DE6DC00DAEE03 /* ssacFarm */,
				B453481F277DE6DC00DAEE03 /* Products */,
			);
			sourceTree = "<group>";
		};
		B453481F277DE6DC00DAEE03 /* Products */ = {
			isa = PBXGroup;
			children = (
				B453481E277DE6DC00DAEE03 /* ssacFarm.app */,
			);
			name = Products;
			sourceTree = "<group>";
		};
		B4534820277DE6DC00DAEE03 /* ssacFarm */ = {
			isa = PBXGroup;
			children = (
				B453483A277DE70500DAEE03 /* Model */,
				B4534838277DE6FD00DAEE03 /* View */,
				B4534839277DE70100DAEE03 /* ViewModel */,
				B4534837277DE6F800DAEE03 /* Controller */,
				B4534836277DE6F100DAEE03 /* Extension */,
				B4534835277DE6EA00DAEE03 /* Resource */,
				B453482F277DE6DE00DAEE03 /* Info.plist */,
			);
			path = ssacFarm;
			sourceTree = "<group>";
		};
		B4534835277DE6EA00DAEE03 /* Resource */ = {
			isa = PBXGroup;
			children = (
				B4534821277DE6DC00DAEE03 /* AppDelegate.swift */,
				B4534823277DE6DC00DAEE03 /* SceneDelegate.swift */,
				B453482A277DE6DE00DAEE03 /* Assets.xcassets */,
				B453482C277DE6DE00DAEE03 /* LaunchScreen.storyboard */,
			);
			path = Resource;
			sourceTree = "<group>";
		};
		B4534836277DE6F100DAEE03 /* Extension */ = {
			isa = PBXGroup;
			children = (
				B4FEC350277DED8A0056CFBB /* Utility+Extension.swift */,
				B4FEC362277E02E80056CFBB /* ReusableView+Extension.swift */,
				B4FEC364277E0AD20056CFBB /* LeftTitle+Extension.swift */,
			);
			path = Extension;
			sourceTree = "<group>";
		};
		B4534837277DE6F800DAEE03 /* Controller */ = {
			isa = PBXGroup;
			children = (
				B4FEC366277E19F30056CFBB /* Auth */,
				B4FEC367277E19FA0056CFBB /* Post */,
			);
			path = Controller;
			sourceTree = "<group>";
		};
		B4534838277DE6FD00DAEE03 /* View */ = {
			isa = PBXGroup;
			children = (
				B4FEC34E277DE8A70056CFBB /* StartPageView.swift */,
				B4FEC356277DF1C50056CFBB /* SignView.swift */,
				B4FEC374277EB26B0056CFBB /* InputTextView.swift */,
				B4FEC3AA2782DE050056CFBB /* CommentInputAccesoryView.swift */,
				B4FEC3A5278294B30056CFBB /* Post */,
			);
			path = View;
			sourceTree = "<group>";
		};
		B4534839277DE70100DAEE03 /* ViewModel */ = {
			isa = PBXGroup;
			children = (
				B4FEC36C277E23D90056CFBB /* FeedViewModel.swift */,
			);
			path = ViewModel;
			sourceTree = "<group>";
		};
		B453483A277DE70500DAEE03 /* Model */ = {
			isa = PBXGroup;
			children = (
			);
			path = Model;
			sourceTree = "<group>";
		};
		B4FEC366277E19F30056CFBB /* Auth */ = {
			isa = PBXGroup;
			children = (
				B453483B277DE75D00DAEE03 /* StartViewController.swift */,
				B4FEC352277DF0380056CFBB /* SignInViewController.swift */,
				B4FEC354277DF0400056CFBB /* RegisterViewController.swift */,
			);
			path = Auth;
			sourceTree = "<group>";
		};
		B4FEC367277E19FA0056CFBB /* Post */ = {
			isa = PBXGroup;
			children = (
				B4FEC35D277E00070056CFBB /* FeedViewController.swift */,
				B4FEC370277EAFA20056CFBB /* FeedDetailViewController.swift */,
				B4FEC372277EB0A10056CFBB /* UploadPostViewController.swift */,
			);
			path = Post;
			sourceTree = "<group>";
		};
		B4FEC3A5278294B30056CFBB /* Post */ = {
			isa = PBXGroup;
			children = (
				B4FEC36A277E212A0056CFBB /* FeedCollectionViewCell.swift */,
				B4FEC376277EB5C20056CFBB /* FeedDetailCollectionViewCell.swift */,
				B4FEC378277EB5C90056CFBB /* FeedDetailHeaderView.swift */,
			);
			path = Post;
			sourceTree = "<group>";
		};
/* End PBXGroup section */

/* Begin PBXNativeTarget section */
		B453481D277DE6DC00DAEE03 /* ssacFarm */ = {
			isa = PBXNativeTarget;
			buildConfigurationList = B4534832277DE6DE00DAEE03 /* Build configuration list for PBXNativeTarget "ssacFarm" */;
			buildPhases = (
				B453481A277DE6DC00DAEE03 /* Sources */,
				B453481B277DE6DC00DAEE03 /* Frameworks */,
				B453481C277DE6DC00DAEE03 /* Resources */,
			);
			buildRules = (
			);
			dependencies = (
			);
			name = ssacFarm;
			packageProductDependencies = (
				B4FEC34C277DE86B0056CFBB /* SnapKit */,
				B4FEC35B277DF8E20056CFBB /* IQKeyboardManagerSwift */,
			);
			productName = ssacFarm;
			productReference = B453481E277DE6DC00DAEE03 /* ssacFarm.app */;
			productType = "com.apple.product-type.application";
		};
/* End PBXNativeTarget section */

/* Begin PBXProject section */
		B4534816277DE6DC00DAEE03 /* Project object */ = {
			isa = PBXProject;
			attributes = {
				BuildIndependentTargetsInParallel = 1;
				LastSwiftUpdateCheck = 1300;
				LastUpgradeCheck = 1300;
				TargetAttributes = {
					B453481D277DE6DC00DAEE03 = {
						CreatedOnToolsVersion = 13.0;
					};
				};
			};
			buildConfigurationList = B4534819277DE6DC00DAEE03 /* Build configuration list for PBXProject "ssacFarm" */;
			compatibilityVersion = "Xcode 13.0";
			developmentRegion = en;
			hasScannedForEncodings = 0;
			knownRegions = (
				en,
				Base,
			);
			mainGroup = B4534815277DE6DC00DAEE03;
			packageReferences = (
				B4FEC34B277DE86B0056CFBB /* XCRemoteSwiftPackageReference "SnapKit" */,
				B4FEC35A277DF8E20056CFBB /* XCRemoteSwiftPackageReference "IQKeyboardManager" */,
			);
			productRefGroup = B453481F277DE6DC00DAEE03 /* Products */;
			projectDirPath = "";
			projectRoot = "";
			targets = (
				B453481D277DE6DC00DAEE03 /* ssacFarm */,
			);
		};
/* End PBXProject section */

/* Begin PBXResourcesBuildPhase section */
		B453481C277DE6DC00DAEE03 /* Resources */ = {
			isa = PBXResourcesBuildPhase;
			buildActionMask = 2147483647;
			files = (
				B453482E277DE6DE00DAEE03 /* LaunchScreen.storyboard in Resources */,
				B453482B277DE6DE00DAEE03 /* Assets.xcassets in Resources */,
			);
			runOnlyForDeploymentPostprocessing = 0;
		};
/* End PBXResourcesBuildPhase section */

/* Begin PBXSourcesBuildPhase section */
		B453481A277DE6DC00DAEE03 /* Sources */ = {
			isa = PBXSourcesBuildPhase;
			buildActionMask = 2147483647;
			files = (
				B4FEC375277EB26B0056CFBB /* InputTextView.swift in Sources */,
				B4FEC373277EB0A10056CFBB /* UploadPostViewController.swift in Sources */,
				B4FEC34F277DE8A70056CFBB /* StartPageView.swift in Sources */,
				B4FEC365277E0AD20056CFBB /* LeftTitle+Extension.swift in Sources */,
				B4FEC35E277E00070056CFBB /* FeedViewController.swift in Sources */,
				B4534822277DE6DC00DAEE03 /* AppDelegate.swift in Sources */,
				B4FEC363277E02E80056CFBB /* ReusableView+Extension.swift in Sources */,
				B4FEC371277EAFA20056CFBB /* FeedDetailViewController.swift in Sources */,
				B4FEC377277EB5C20056CFBB /* FeedDetailCollectionViewCell.swift in Sources */,
				B4FEC355277DF0400056CFBB /* RegisterViewController.swift in Sources */,
				B4FEC379277EB5C90056CFBB /* FeedDetailHeaderView.swift in Sources */,
				B4FEC353277DF0380056CFBB /* SignInViewController.swift in Sources */,
				B4534824277DE6DC00DAEE03 /* SceneDelegate.swift in Sources */,
				B453483C277DE75D00DAEE03 /* StartViewController.swift in Sources */,
				B4FEC357277DF1C50056CFBB /* SignView.swift in Sources */,
				B4FEC3AB2782DE050056CFBB /* CommentInputAccesoryView.swift in Sources */,
				B4FEC36B277E212A0056CFBB /* FeedCollectionViewCell.swift in Sources */,
				B4FEC351277DED8A0056CFBB /* Utility+Extension.swift in Sources */,
				B4FEC36D277E23D90056CFBB /* FeedViewModel.swift in Sources */,
			);
			runOnlyForDeploymentPostprocessing = 0;
		};
/* End PBXSourcesBuildPhase section */

/* Begin PBXVariantGroup section */
		B453482C277DE6DE00DAEE03 /* LaunchScreen.storyboard */ = {
			isa = PBXVariantGroup;
			children = (
				B453482D277DE6DE00DAEE03 /* Base */,
			);
			name = LaunchScreen.storyboard;
			sourceTree = "<group>";
		};
/* End PBXVariantGroup section */

/* Begin XCBuildConfiguration section */
		B4534830277DE6DE00DAEE03 /* Debug */ = {
			isa = XCBuildConfiguration;
			buildSettings = {
				ALWAYS_SEARCH_USER_PATHS = NO;
				CLANG_ANALYZER_NONNULL = YES;
				CLANG_ANALYZER_NUMBER_OBJECT_CONVERSION = YES_AGGRESSIVE;
				CLANG_CXX_LANGUAGE_STANDARD = "gnu++17";
				CLANG_CXX_LIBRARY = "libc++";
				CLANG_ENABLE_MODULES = YES;
				CLANG_ENABLE_OBJC_ARC = YES;
				CLANG_ENABLE_OBJC_WEAK = YES;
				CLANG_WARN_BLOCK_CAPTURE_AUTORELEASING = YES;
				CLANG_WARN_BOOL_CONVERSION = YES;
				CLANG_WARN_COMMA = YES;
				CLANG_WARN_CONSTANT_CONVERSION = YES;
				CLANG_WARN_DEPRECATED_OBJC_IMPLEMENTATIONS = YES;
				CLANG_WARN_DIRECT_OBJC_ISA_USAGE = YES_ERROR;
				CLANG_WARN_DOCUMENTATION_COMMENTS = YES;
				CLANG_WARN_EMPTY_BODY = YES;
				CLANG_WARN_ENUM_CONVERSION = YES;
				CLANG_WARN_INFINITE_RECURSION = YES;
				CLANG_WARN_INT_CONVERSION = YES;
				CLANG_WARN_NON_LITERAL_NULL_CONVERSION = YES;
				CLANG_WARN_OBJC_IMPLICIT_RETAIN_SELF = YES;
				CLANG_WARN_OBJC_LITERAL_CONVERSION = YES;
				CLANG_WARN_OBJC_ROOT_CLASS = YES_ERROR;
				CLANG_WARN_QUOTED_INCLUDE_IN_FRAMEWORK_HEADER = YES;
				CLANG_WARN_RANGE_LOOP_ANALYSIS = YES;
				CLANG_WARN_STRICT_PROTOTYPES = YES;
				CLANG_WARN_SUSPICIOUS_MOVE = YES;
				CLANG_WARN_UNGUARDED_AVAILABILITY = YES_AGGRESSIVE;
				CLANG_WARN_UNREACHABLE_CODE = YES;
				CLANG_WARN__DUPLICATE_METHOD_MATCH = YES;
				COPY_PHASE_STRIP = NO;
				DEBUG_INFORMATION_FORMAT = dwarf;
				ENABLE_STRICT_OBJC_MSGSEND = YES;
				ENABLE_TESTABILITY = YES;
				GCC_C_LANGUAGE_STANDARD = gnu11;
				GCC_DYNAMIC_NO_PIC = NO;
				GCC_NO_COMMON_BLOCKS = YES;
				GCC_OPTIMIZATION_LEVEL = 0;
				GCC_PREPROCESSOR_DEFINITIONS = (
					"DEBUG=1",
					"$(inherited)",
				);
				GCC_WARN_64_TO_32_BIT_CONVERSION = YES;
				GCC_WARN_ABOUT_RETURN_TYPE = YES_ERROR;
				GCC_WARN_UNDECLARED_SELECTOR = YES;
				GCC_WARN_UNINITIALIZED_AUTOS = YES_AGGRESSIVE;
				GCC_WARN_UNUSED_FUNCTION = YES;
				GCC_WARN_UNUSED_VARIABLE = YES;
				IPHONEOS_DEPLOYMENT_TARGET = 15.0;
				MTL_ENABLE_DEBUG_INFO = INCLUDE_SOURCE;
				MTL_FAST_MATH = YES;
				ONLY_ACTIVE_ARCH = YES;
				SDKROOT = iphoneos;
				SWIFT_ACTIVE_COMPILATION_CONDITIONS = DEBUG;
				SWIFT_OPTIMIZATION_LEVEL = "-Onone";
			};
			name = Debug;
		};
		B4534831277DE6DE00DAEE03 /* Release */ = {
			isa = XCBuildConfiguration;
			buildSettings = {
				ALWAYS_SEARCH_USER_PATHS = NO;
				CLANG_ANALYZER_NONNULL = YES;
				CLANG_ANALYZER_NUMBER_OBJECT_CONVERSION = YES_AGGRESSIVE;
				CLANG_CXX_LANGUAGE_STANDARD = "gnu++17";
				CLANG_CXX_LIBRARY = "libc++";
				CLANG_ENABLE_MODULES = YES;
				CLANG_ENABLE_OBJC_ARC = YES;
				CLANG_ENABLE_OBJC_WEAK = YES;
				CLANG_WARN_BLOCK_CAPTURE_AUTORELEASING = YES;
				CLANG_WARN_BOOL_CONVERSION = YES;
				CLANG_WARN_COMMA = YES;
				CLANG_WARN_CONSTANT_CONVERSION = YES;
				CLANG_WARN_DEPRECATED_OBJC_IMPLEMENTATIONS = YES;
				CLANG_WARN_DIRECT_OBJC_ISA_USAGE = YES_ERROR;
				CLANG_WARN_DOCUMENTATION_COMMENTS = YES;
				CLANG_WARN_EMPTY_BODY = YES;
				CLANG_WARN_ENUM_CONVERSION = YES;
				CLANG_WARN_INFINITE_RECURSION = YES;
				CLANG_WARN_INT_CONVERSION = YES;
				CLANG_WARN_NON_LITERAL_NULL_CONVERSION = YES;
				CLANG_WARN_OBJC_IMPLICIT_RETAIN_SELF = YES;
				CLANG_WARN_OBJC_LITERAL_CONVERSION = YES;
				CLANG_WARN_OBJC_ROOT_CLASS = YES_ERROR;
				CLANG_WARN_QUOTED_INCLUDE_IN_FRAMEWORK_HEADER = YES;
				CLANG_WARN_RANGE_LOOP_ANALYSIS = YES;
				CLANG_WARN_STRICT_PROTOTYPES = YES;
				CLANG_WARN_SUSPICIOUS_MOVE = YES;
				CLANG_WARN_UNGUARDED_AVAILABILITY = YES_AGGRESSIVE;
				CLANG_WARN_UNREACHABLE_CODE = YES;
				CLANG_WARN__DUPLICATE_METHOD_MATCH = YES;
				COPY_PHASE_STRIP = NO;
				DEBUG_INFORMATION_FORMAT = "dwarf-with-dsym";
				ENABLE_NS_ASSERTIONS = NO;
				ENABLE_STRICT_OBJC_MSGSEND = YES;
				GCC_C_LANGUAGE_STANDARD = gnu11;
				GCC_NO_COMMON_BLOCKS = YES;
				GCC_WARN_64_TO_32_BIT_CONVERSION = YES;
				GCC_WARN_ABOUT_RETURN_TYPE = YES_ERROR;
				GCC_WARN_UNDECLARED_SELECTOR = YES;
				GCC_WARN_UNINITIALIZED_AUTOS = YES_AGGRESSIVE;
				GCC_WARN_UNUSED_FUNCTION = YES;
				GCC_WARN_UNUSED_VARIABLE = YES;
				IPHONEOS_DEPLOYMENT_TARGET = 15.0;
				MTL_ENABLE_DEBUG_INFO = NO;
				MTL_FAST_MATH = YES;
				SDKROOT = iphoneos;
				SWIFT_COMPILATION_MODE = wholemodule;
				SWIFT_OPTIMIZATION_LEVEL = "-O";
				VALIDATE_PRODUCT = YES;
			};
			name = Release;
		};
		B4534833277DE6DE00DAEE03 /* Debug */ = {
			isa = XCBuildConfiguration;
			buildSettings = {
				ASSETCATALOG_COMPILER_APPICON_NAME = AppIcon;
				ASSETCATALOG_COMPILER_GLOBAL_ACCENT_COLOR_NAME = AccentColor;
				CODE_SIGN_STYLE = Automatic;
				CURRENT_PROJECT_VERSION = 1;
				DEVELOPMENT_TEAM = 7MS89TXQ5T;
				GENERATE_INFOPLIST_FILE = YES;
				INFOPLIST_FILE = ssacFarm/Info.plist;
				INFOPLIST_KEY_UIApplicationSupportsIndirectInputEvents = YES;
				INFOPLIST_KEY_UILaunchStoryboardName = LaunchScreen;
				INFOPLIST_KEY_UISupportedInterfaceOrientations_iPad = "UIInterfaceOrientationPortrait UIInterfaceOrientationPortraitUpsideDown UIInterfaceOrientationLandscapeLeft UIInterfaceOrientationLandscapeRight";
				INFOPLIST_KEY_UISupportedInterfaceOrientations_iPhone = "UIInterfaceOrientationPortrait UIInterfaceOrientationLandscapeLeft UIInterfaceOrientationLandscapeRight";
				LD_RUNPATH_SEARCH_PATHS = (
					"$(inherited)",
					"@executable_path/Frameworks",
				);
				MARKETING_VERSION = 1.0;
				PRODUCT_BUNDLE_IDENTIFIER = camosss.ssacFarm;
				PRODUCT_NAME = "$(TARGET_NAME)";
				SWIFT_EMIT_LOC_STRINGS = YES;
				SWIFT_VERSION = 5.0;
				TARGETED_DEVICE_FAMILY = "1,2";
			};
			name = Debug;
		};
		B4534834277DE6DE00DAEE03 /* Release */ = {
			isa = XCBuildConfiguration;
			buildSettings = {
				ASSETCATALOG_COMPILER_APPICON_NAME = AppIcon;
				ASSETCATALOG_COMPILER_GLOBAL_ACCENT_COLOR_NAME = AccentColor;
				CODE_SIGN_STYLE = Automatic;
				CURRENT_PROJECT_VERSION = 1;
				DEVELOPMENT_TEAM = 7MS89TXQ5T;
				GENERATE_INFOPLIST_FILE = YES;
				INFOPLIST_FILE = ssacFarm/Info.plist;
				INFOPLIST_KEY_UIApplicationSupportsIndirectInputEvents = YES;
				INFOPLIST_KEY_UILaunchStoryboardName = LaunchScreen;
				INFOPLIST_KEY_UISupportedInterfaceOrientations_iPad = "UIInterfaceOrientationPortrait UIInterfaceOrientationPortraitUpsideDown UIInterfaceOrientationLandscapeLeft UIInterfaceOrientationLandscapeRight";
				INFOPLIST_KEY_UISupportedInterfaceOrientations_iPhone = "UIInterfaceOrientationPortrait UIInterfaceOrientationLandscapeLeft UIInterfaceOrientationLandscapeRight";
				LD_RUNPATH_SEARCH_PATHS = (
					"$(inherited)",
					"@executable_path/Frameworks",
				);
				MARKETING_VERSION = 1.0;
				PRODUCT_BUNDLE_IDENTIFIER = camosss.ssacFarm;
				PRODUCT_NAME = "$(TARGET_NAME)";
				SWIFT_EMIT_LOC_STRINGS = YES;
				SWIFT_VERSION = 5.0;
				TARGETED_DEVICE_FAMILY = "1,2";
			};
			name = Release;
		};
/* End XCBuildConfiguration section */

/* Begin XCConfigurationList section */
		B4534819277DE6DC00DAEE03 /* Build configuration list for PBXProject "ssacFarm" */ = {
			isa = XCConfigurationList;
			buildConfigurations = (
				B4534830277DE6DE00DAEE03 /* Debug */,
				B4534831277DE6DE00DAEE03 /* Release */,
			);
			defaultConfigurationIsVisible = 0;
			defaultConfigurationName = Release;
		};
		B4534832277DE6DE00DAEE03 /* Build configuration list for PBXNativeTarget "ssacFarm" */ = {
			isa = XCConfigurationList;
			buildConfigurations = (
				B4534833277DE6DE00DAEE03 /* Debug */,
				B4534834277DE6DE00DAEE03 /* Release */,
			);
			defaultConfigurationIsVisible = 0;
			defaultConfigurationName = Release;
		};
/* End XCConfigurationList section */

/* Begin XCRemoteSwiftPackageReference section */
		B4FEC34B277DE86B0056CFBB /* XCRemoteSwiftPackageReference "SnapKit" */ = {
			isa = XCRemoteSwiftPackageReference;
			repositoryURL = "https://github.com/SnapKit/SnapKit";
			requirement = {
				kind = upToNextMajorVersion;
				minimumVersion = 5.0.0;
			};
		};
		B4FEC35A277DF8E20056CFBB /* XCRemoteSwiftPackageReference "IQKeyboardManager" */ = {
			isa = XCRemoteSwiftPackageReference;
			repositoryURL = "https://github.com/hackiftekhar/IQKeyboardManager.git";
			requirement = {
				kind = upToNextMajorVersion;
				minimumVersion = 6.0.0;
			};
		};
/* End XCRemoteSwiftPackageReference section */

/* Begin XCSwiftPackageProductDependency section */
		B4FEC34C277DE86B0056CFBB /* SnapKit */ = {
			isa = XCSwiftPackageProductDependency;
			package = B4FEC34B277DE86B0056CFBB /* XCRemoteSwiftPackageReference "SnapKit" */;
			productName = SnapKit;
		};
		B4FEC35B277DF8E20056CFBB /* IQKeyboardManagerSwift */ = {
			isa = XCSwiftPackageProductDependency;
			package = B4FEC35A277DF8E20056CFBB /* XCRemoteSwiftPackageReference "IQKeyboardManager" */;
			productName = IQKeyboardManagerSwift;
		};
/* End XCSwiftPackageProductDependency section */
	};
	rootObject = B4534816277DE6DC00DAEE03 /* Project object */;
}
