// !$*UTF8*$!
{
	archiveVersion = 1;
	classes = {
	};
	objectVersion = 55;
	objects = {

/* Begin PBXBuildFile section */
		B442CF1E2718245800B6F922 /* List.swift in Sources */ = {isa = PBXBuildFile; fileRef = B442CF1D2718245700B6F922 /* List.swift */; };
		B44BE5C3271902DB005F1C75 /* VC.swift in Sources */ = {isa = PBXBuildFile; fileRef = B44BE5C2271902DB005F1C75 /* VC.swift */; };
		B44BE5C527190E9C005F1C75 /* Movie.storyboard in Resources */ = {isa = PBXBuildFile; fileRef = B44BE5C427190E9C005F1C75 /* Movie.storyboard */; };
		B44BE5C727190FEB005F1C75 /* MovieDetailVC.swift in Sources */ = {isa = PBXBuildFile; fileRef = B44BE5C627190FEB005F1C75 /* MovieDetailVC.swift */; };
		B4D830272717FF2B008750E8 /* AppDelegate.swift in Sources */ = {isa = PBXBuildFile; fileRef = B4D830262717FF2B008750E8 /* AppDelegate.swift */; };
		B4D830292717FF2B008750E8 /* SceneDelegate.swift in Sources */ = {isa = PBXBuildFile; fileRef = B4D830282717FF2B008750E8 /* SceneDelegate.swift */; };
		B4D8302E2717FF2B008750E8 /* Main.storyboard in Resources */ = {isa = PBXBuildFile; fileRef = B4D8302C2717FF2B008750E8 /* Main.storyboard */; };
		B4D830302717FF2D008750E8 /* Assets.xcassets in Resources */ = {isa = PBXBuildFile; fileRef = B4D8302F2717FF2D008750E8 /* Assets.xcassets */; };
		B4D830332717FF2D008750E8 /* LaunchScreen.storyboard in Resources */ = {isa = PBXBuildFile; fileRef = B4D830312717FF2D008750E8 /* LaunchScreen.storyboard */; };
		B4D8303D2717FFAA008750E8 /* ShoppingCell.swift in Sources */ = {isa = PBXBuildFile; fileRef = B4D8303C2717FFAA008750E8 /* ShoppingCell.swift */; };
		B4D8303F2717FFB1008750E8 /* ShoppingVC.swift in Sources */ = {isa = PBXBuildFile; fileRef = B4D8303E2717FFB1008750E8 /* ShoppingVC.swift */; };
		B4D830412717FFB6008750E8 /* Movie.swift in Sources */ = {isa = PBXBuildFile; fileRef = B4D830402717FFB6008750E8 /* Movie.swift */; };
		B4D830432717FFC0008750E8 /* MovieInfo.swift in Sources */ = {isa = PBXBuildFile; fileRef = B4D830422717FFC0008750E8 /* MovieInfo.swift */; };
		B4D830452717FFC4008750E8 /* MovieCell.swift in Sources */ = {isa = PBXBuildFile; fileRef = B4D830442717FFC4008750E8 /* MovieCell.swift */; };
		B4D830472717FFCC008750E8 /* MovieVC.swift in Sources */ = {isa = PBXBuildFile; fileRef = B4D830462717FFCC008750E8 /* MovieVC.swift */; };
/* End PBXBuildFile section */

/* Begin PBXFileReference section */
		B442CF1D2718245700B6F922 /* List.swift */ = {isa = PBXFileReference; lastKnownFileType = sourcecode.swift; path = List.swift; sourceTree = "<group>"; };
		B44BE5C2271902DB005F1C75 /* VC.swift */ = {isa = PBXFileReference; lastKnownFileType = sourcecode.swift; path = VC.swift; sourceTree = "<group>"; };
		B44BE5C427190E9C005F1C75 /* Movie.storyboard */ = {isa = PBXFileReference; lastKnownFileType = file.storyboard; path = Movie.storyboard; sourceTree = "<group>"; };
		B44BE5C627190FEB005F1C75 /* MovieDetailVC.swift */ = {isa = PBXFileReference; lastKnownFileType = sourcecode.swift; path = MovieDetailVC.swift; sourceTree = "<group>"; };
		B4D830232717FF2B008750E8 /* ssacShoppingList.app */ = {isa = PBXFileReference; explicitFileType = wrapper.application; includeInIndex = 0; path = ssacShoppingList.app; sourceTree = BUILT_PRODUCTS_DIR; };
		B4D830262717FF2B008750E8 /* AppDelegate.swift */ = {isa = PBXFileReference; lastKnownFileType = sourcecode.swift; path = AppDelegate.swift; sourceTree = "<group>"; };
		B4D830282717FF2B008750E8 /* SceneDelegate.swift */ = {isa = PBXFileReference; lastKnownFileType = sourcecode.swift; path = SceneDelegate.swift; sourceTree = "<group>"; };
		B4D8302D2717FF2B008750E8 /* Base */ = {isa = PBXFileReference; lastKnownFileType = file.storyboard; name = Base; path = Base.lproj/Main.storyboard; sourceTree = "<group>"; };
		B4D8302F2717FF2D008750E8 /* Assets.xcassets */ = {isa = PBXFileReference; lastKnownFileType = folder.assetcatalog; path = Assets.xcassets; sourceTree = "<group>"; };
		B4D830322717FF2D008750E8 /* Base */ = {isa = PBXFileReference; lastKnownFileType = file.storyboard; name = Base; path = Base.lproj/LaunchScreen.storyboard; sourceTree = "<group>"; };
		B4D830342717FF2D008750E8 /* Info.plist */ = {isa = PBXFileReference; lastKnownFileType = text.plist.xml; path = Info.plist; sourceTree = "<group>"; };
		B4D8303C2717FFAA008750E8 /* ShoppingCell.swift */ = {isa = PBXFileReference; lastKnownFileType = sourcecode.swift; path = ShoppingCell.swift; sourceTree = "<group>"; };
		B4D8303E2717FFB1008750E8 /* ShoppingVC.swift */ = {isa = PBXFileReference; lastKnownFileType = sourcecode.swift; path = ShoppingVC.swift; sourceTree = "<group>"; };
		B4D830402717FFB6008750E8 /* Movie.swift */ = {isa = PBXFileReference; lastKnownFileType = sourcecode.swift; path = Movie.swift; sourceTree = "<group>"; };
		B4D830422717FFC0008750E8 /* MovieInfo.swift */ = {isa = PBXFileReference; lastKnownFileType = sourcecode.swift; path = MovieInfo.swift; sourceTree = "<group>"; };
		B4D830442717FFC4008750E8 /* MovieCell.swift */ = {isa = PBXFileReference; lastKnownFileType = sourcecode.swift; path = MovieCell.swift; sourceTree = "<group>"; };
		B4D830462717FFCC008750E8 /* MovieVC.swift */ = {isa = PBXFileReference; lastKnownFileType = sourcecode.swift; path = MovieVC.swift; sourceTree = "<group>"; };
/* End PBXFileReference section */

/* Begin PBXFrameworksBuildPhase section */
		B4D830202717FF2B008750E8 /* Frameworks */ = {
			isa = PBXFrameworksBuildPhase;
			buildActionMask = 2147483647;
			files = (
			);
			runOnlyForDeploymentPostprocessing = 0;
		};
/* End PBXFrameworksBuildPhase section */

/* Begin PBXGroup section */
		B4D8301A2717FF2B008750E8 = {
			isa = PBXGroup;
			children = (
				B4D830252717FF2B008750E8 /* ssacShoppingList */,
				B4D830242717FF2B008750E8 /* Products */,
			);
			sourceTree = "<group>";
		};
		B4D830242717FF2B008750E8 /* Products */ = {
			isa = PBXGroup;
			children = (
				B4D830232717FF2B008750E8 /* ssacShoppingList.app */,
			);
			name = Products;
			sourceTree = "<group>";
		};
		B4D830252717FF2B008750E8 /* ssacShoppingList */ = {
			isa = PBXGroup;
			children = (
				B4D8303B2717FF91008750E8 /* Shopping */,
				B4D8303A2717FF88008750E8 /* MovieList */,
				B44BE5C2271902DB005F1C75 /* VC.swift */,
				B4D8302C2717FF2B008750E8 /* Main.storyboard */,
				B4D830262717FF2B008750E8 /* AppDelegate.swift */,
				B4D830282717FF2B008750E8 /* SceneDelegate.swift */,
				B4D8302F2717FF2D008750E8 /* Assets.xcassets */,
				B4D830312717FF2D008750E8 /* LaunchScreen.storyboard */,
				B4D830342717FF2D008750E8 /* Info.plist */,
			);
			path = ssacShoppingList;
			sourceTree = "<group>";
		};
		B4D8303A2717FF88008750E8 /* MovieList */ = {
			isa = PBXGroup;
			children = (
				B4D830402717FFB6008750E8 /* Movie.swift */,
				B4D830422717FFC0008750E8 /* MovieInfo.swift */,
				B4D830442717FFC4008750E8 /* MovieCell.swift */,
				B4D830462717FFCC008750E8 /* MovieVC.swift */,
				B44BE5C427190E9C005F1C75 /* Movie.storyboard */,
				B44BE5C627190FEB005F1C75 /* MovieDetailVC.swift */,
			);
			path = MovieList;
			sourceTree = "<group>";
		};
		B4D8303B2717FF91008750E8 /* Shopping */ = {
			isa = PBXGroup;
			children = (
				B442CF1D2718245700B6F922 /* List.swift */,
				B4D8303C2717FFAA008750E8 /* ShoppingCell.swift */,
				B4D8303E2717FFB1008750E8 /* ShoppingVC.swift */,
			);
			path = Shopping;
			sourceTree = "<group>";
		};
/* End PBXGroup section */

/* Begin PBXNativeTarget section */
		B4D830222717FF2B008750E8 /* ssacShoppingList */ = {
			isa = PBXNativeTarget;
			buildConfigurationList = B4D830372717FF2D008750E8 /* Build configuration list for PBXNativeTarget "ssacShoppingList" */;
			buildPhases = (
				B4D8301F2717FF2B008750E8 /* Sources */,
				B4D830202717FF2B008750E8 /* Frameworks */,
				B4D830212717FF2B008750E8 /* Resources */,
			);
			buildRules = (
			);
			dependencies = (
			);
			name = ssacShoppingList;
			packageProductDependencies = (
			);
			productName = ssacShoppingList;
			productReference = B4D830232717FF2B008750E8 /* ssacShoppingList.app */;
			productType = "com.apple.product-type.application";
		};
/* End PBXNativeTarget section */

/* Begin PBXProject section */
		B4D8301B2717FF2B008750E8 /* Project object */ = {
			isa = PBXProject;
			attributes = {
				BuildIndependentTargetsInParallel = 1;
				LastSwiftUpdateCheck = 1300;
				LastUpgradeCheck = 1300;
				TargetAttributes = {
					B4D830222717FF2B008750E8 = {
						CreatedOnToolsVersion = 13.0;
					};
				};
			};
			buildConfigurationList = B4D8301E2717FF2B008750E8 /* Build configuration list for PBXProject "ssacShoppingList" */;
			compatibilityVersion = "Xcode 13.0";
			developmentRegion = en;
			hasScannedForEncodings = 0;
			knownRegions = (
				en,
				Base,
			);
			mainGroup = B4D8301A2717FF2B008750E8;
			packageReferences = (
			);
			productRefGroup = B4D830242717FF2B008750E8 /* Products */;
			projectDirPath = "";
			projectRoot = "";
			targets = (
				B4D830222717FF2B008750E8 /* ssacShoppingList */,
			);
		};
/* End PBXProject section */

/* Begin PBXResourcesBuildPhase section */
		B4D830212717FF2B008750E8 /* Resources */ = {
			isa = PBXResourcesBuildPhase;
			buildActionMask = 2147483647;
			files = (
				B4D830332717FF2D008750E8 /* LaunchScreen.storyboard in Resources */,
				B4D830302717FF2D008750E8 /* Assets.xcassets in Resources */,
				B44BE5C527190E9C005F1C75 /* Movie.storyboard in Resources */,
				B4D8302E2717FF2B008750E8 /* Main.storyboard in Resources */,
			);
			runOnlyForDeploymentPostprocessing = 0;
		};
/* End PBXResourcesBuildPhase section */

/* Begin PBXSourcesBuildPhase section */
		B4D8301F2717FF2B008750E8 /* Sources */ = {
			isa = PBXSourcesBuildPhase;
			buildActionMask = 2147483647;
			files = (
				B4D830432717FFC0008750E8 /* MovieInfo.swift in Sources */,
				B442CF1E2718245800B6F922 /* List.swift in Sources */,
				B4D8303F2717FFB1008750E8 /* ShoppingVC.swift in Sources */,
				B4D8303D2717FFAA008750E8 /* ShoppingCell.swift in Sources */,
				B4D830472717FFCC008750E8 /* MovieVC.swift in Sources */,
				B44BE5C727190FEB005F1C75 /* MovieDetailVC.swift in Sources */,
				B4D830412717FFB6008750E8 /* Movie.swift in Sources */,
				B4D830272717FF2B008750E8 /* AppDelegate.swift in Sources */,
				B4D830292717FF2B008750E8 /* SceneDelegate.swift in Sources */,
				B44BE5C3271902DB005F1C75 /* VC.swift in Sources */,
				B4D830452717FFC4008750E8 /* MovieCell.swift in Sources */,
			);
			runOnlyForDeploymentPostprocessing = 0;
		};
/* End PBXSourcesBuildPhase section */

/* Begin PBXVariantGroup section */
		B4D8302C2717FF2B008750E8 /* Main.storyboard */ = {
			isa = PBXVariantGroup;
			children = (
				B4D8302D2717FF2B008750E8 /* Base */,
			);
			name = Main.storyboard;
			sourceTree = "<group>";
		};
		B4D830312717FF2D008750E8 /* LaunchScreen.storyboard */ = {
			isa = PBXVariantGroup;
			children = (
				B4D830322717FF2D008750E8 /* Base */,
			);
			name = LaunchScreen.storyboard;
			sourceTree = "<group>";
		};
/* End PBXVariantGroup section */

/* Begin XCBuildConfiguration section */
		B4D830352717FF2D008750E8 /* Debug */ = {
			isa = XCBuildConfiguration;
			buildSettings = {
				ALWAYS_SEARCH_USER_PATHS = NO;
				CLANG_ANALYZER_NONNULL = YES;
				CLANG_ANALYZER_NUMBER_OBJECT_CONVERSION = YES_AGGRESSIVE;
				CLANG_CXX_LANGUAGE_STANDARD = "gnu++17";
				CLANG_CXX_LIBRARY = "libc++";
				CLANG_ENABLE_MODULES = YES;
				CLANG_ENABLE_OBJC_ARC = YES;
				CLANG_ENABLE_OBJC_WEAK = YES;
				CLANG_WARN_BLOCK_CAPTURE_AUTORELEASING = YES;
				CLANG_WARN_BOOL_CONVERSION = YES;
				CLANG_WARN_COMMA = YES;
				CLANG_WARN_CONSTANT_CONVERSION = YES;
				CLANG_WARN_DEPRECATED_OBJC_IMPLEMENTATIONS = YES;
				CLANG_WARN_DIRECT_OBJC_ISA_USAGE = YES_ERROR;
				CLANG_WARN_DOCUMENTATION_COMMENTS = YES;
				CLANG_WARN_EMPTY_BODY = YES;
				CLANG_WARN_ENUM_CONVERSION = YES;
				CLANG_WARN_INFINITE_RECURSION = YES;
				CLANG_WARN_INT_CONVERSION = YES;
				CLANG_WARN_NON_LITERAL_NULL_CONVERSION = YES;
				CLANG_WARN_OBJC_IMPLICIT_RETAIN_SELF = YES;
				CLANG_WARN_OBJC_LITERAL_CONVERSION = YES;
				CLANG_WARN_OBJC_ROOT_CLASS = YES_ERROR;
				CLANG_WARN_QUOTED_INCLUDE_IN_FRAMEWORK_HEADER = YES;
				CLANG_WARN_RANGE_LOOP_ANALYSIS = YES;
				CLANG_WARN_STRICT_PROTOTYPES = YES;
				CLANG_WARN_SUSPICIOUS_MOVE = YES;
				CLANG_WARN_UNGUARDED_AVAILABILITY = YES_AGGRESSIVE;
				CLANG_WARN_UNREACHABLE_CODE = YES;
				CLANG_WARN__DUPLICATE_METHOD_MATCH = YES;
				COPY_PHASE_STRIP = NO;
				DEBUG_INFORMATION_FORMAT = dwarf;
				ENABLE_STRICT_OBJC_MSGSEND = YES;
				ENABLE_TESTABILITY = YES;
				GCC_C_LANGUAGE_STANDARD = gnu11;
				GCC_DYNAMIC_NO_PIC = NO;
				GCC_NO_COMMON_BLOCKS = YES;
				GCC_OPTIMIZATION_LEVEL = 0;
				GCC_PREPROCESSOR_DEFINITIONS = (
					"DEBUG=1",
					"$(inherited)",
				);
				GCC_WARN_64_TO_32_BIT_CONVERSION = YES;
				GCC_WARN_ABOUT_RETURN_TYPE = YES_ERROR;
				GCC_WARN_UNDECLARED_SELECTOR = YES;
				GCC_WARN_UNINITIALIZED_AUTOS = YES_AGGRESSIVE;
				GCC_WARN_UNUSED_FUNCTION = YES;
				GCC_WARN_UNUSED_VARIABLE = YES;
				IPHONEOS_DEPLOYMENT_TARGET = 15.0;
				MTL_ENABLE_DEBUG_INFO = INCLUDE_SOURCE;
				MTL_FAST_MATH = YES;
				ONLY_ACTIVE_ARCH = YES;
				SDKROOT = iphoneos;
				SWIFT_ACTIVE_COMPILATION_CONDITIONS = DEBUG;
				SWIFT_OPTIMIZATION_LEVEL = "-Onone";
			};
			name = Debug;
		};
		B4D830362717FF2D008750E8 /* Release */ = {
			isa = XCBuildConfiguration;
			buildSettings = {
				ALWAYS_SEARCH_USER_PATHS = NO;
				CLANG_ANALYZER_NONNULL = YES;
				CLANG_ANALYZER_NUMBER_OBJECT_CONVERSION = YES_AGGRESSIVE;
				CLANG_CXX_LANGUAGE_STANDARD = "gnu++17";
				CLANG_CXX_LIBRARY = "libc++";
				CLANG_ENABLE_MODULES = YES;
				CLANG_ENABLE_OBJC_ARC = YES;
				CLANG_ENABLE_OBJC_WEAK = YES;
				CLANG_WARN_BLOCK_CAPTURE_AUTORELEASING = YES;
				CLANG_WARN_BOOL_CONVERSION = YES;
				CLANG_WARN_COMMA = YES;
				CLANG_WARN_CONSTANT_CONVERSION = YES;
				CLANG_WARN_DEPRECATED_OBJC_IMPLEMENTATIONS = YES;
				CLANG_WARN_DIRECT_OBJC_ISA_USAGE = YES_ERROR;
				CLANG_WARN_DOCUMENTATION_COMMENTS = YES;
				CLANG_WARN_EMPTY_BODY = YES;
				CLANG_WARN_ENUM_CONVERSION = YES;
				CLANG_WARN_INFINITE_RECURSION = YES;
				CLANG_WARN_INT_CONVERSION = YES;
				CLANG_WARN_NON_LITERAL_NULL_CONVERSION = YES;
				CLANG_WARN_OBJC_IMPLICIT_RETAIN_SELF = YES;
				CLANG_WARN_OBJC_LITERAL_CONVERSION = YES;
				CLANG_WARN_OBJC_ROOT_CLASS = YES_ERROR;
				CLANG_WARN_QUOTED_INCLUDE_IN_FRAMEWORK_HEADER = YES;
				CLANG_WARN_RANGE_LOOP_ANALYSIS = YES;
				CLANG_WARN_STRICT_PROTOTYPES = YES;
				CLANG_WARN_SUSPICIOUS_MOVE = YES;
				CLANG_WARN_UNGUARDED_AVAILABILITY = YES_AGGRESSIVE;
				CLANG_WARN_UNREACHABLE_CODE = YES;
				CLANG_WARN__DUPLICATE_METHOD_MATCH = YES;
				COPY_PHASE_STRIP = NO;
				DEBUG_INFORMATION_FORMAT = "dwarf-with-dsym";
				ENABLE_NS_ASSERTIONS = NO;
				ENABLE_STRICT_OBJC_MSGSEND = YES;
				GCC_C_LANGUAGE_STANDARD = gnu11;
				GCC_NO_COMMON_BLOCKS = YES;
				GCC_WARN_64_TO_32_BIT_CONVERSION = YES;
				GCC_WARN_ABOUT_RETURN_TYPE = YES_ERROR;
				GCC_WARN_UNDECLARED_SELECTOR = YES;
				GCC_WARN_UNINITIALIZED_AUTOS = YES_AGGRESSIVE;
				GCC_WARN_UNUSED_FUNCTION = YES;
				GCC_WARN_UNUSED_VARIABLE = YES;
				IPHONEOS_DEPLOYMENT_TARGET = 15.0;
				MTL_ENABLE_DEBUG_INFO = NO;
				MTL_FAST_MATH = YES;
				SDKROOT = iphoneos;
				SWIFT_COMPILATION_MODE = wholemodule;
				SWIFT_OPTIMIZATION_LEVEL = "-O";
				VALIDATE_PRODUCT = YES;
			};
			name = Release;
		};
		B4D830382717FF2D008750E8 /* Debug */ = {
			isa = XCBuildConfiguration;
			buildSettings = {
				ASSETCATALOG_COMPILER_APPICON_NAME = AppIcon;
				ASSETCATALOG_COMPILER_GLOBAL_ACCENT_COLOR_NAME = AccentColor;
				CODE_SIGN_STYLE = Automatic;
				CURRENT_PROJECT_VERSION = 1;
				DEVELOPMENT_TEAM = 7MS89TXQ5T;
				GENERATE_INFOPLIST_FILE = YES;
				INFOPLIST_FILE = ssacShoppingList/Info.plist;
				INFOPLIST_KEY_UIApplicationSupportsIndirectInputEvents = YES;
				INFOPLIST_KEY_UILaunchStoryboardName = LaunchScreen;
				INFOPLIST_KEY_UIMainStoryboardFile = Main;
				INFOPLIST_KEY_UISupportedInterfaceOrientations_iPad = "UIInterfaceOrientationPortrait UIInterfaceOrientationPortraitUpsideDown UIInterfaceOrientationLandscapeLeft UIInterfaceOrientationLandscapeRight";
				INFOPLIST_KEY_UISupportedInterfaceOrientations_iPhone = "UIInterfaceOrientationPortrait UIInterfaceOrientationLandscapeLeft UIInterfaceOrientationLandscapeRight";
				LD_RUNPATH_SEARCH_PATHS = (
					"$(inherited)",
					"@executable_path/Frameworks",
				);
				MARKETING_VERSION = 1.0;
				PRODUCT_BUNDLE_IDENTIFIER = camosss.ssacShoppingList;
				PRODUCT_NAME = "$(TARGET_NAME)";
				SWIFT_EMIT_LOC_STRINGS = YES;
				SWIFT_VERSION = 5.0;
				TARGETED_DEVICE_FAMILY = "1,2";
			};
			name = Debug;
		};
		B4D830392717FF2D008750E8 /* Release */ = {
			isa = XCBuildConfiguration;
			buildSettings = {
				ASSETCATALOG_COMPILER_APPICON_NAME = AppIcon;
				ASSETCATALOG_COMPILER_GLOBAL_ACCENT_COLOR_NAME = AccentColor;
				CODE_SIGN_STYLE = Automatic;
				CURRENT_PROJECT_VERSION = 1;
				DEVELOPMENT_TEAM = 7MS89TXQ5T;
				GENERATE_INFOPLIST_FILE = YES;
				INFOPLIST_FILE = ssacShoppingList/Info.plist;
				INFOPLIST_KEY_UIApplicationSupportsIndirectInputEvents = YES;
				INFOPLIST_KEY_UILaunchStoryboardName = LaunchScreen;
				INFOPLIST_KEY_UIMainStoryboardFile = Main;
				INFOPLIST_KEY_UISupportedInterfaceOrientations_iPad = "UIInterfaceOrientationPortrait UIInterfaceOrientationPortraitUpsideDown UIInterfaceOrientationLandscapeLeft UIInterfaceOrientationLandscapeRight";
				INFOPLIST_KEY_UISupportedInterfaceOrientations_iPhone = "UIInterfaceOrientationPortrait UIInterfaceOrientationLandscapeLeft UIInterfaceOrientationLandscapeRight";
				LD_RUNPATH_SEARCH_PATHS = (
					"$(inherited)",
					"@executable_path/Frameworks",
				);
				MARKETING_VERSION = 1.0;
				PRODUCT_BUNDLE_IDENTIFIER = camosss.ssacShoppingList;
				PRODUCT_NAME = "$(TARGET_NAME)";
				SWIFT_EMIT_LOC_STRINGS = YES;
				SWIFT_VERSION = 5.0;
				TARGETED_DEVICE_FAMILY = "1,2";
			};
			name = Release;
		};
/* End XCBuildConfiguration section */

/* Begin XCConfigurationList section */
		B4D8301E2717FF2B008750E8 /* Build configuration list for PBXProject "ssacShoppingList" */ = {
			isa = XCConfigurationList;
			buildConfigurations = (
				B4D830352717FF2D008750E8 /* Debug */,
				B4D830362717FF2D008750E8 /* Release */,
			);
			defaultConfigurationIsVisible = 0;
			defaultConfigurationName = Release;
		};
		B4D830372717FF2D008750E8 /* Build configuration list for PBXNativeTarget "ssacShoppingList" */ = {
			isa = XCConfigurationList;
			buildConfigurations = (
				B4D830382717FF2D008750E8 /* Debug */,
				B4D830392717FF2D008750E8 /* Release */,
			);
			defaultConfigurationIsVisible = 0;
			defaultConfigurationName = Release;
		};
/* End XCConfigurationList section */
	};
	rootObject = B4D8301B2717FF2B008750E8 /* Project object */;
}
