// !$*UTF8*$!
{
	archiveVersion = 1;
	classes = {
	};
	objectVersion = 55;
	objects = {

/* Begin PBXBuildFile section */
		B42AFEC82729391400E7E826 /* AppDelegate.swift in Sources */ = {isa = PBXBuildFile; fileRef = B42AFEC72729391400E7E826 /* AppDelegate.swift */; };
		B42AFECA2729391400E7E826 /* SceneDelegate.swift in Sources */ = {isa = PBXBuildFile; fileRef = B42AFEC92729391400E7E826 /* SceneDelegate.swift */; };
		B42AFECF2729391400E7E826 /* Main.storyboard in Resources */ = {isa = PBXBuildFile; fileRef = B42AFECD2729391400E7E826 /* Main.storyboard */; };
		B42AFED12729391500E7E826 /* Assets.xcassets in Resources */ = {isa = PBXBuildFile; fileRef = B42AFED02729391500E7E826 /* Assets.xcassets */; };
		B42AFED42729391500E7E826 /* LaunchScreen.storyboard in Resources */ = {isa = PBXBuildFile; fileRef = B42AFED22729391500E7E826 /* LaunchScreen.storyboard */; };
		B42AFEDC2729393A00E7E826 /* VisionVC.swift in Sources */ = {isa = PBXBuildFile; fileRef = B42AFEDB2729393A00E7E826 /* VisionVC.swift */; };
		B42AFEDE2729395400E7E826 /* VisionManager.swift in Sources */ = {isa = PBXBuildFile; fileRef = B42AFEDD2729395400E7E826 /* VisionManager.swift */; };
		B42AFEE12729397000E7E826 /* SwiftyJSON in Frameworks */ = {isa = PBXBuildFile; productRef = B42AFEE02729397000E7E826 /* SwiftyJSON */; };
		B42AFEE42729397900E7E826 /* Alamofire in Frameworks */ = {isa = PBXBuildFile; productRef = B42AFEE32729397900E7E826 /* Alamofire */; };
		B42AFEFB2729601100E7E826 /* kakaoInfo.plist in Resources */ = {isa = PBXBuildFile; fileRef = B42AFEFA2729601100E7E826 /* kakaoInfo.plist */; };
		B42AFEFD2729603800E7E826 /* HideAPIKEY.swift in Sources */ = {isa = PBXBuildFile; fileRef = B42AFEFC2729603800E7E826 /* HideAPIKEY.swift */; };
/* End PBXBuildFile section */

/* Begin PBXFileReference section */
		B42AFEC42729391400E7E826 /* ssacVision.app */ = {isa = PBXFileReference; explicitFileType = wrapper.application; includeInIndex = 0; path = ssacVision.app; sourceTree = BUILT_PRODUCTS_DIR; };
		B42AFEC72729391400E7E826 /* AppDelegate.swift */ = {isa = PBXFileReference; lastKnownFileType = sourcecode.swift; path = AppDelegate.swift; sourceTree = "<group>"; };
		B42AFEC92729391400E7E826 /* SceneDelegate.swift */ = {isa = PBXFileReference; lastKnownFileType = sourcecode.swift; path = SceneDelegate.swift; sourceTree = "<group>"; };
		B42AFECE2729391400E7E826 /* Base */ = {isa = PBXFileReference; lastKnownFileType = file.storyboard; name = Base; path = Base.lproj/Main.storyboard; sourceTree = "<group>"; };
		B42AFED02729391500E7E826 /* Assets.xcassets */ = {isa = PBXFileReference; lastKnownFileType = folder.assetcatalog; path = Assets.xcassets; sourceTree = "<group>"; };
		B42AFED32729391500E7E826 /* Base */ = {isa = PBXFileReference; lastKnownFileType = file.storyboard; name = Base; path = Base.lproj/LaunchScreen.storyboard; sourceTree = "<group>"; };
		B42AFED52729391500E7E826 /* Info.plist */ = {isa = PBXFileReference; lastKnownFileType = text.plist.xml; path = Info.plist; sourceTree = "<group>"; };
		B42AFEDB2729393A00E7E826 /* VisionVC.swift */ = {isa = PBXFileReference; lastKnownFileType = sourcecode.swift; path = VisionVC.swift; sourceTree = "<group>"; };
		B42AFEDD2729395400E7E826 /* VisionManager.swift */ = {isa = PBXFileReference; lastKnownFileType = sourcecode.swift; path = VisionManager.swift; sourceTree = "<group>"; };
		B42AFEFA2729601100E7E826 /* kakaoInfo.plist */ = {isa = PBXFileReference; lastKnownFileType = text.plist.xml; path = kakaoInfo.plist; sourceTree = "<group>"; };
		B42AFEFC2729603800E7E826 /* HideAPIKEY.swift */ = {isa = PBXFileReference; lastKnownFileType = sourcecode.swift; path = HideAPIKEY.swift; sourceTree = "<group>"; };
/* End PBXFileReference section */

/* Begin PBXFrameworksBuildPhase section */
		B42AFEC12729391400E7E826 /* Frameworks */ = {
			isa = PBXFrameworksBuildPhase;
			buildActionMask = 2147483647;
			files = (
				B42AFEE12729397000E7E826 /* SwiftyJSON in Frameworks */,
				B42AFEE42729397900E7E826 /* Alamofire in Frameworks */,
			);
			runOnlyForDeploymentPostprocessing = 0;
		};
/* End PBXFrameworksBuildPhase section */

/* Begin PBXGroup section */
		B42AFEBB2729391400E7E826 = {
			isa = PBXGroup;
			children = (
				B42AFEC62729391400E7E826 /* ssacVision */,
				B42AFEC52729391400E7E826 /* Products */,
			);
			sourceTree = "<group>";
		};
		B42AFEC52729391400E7E826 /* Products */ = {
			isa = PBXGroup;
			children = (
				B42AFEC42729391400E7E826 /* ssacVision.app */,
			);
			name = Products;
			sourceTree = "<group>";
		};
		B42AFEC62729391400E7E826 /* ssacVision */ = {
			isa = PBXGroup;
			children = (
				B42AFEC72729391400E7E826 /* AppDelegate.swift */,
				B42AFEC92729391400E7E826 /* SceneDelegate.swift */,
				B42AFECD2729391400E7E826 /* Main.storyboard */,
				B42AFED02729391500E7E826 /* Assets.xcassets */,
				B42AFED22729391500E7E826 /* LaunchScreen.storyboard */,
				B42AFED52729391500E7E826 /* Info.plist */,
				B42AFEFA2729601100E7E826 /* kakaoInfo.plist */,
				B42AFEDB2729393A00E7E826 /* VisionVC.swift */,
				B42AFEDD2729395400E7E826 /* VisionManager.swift */,
				B42AFEFC2729603800E7E826 /* HideAPIKEY.swift */,
			);
			path = ssacVision;
			sourceTree = "<group>";
		};
/* End PBXGroup section */

/* Begin PBXNativeTarget section */
		B42AFEC32729391400E7E826 /* ssacVision */ = {
			isa = PBXNativeTarget;
			buildConfigurationList = B42AFED82729391500E7E826 /* Build configuration list for PBXNativeTarget "ssacVision" */;
			buildPhases = (
				B42AFEC02729391400E7E826 /* Sources */,
				B42AFEC12729391400E7E826 /* Frameworks */,
				B42AFEC22729391400E7E826 /* Resources */,
			);
			buildRules = (
			);
			dependencies = (
			);
			name = ssacVision;
			packageProductDependencies = (
				B42AFEE02729397000E7E826 /* SwiftyJSON */,
				B42AFEE32729397900E7E826 /* Alamofire */,
			);
			productName = ssacVision;
			productReference = B42AFEC42729391400E7E826 /* ssacVision.app */;
			productType = "com.apple.product-type.application";
		};
/* End PBXNativeTarget section */

/* Begin PBXProject section */
		B42AFEBC2729391400E7E826 /* Project object */ = {
			isa = PBXProject;
			attributes = {
				BuildIndependentTargetsInParallel = 1;
				LastSwiftUpdateCheck = 1300;
				LastUpgradeCheck = 1300;
				TargetAttributes = {
					B42AFEC32729391400E7E826 = {
						CreatedOnToolsVersion = 13.0;
					};
				};
			};
			buildConfigurationList = B42AFEBF2729391400E7E826 /* Build configuration list for PBXProject "ssacVision" */;
			compatibilityVersion = "Xcode 13.0";
			developmentRegion = en;
			hasScannedForEncodings = 0;
			knownRegions = (
				en,
				Base,
			);
			mainGroup = B42AFEBB2729391400E7E826;
			packageReferences = (
				B42AFEDF2729397000E7E826 /* XCRemoteSwiftPackageReference "SwiftyJSON" */,
				B42AFEE22729397800E7E826 /* XCRemoteSwiftPackageReference "Alamofire" */,
			);
			productRefGroup = B42AFEC52729391400E7E826 /* Products */;
			projectDirPath = "";
			projectRoot = "";
			targets = (
				B42AFEC32729391400E7E826 /* ssacVision */,
			);
		};
/* End PBXProject section */

/* Begin PBXResourcesBuildPhase section */
		B42AFEC22729391400E7E826 /* Resources */ = {
			isa = PBXResourcesBuildPhase;
			buildActionMask = 2147483647;
			files = (
				B42AFEFB2729601100E7E826 /* kakaoInfo.plist in Resources */,
				B42AFED42729391500E7E826 /* LaunchScreen.storyboard in Resources */,
				B42AFED12729391500E7E826 /* Assets.xcassets in Resources */,
				B42AFECF2729391400E7E826 /* Main.storyboard in Resources */,
			);
			runOnlyForDeploymentPostprocessing = 0;
		};
/* End PBXResourcesBuildPhase section */

/* Begin PBXSourcesBuildPhase section */
		B42AFEC02729391400E7E826 /* Sources */ = {
			isa = PBXSourcesBuildPhase;
			buildActionMask = 2147483647;
			files = (
				B42AFEC82729391400E7E826 /* AppDelegate.swift in Sources */,
				B42AFEDC2729393A00E7E826 /* VisionVC.swift in Sources */,
				B42AFEFD2729603800E7E826 /* HideAPIKEY.swift in Sources */,
				B42AFEDE2729395400E7E826 /* VisionManager.swift in Sources */,
				B42AFECA2729391400E7E826 /* SceneDelegate.swift in Sources */,
			);
			runOnlyForDeploymentPostprocessing = 0;
		};
/* End PBXSourcesBuildPhase section */

/* Begin PBXVariantGroup section */
		B42AFECD2729391400E7E826 /* Main.storyboard */ = {
			isa = PBXVariantGroup;
			children = (
				B42AFECE2729391400E7E826 /* Base */,
			);
			name = Main.storyboard;
			sourceTree = "<group>";
		};
		B42AFED22729391500E7E826 /* LaunchScreen.storyboard */ = {
			isa = PBXVariantGroup;
			children = (
				B42AFED32729391500E7E826 /* Base */,
			);
			name = LaunchScreen.storyboard;
			sourceTree = "<group>";
		};
/* End PBXVariantGroup section */

/* Begin XCBuildConfiguration section */
		B42AFED62729391500E7E826 /* Debug */ = {
			isa = XCBuildConfiguration;
			buildSettings = {
				ALWAYS_SEARCH_USER_PATHS = NO;
				CLANG_ANALYZER_NONNULL = YES;
				CLANG_ANALYZER_NUMBER_OBJECT_CONVERSION = YES_AGGRESSIVE;
				CLANG_CXX_LANGUAGE_STANDARD = "gnu++17";
				CLANG_CXX_LIBRARY = "libc++";
				CLANG_ENABLE_MODULES = YES;
				CLANG_ENABLE_OBJC_ARC = YES;
				CLANG_ENABLE_OBJC_WEAK = YES;
				CLANG_WARN_BLOCK_CAPTURE_AUTORELEASING = YES;
				CLANG_WARN_BOOL_CONVERSION = YES;
				CLANG_WARN_COMMA = YES;
				CLANG_WARN_CONSTANT_CONVERSION = YES;
				CLANG_WARN_DEPRECATED_OBJC_IMPLEMENTATIONS = YES;
				CLANG_WARN_DIRECT_OBJC_ISA_USAGE = YES_ERROR;
				CLANG_WARN_DOCUMENTATION_COMMENTS = YES;
				CLANG_WARN_EMPTY_BODY = YES;
				CLANG_WARN_ENUM_CONVERSION = YES;
				CLANG_WARN_INFINITE_RECURSION = YES;
				CLANG_WARN_INT_CONVERSION = YES;
				CLANG_WARN_NON_LITERAL_NULL_CONVERSION = YES;
				CLANG_WARN_OBJC_IMPLICIT_RETAIN_SELF = YES;
				CLANG_WARN_OBJC_LITERAL_CONVERSION = YES;
				CLANG_WARN_OBJC_ROOT_CLASS = YES_ERROR;
				CLANG_WARN_QUOTED_INCLUDE_IN_FRAMEWORK_HEADER = YES;
				CLANG_WARN_RANGE_LOOP_ANALYSIS = YES;
				CLANG_WARN_STRICT_PROTOTYPES = YES;
				CLANG_WARN_SUSPICIOUS_MOVE = YES;
				CLANG_WARN_UNGUARDED_AVAILABILITY = YES_AGGRESSIVE;
				CLANG_WARN_UNREACHABLE_CODE = YES;
				CLANG_WARN__DUPLICATE_METHOD_MATCH = YES;
				COPY_PHASE_STRIP = NO;
				DEBUG_INFORMATION_FORMAT = dwarf;
				ENABLE_STRICT_OBJC_MSGSEND = YES;
				ENABLE_TESTABILITY = YES;
				GCC_C_LANGUAGE_STANDARD = gnu11;
				GCC_DYNAMIC_NO_PIC = NO;
				GCC_NO_COMMON_BLOCKS = YES;
				GCC_OPTIMIZATION_LEVEL = 0;
				GCC_PREPROCESSOR_DEFINITIONS = (
					"DEBUG=1",
					"$(inherited)",
				);
				GCC_WARN_64_TO_32_BIT_CONVERSION = YES;
				GCC_WARN_ABOUT_RETURN_TYPE = YES_ERROR;
				GCC_WARN_UNDECLARED_SELECTOR = YES;
				GCC_WARN_UNINITIALIZED_AUTOS = YES_AGGRESSIVE;
				GCC_WARN_UNUSED_FUNCTION = YES;
				GCC_WARN_UNUSED_VARIABLE = YES;
				IPHONEOS_DEPLOYMENT_TARGET = 15.0;
				MTL_ENABLE_DEBUG_INFO = INCLUDE_SOURCE;
				MTL_FAST_MATH = YES;
				ONLY_ACTIVE_ARCH = YES;
				SDKROOT = iphoneos;
				SWIFT_ACTIVE_COMPILATION_CONDITIONS = DEBUG;
				SWIFT_OPTIMIZATION_LEVEL = "-Onone";
			};
			name = Debug;
		};
		B42AFED72729391500E7E826 /* Release */ = {
			isa = XCBuildConfiguration;
			buildSettings = {
				ALWAYS_SEARCH_USER_PATHS = NO;
				CLANG_ANALYZER_NONNULL = YES;
				CLANG_ANALYZER_NUMBER_OBJECT_CONVERSION = YES_AGGRESSIVE;
				CLANG_CXX_LANGUAGE_STANDARD = "gnu++17";
				CLANG_CXX_LIBRARY = "libc++";
				CLANG_ENABLE_MODULES = YES;
				CLANG_ENABLE_OBJC_ARC = YES;
				CLANG_ENABLE_OBJC_WEAK = YES;
				CLANG_WARN_BLOCK_CAPTURE_AUTORELEASING = YES;
				CLANG_WARN_BOOL_CONVERSION = YES;
				CLANG_WARN_COMMA = YES;
				CLANG_WARN_CONSTANT_CONVERSION = YES;
				CLANG_WARN_DEPRECATED_OBJC_IMPLEMENTATIONS = YES;
				CLANG_WARN_DIRECT_OBJC_ISA_USAGE = YES_ERROR;
				CLANG_WARN_DOCUMENTATION_COMMENTS = YES;
				CLANG_WARN_EMPTY_BODY = YES;
				CLANG_WARN_ENUM_CONVERSION = YES;
				CLANG_WARN_INFINITE_RECURSION = YES;
				CLANG_WARN_INT_CONVERSION = YES;
				CLANG_WARN_NON_LITERAL_NULL_CONVERSION = YES;
				CLANG_WARN_OBJC_IMPLICIT_RETAIN_SELF = YES;
				CLANG_WARN_OBJC_LITERAL_CONVERSION = YES;
				CLANG_WARN_OBJC_ROOT_CLASS = YES_ERROR;
				CLANG_WARN_QUOTED_INCLUDE_IN_FRAMEWORK_HEADER = YES;
				CLANG_WARN_RANGE_LOOP_ANALYSIS = YES;
				CLANG_WARN_STRICT_PROTOTYPES = YES;
				CLANG_WARN_SUSPICIOUS_MOVE = YES;
				CLANG_WARN_UNGUARDED_AVAILABILITY = YES_AGGRESSIVE;
				CLANG_WARN_UNREACHABLE_CODE = YES;
				CLANG_WARN__DUPLICATE_METHOD_MATCH = YES;
				COPY_PHASE_STRIP = NO;
				DEBUG_INFORMATION_FORMAT = "dwarf-with-dsym";
				ENABLE_NS_ASSERTIONS = NO;
				ENABLE_STRICT_OBJC_MSGSEND = YES;
				GCC_C_LANGUAGE_STANDARD = gnu11;
				GCC_NO_COMMON_BLOCKS = YES;
				GCC_WARN_64_TO_32_BIT_CONVERSION = YES;
				GCC_WARN_ABOUT_RETURN_TYPE = YES_ERROR;
				GCC_WARN_UNDECLARED_SELECTOR = YES;
				GCC_WARN_UNINITIALIZED_AUTOS = YES_AGGRESSIVE;
				GCC_WARN_UNUSED_FUNCTION = YES;
				GCC_WARN_UNUSED_VARIABLE = YES;
				IPHONEOS_DEPLOYMENT_TARGET = 15.0;
				MTL_ENABLE_DEBUG_INFO = NO;
				MTL_FAST_MATH = YES;
				SDKROOT = iphoneos;
				SWIFT_COMPILATION_MODE = wholemodule;
				SWIFT_OPTIMIZATION_LEVEL = "-O";
				VALIDATE_PRODUCT = YES;
			};
			name = Release;
		};
		B42AFED92729391500E7E826 /* Debug */ = {
			isa = XCBuildConfiguration;
			buildSettings = {
				ASSETCATALOG_COMPILER_APPICON_NAME = AppIcon;
				ASSETCATALOG_COMPILER_GLOBAL_ACCENT_COLOR_NAME = AccentColor;
				CODE_SIGN_STYLE = Automatic;
				CURRENT_PROJECT_VERSION = 1;
				DEVELOPMENT_TEAM = 7MS89TXQ5T;
				GENERATE_INFOPLIST_FILE = YES;
				INFOPLIST_FILE = ssacVision/Info.plist;
				INFOPLIST_KEY_UIApplicationSupportsIndirectInputEvents = YES;
				INFOPLIST_KEY_UILaunchStoryboardName = LaunchScreen;
				INFOPLIST_KEY_UIMainStoryboardFile = Main;
				INFOPLIST_KEY_UISupportedInterfaceOrientations_iPad = "UIInterfaceOrientationPortrait UIInterfaceOrientationPortraitUpsideDown UIInterfaceOrientationLandscapeLeft UIInterfaceOrientationLandscapeRight";
				INFOPLIST_KEY_UISupportedInterfaceOrientations_iPhone = "UIInterfaceOrientationPortrait UIInterfaceOrientationLandscapeLeft UIInterfaceOrientationLandscapeRight";
				LD_RUNPATH_SEARCH_PATHS = (
					"$(inherited)",
					"@executable_path/Frameworks",
				);
				MARKETING_VERSION = 1.0;
				PRODUCT_BUNDLE_IDENTIFIER = camosss.ssacVision;
				PRODUCT_NAME = "$(TARGET_NAME)";
				SWIFT_EMIT_LOC_STRINGS = YES;
				SWIFT_VERSION = 5.0;
				TARGETED_DEVICE_FAMILY = "1,2";
			};
			name = Debug;
		};
		B42AFEDA2729391500E7E826 /* Release */ = {
			isa = XCBuildConfiguration;
			buildSettings = {
				ASSETCATALOG_COMPILER_APPICON_NAME = AppIcon;
				ASSETCATALOG_COMPILER_GLOBAL_ACCENT_COLOR_NAME = AccentColor;
				CODE_SIGN_STYLE = Automatic;
				CURRENT_PROJECT_VERSION = 1;
				DEVELOPMENT_TEAM = 7MS89TXQ5T;
				GENERATE_INFOPLIST_FILE = YES;
				INFOPLIST_FILE = ssacVision/Info.plist;
				INFOPLIST_KEY_UIApplicationSupportsIndirectInputEvents = YES;
				INFOPLIST_KEY_UILaunchStoryboardName = LaunchScreen;
				INFOPLIST_KEY_UIMainStoryboardFile = Main;
				INFOPLIST_KEY_UISupportedInterfaceOrientations_iPad = "UIInterfaceOrientationPortrait UIInterfaceOrientationPortraitUpsideDown UIInterfaceOrientationLandscapeLeft UIInterfaceOrientationLandscapeRight";
				INFOPLIST_KEY_UISupportedInterfaceOrientations_iPhone = "UIInterfaceOrientationPortrait UIInterfaceOrientationLandscapeLeft UIInterfaceOrientationLandscapeRight";
				LD_RUNPATH_SEARCH_PATHS = (
					"$(inherited)",
					"@executable_path/Frameworks",
				);
				MARKETING_VERSION = 1.0;
				PRODUCT_BUNDLE_IDENTIFIER = camosss.ssacVision;
				PRODUCT_NAME = "$(TARGET_NAME)";
				SWIFT_EMIT_LOC_STRINGS = YES;
				SWIFT_VERSION = 5.0;
				TARGETED_DEVICE_FAMILY = "1,2";
			};
			name = Release;
		};
/* End XCBuildConfiguration section */

/* Begin XCConfigurationList section */
		B42AFEBF2729391400E7E826 /* Build configuration list for PBXProject "ssacVision" */ = {
			isa = XCConfigurationList;
			buildConfigurations = (
				B42AFED62729391500E7E826 /* Debug */,
				B42AFED72729391500E7E826 /* Release */,
			);
			defaultConfigurationIsVisible = 0;
			defaultConfigurationName = Release;
		};
		B42AFED82729391500E7E826 /* Build configuration list for PBXNativeTarget "ssacVision" */ = {
			isa = XCConfigurationList;
			buildConfigurations = (
				B42AFED92729391500E7E826 /* Debug */,
				B42AFEDA2729391500E7E826 /* Release */,
			);
			defaultConfigurationIsVisible = 0;
			defaultConfigurationName = Release;
		};
/* End XCConfigurationList section */

/* Begin XCRemoteSwiftPackageReference section */
		B42AFEDF2729397000E7E826 /* XCRemoteSwiftPackageReference "SwiftyJSON" */ = {
			isa = XCRemoteSwiftPackageReference;
			repositoryURL = "https://github.com/SwiftyJSON/SwiftyJSON";
			requirement = {
				kind = exactVersion;
				version = 5.0.0;
			};
		};
		B42AFEE22729397800E7E826 /* XCRemoteSwiftPackageReference "Alamofire" */ = {
			isa = XCRemoteSwiftPackageReference;
			repositoryURL = "https://github.com/Alamofire/Alamofire";
			requirement = {
				kind = upToNextMajorVersion;
				minimumVersion = 5.0.0;
			};
		};
/* End XCRemoteSwiftPackageReference section */

/* Begin XCSwiftPackageProductDependency section */
		B42AFEE02729397000E7E826 /* SwiftyJSON */ = {
			isa = XCSwiftPackageProductDependency;
			package = B42AFEDF2729397000E7E826 /* XCRemoteSwiftPackageReference "SwiftyJSON" */;
			productName = SwiftyJSON;
		};
		B42AFEE32729397900E7E826 /* Alamofire */ = {
			isa = XCSwiftPackageProductDependency;
			package = B42AFEE22729397800E7E826 /* XCRemoteSwiftPackageReference "Alamofire" */;
			productName = Alamofire;
		};
/* End XCSwiftPackageProductDependency section */
	};
	rootObject = B42AFEBC2729391400E7E826 /* Project object */;
}
