// !$*UTF8*$!
{
	archiveVersion = 1;
	classes = {
	};
	objectVersion = 55;
	objects = {

/* Begin PBXBuildFile section */
		B467233627282F6F00182649 /* Kingfisher in Frameworks */ = {isa = PBXBuildFile; productRef = B467233527282F6F00182649 /* Kingfisher */; };
		B4672338272832FA00182649 /* AlertHelper.swift in Sources */ = {isa = PBXBuildFile; fileRef = B4672337272832FA00182649 /* AlertHelper.swift */; };
		B467233A2728364E00182649 /* WeatherInfo.plist in Resources */ = {isa = PBXBuildFile; fileRef = B46723392728364E00182649 /* WeatherInfo.plist */; };
		B467233C2728382100182649 /* HideApiKey.swift in Sources */ = {isa = PBXBuildFile; fileRef = B467233B2728382100182649 /* HideApiKey.swift */; };
		B48E1C012726984900712403 /* AppDelegate.swift in Sources */ = {isa = PBXBuildFile; fileRef = B48E1C002726984900712403 /* AppDelegate.swift */; };
		B48E1C032726984900712403 /* SceneDelegate.swift in Sources */ = {isa = PBXBuildFile; fileRef = B48E1C022726984900712403 /* SceneDelegate.swift */; };
		B48E1C082726984900712403 /* Main.storyboard in Resources */ = {isa = PBXBuildFile; fileRef = B48E1C062726984900712403 /* Main.storyboard */; };
		B48E1C0A2726984B00712403 /* Assets.xcassets in Resources */ = {isa = PBXBuildFile; fileRef = B48E1C092726984B00712403 /* Assets.xcassets */; };
		B48E1C0D2726984B00712403 /* LaunchScreen.storyboard in Resources */ = {isa = PBXBuildFile; fileRef = B48E1C0B2726984B00712403 /* LaunchScreen.storyboard */; };
		B48E1C152726987F00712403 /* WeatherVC.swift in Sources */ = {isa = PBXBuildFile; fileRef = B48E1C142726987F00712403 /* WeatherVC.swift */; };
		B48E1C1B2726A6FA00712403 /* Alamofire in Frameworks */ = {isa = PBXBuildFile; productRef = B48E1C1A2726A6FA00712403 /* Alamofire */; };
		B48E1C222726B06500712403 /* SwiftyJSON in Frameworks */ = {isa = PBXBuildFile; productRef = B48E1C212726B06500712403 /* SwiftyJSON */; };
/* End PBXBuildFile section */

/* Begin PBXFileReference section */
		B4672337272832FA00182649 /* AlertHelper.swift */ = {isa = PBXFileReference; lastKnownFileType = sourcecode.swift; path = AlertHelper.swift; sourceTree = "<group>"; };
		B46723392728364E00182649 /* WeatherInfo.plist */ = {isa = PBXFileReference; lastKnownFileType = text.plist.xml; path = WeatherInfo.plist; sourceTree = "<group>"; };
		B467233B2728382100182649 /* HideApiKey.swift */ = {isa = PBXFileReference; lastKnownFileType = sourcecode.swift; path = HideApiKey.swift; sourceTree = "<group>"; };
		B48E1BFD2726984900712403 /* ssacWeather.app */ = {isa = PBXFileReference; explicitFileType = wrapper.application; includeInIndex = 0; path = ssacWeather.app; sourceTree = BUILT_PRODUCTS_DIR; };
		B48E1C002726984900712403 /* AppDelegate.swift */ = {isa = PBXFileReference; lastKnownFileType = sourcecode.swift; path = AppDelegate.swift; sourceTree = "<group>"; };
		B48E1C022726984900712403 /* SceneDelegate.swift */ = {isa = PBXFileReference; lastKnownFileType = sourcecode.swift; path = SceneDelegate.swift; sourceTree = "<group>"; };
		B48E1C072726984900712403 /* Base */ = {isa = PBXFileReference; lastKnownFileType = file.storyboard; name = Base; path = Base.lproj/Main.storyboard; sourceTree = "<group>"; };
		B48E1C092726984B00712403 /* Assets.xcassets */ = {isa = PBXFileReference; lastKnownFileType = folder.assetcatalog; path = Assets.xcassets; sourceTree = "<group>"; };
		B48E1C0C2726984B00712403 /* Base */ = {isa = PBXFileReference; lastKnownFileType = file.storyboard; name = Base; path = Base.lproj/LaunchScreen.storyboard; sourceTree = "<group>"; };
		B48E1C0E2726984B00712403 /* Info.plist */ = {isa = PBXFileReference; lastKnownFileType = text.plist.xml; path = Info.plist; sourceTree = "<group>"; };
		B48E1C142726987F00712403 /* WeatherVC.swift */ = {isa = PBXFileReference; lastKnownFileType = sourcecode.swift; path = WeatherVC.swift; sourceTree = "<group>"; };
/* End PBXFileReference section */

/* Begin PBXFrameworksBuildPhase section */
		B48E1BFA2726984900712403 /* Frameworks */ = {
			isa = PBXFrameworksBuildPhase;
			buildActionMask = 2147483647;
			files = (
				B467233627282F6F00182649 /* Kingfisher in Frameworks */,
				B48E1C222726B06500712403 /* SwiftyJSON in Frameworks */,
				B48E1C1B2726A6FA00712403 /* Alamofire in Frameworks */,
			);
			runOnlyForDeploymentPostprocessing = 0;
		};
/* End PBXFrameworksBuildPhase section */

/* Begin PBXGroup section */
		B48E1BF42726984900712403 = {
			isa = PBXGroup;
			children = (
				B48E1BFF2726984900712403 /* ssacWeather */,
				B48E1BFE2726984900712403 /* Products */,
			);
			sourceTree = "<group>";
		};
		B48E1BFE2726984900712403 /* Products */ = {
			isa = PBXGroup;
			children = (
				B48E1BFD2726984900712403 /* ssacWeather.app */,
			);
			name = Products;
			sourceTree = "<group>";
		};
		B48E1BFF2726984900712403 /* ssacWeather */ = {
			isa = PBXGroup;
			children = (
				B48E1C002726984900712403 /* AppDelegate.swift */,
				B48E1C022726984900712403 /* SceneDelegate.swift */,
				B48E1C092726984B00712403 /* Assets.xcassets */,
				B48E1C0B2726984B00712403 /* LaunchScreen.storyboard */,
				B48E1C0E2726984B00712403 /* Info.plist */,
				B48E1C062726984900712403 /* Main.storyboard */,
				B48E1C142726987F00712403 /* WeatherVC.swift */,
				B4672337272832FA00182649 /* AlertHelper.swift */,
				B46723392728364E00182649 /* WeatherInfo.plist */,
				B467233B2728382100182649 /* HideApiKey.swift */,
			);
			path = ssacWeather;
			sourceTree = "<group>";
		};
/* End PBXGroup section */

/* Begin PBXNativeTarget section */
		B48E1BFC2726984900712403 /* ssacWeather */ = {
			isa = PBXNativeTarget;
			buildConfigurationList = B48E1C112726984B00712403 /* Build configuration list for PBXNativeTarget "ssacWeather" */;
			buildPhases = (
				B48E1BF92726984900712403 /* Sources */,
				B48E1BFA2726984900712403 /* Frameworks */,
				B48E1BFB2726984900712403 /* Resources */,
			);
			buildRules = (
			);
			dependencies = (
			);
			name = ssacWeather;
			packageProductDependencies = (
				B48E1C1A2726A6FA00712403 /* Alamofire */,
				B48E1C212726B06500712403 /* SwiftyJSON */,
				B467233527282F6F00182649 /* Kingfisher */,
			);
			productName = ssacWeather;
			productReference = B48E1BFD2726984900712403 /* ssacWeather.app */;
			productType = "com.apple.product-type.application";
		};
/* End PBXNativeTarget section */

/* Begin PBXProject section */
		B48E1BF52726984900712403 /* Project object */ = {
			isa = PBXProject;
			attributes = {
				BuildIndependentTargetsInParallel = 1;
				LastSwiftUpdateCheck = 1300;
				LastUpgradeCheck = 1300;
				TargetAttributes = {
					B48E1BFC2726984900712403 = {
						CreatedOnToolsVersion = 13.0;
					};
				};
			};
			buildConfigurationList = B48E1BF82726984900712403 /* Build configuration list for PBXProject "ssacWeather" */;
			compatibilityVersion = "Xcode 13.0";
			developmentRegion = en;
			hasScannedForEncodings = 0;
			knownRegions = (
				en,
				Base,
			);
			mainGroup = B48E1BF42726984900712403;
			packageReferences = (
				B48E1C192726A6FA00712403 /* XCRemoteSwiftPackageReference "Alamofire" */,
				B48E1C202726B06500712403 /* XCRemoteSwiftPackageReference "SwiftyJSON" */,
				B467233427282F6F00182649 /* XCRemoteSwiftPackageReference "Kingfisher" */,
			);
			productRefGroup = B48E1BFE2726984900712403 /* Products */;
			projectDirPath = "";
			projectRoot = "";
			targets = (
				B48E1BFC2726984900712403 /* ssacWeather */,
			);
		};
/* End PBXProject section */

/* Begin PBXResourcesBuildPhase section */
		B48E1BFB2726984900712403 /* Resources */ = {
			isa = PBXResourcesBuildPhase;
			buildActionMask = 2147483647;
			files = (
				B48E1C0D2726984B00712403 /* LaunchScreen.storyboard in Resources */,
				B48E1C0A2726984B00712403 /* Assets.xcassets in Resources */,
				B48E1C082726984900712403 /* Main.storyboard in Resources */,
				B467233A2728364E00182649 /* WeatherInfo.plist in Resources */,
			);
			runOnlyForDeploymentPostprocessing = 0;
		};
/* End PBXResourcesBuildPhase section */

/* Begin PBXSourcesBuildPhase section */
		B48E1BF92726984900712403 /* Sources */ = {
			isa = PBXSourcesBuildPhase;
			buildActionMask = 2147483647;
			files = (
				B4672338272832FA00182649 /* AlertHelper.swift in Sources */,
				B48E1C012726984900712403 /* AppDelegate.swift in Sources */,
				B48E1C032726984900712403 /* SceneDelegate.swift in Sources */,
				B467233C2728382100182649 /* HideApiKey.swift in Sources */,
				B48E1C152726987F00712403 /* WeatherVC.swift in Sources */,
			);
			runOnlyForDeploymentPostprocessing = 0;
		};
/* End PBXSourcesBuildPhase section */

/* Begin PBXVariantGroup section */
		B48E1C062726984900712403 /* Main.storyboard */ = {
			isa = PBXVariantGroup;
			children = (
				B48E1C072726984900712403 /* Base */,
			);
			name = Main.storyboard;
			sourceTree = "<group>";
		};
		B48E1C0B2726984B00712403 /* LaunchScreen.storyboard */ = {
			isa = PBXVariantGroup;
			children = (
				B48E1C0C2726984B00712403 /* Base */,
			);
			name = LaunchScreen.storyboard;
			sourceTree = "<group>";
		};
/* End PBXVariantGroup section */

/* Begin XCBuildConfiguration section */
		B48E1C0F2726984B00712403 /* Debug */ = {
			isa = XCBuildConfiguration;
			buildSettings = {
				ALWAYS_SEARCH_USER_PATHS = NO;
				CLANG_ANALYZER_NONNULL = YES;
				CLANG_ANALYZER_NUMBER_OBJECT_CONVERSION = YES_AGGRESSIVE;
				CLANG_CXX_LANGUAGE_STANDARD = "gnu++17";
				CLANG_CXX_LIBRARY = "libc++";
				CLANG_ENABLE_MODULES = YES;
				CLANG_ENABLE_OBJC_ARC = YES;
				CLANG_ENABLE_OBJC_WEAK = YES;
				CLANG_WARN_BLOCK_CAPTURE_AUTORELEASING = YES;
				CLANG_WARN_BOOL_CONVERSION = YES;
				CLANG_WARN_COMMA = YES;
				CLANG_WARN_CONSTANT_CONVERSION = YES;
				CLANG_WARN_DEPRECATED_OBJC_IMPLEMENTATIONS = YES;
				CLANG_WARN_DIRECT_OBJC_ISA_USAGE = YES_ERROR;
				CLANG_WARN_DOCUMENTATION_COMMENTS = YES;
				CLANG_WARN_EMPTY_BODY = YES;
				CLANG_WARN_ENUM_CONVERSION = YES;
				CLANG_WARN_INFINITE_RECURSION = YES;
				CLANG_WARN_INT_CONVERSION = YES;
				CLANG_WARN_NON_LITERAL_NULL_CONVERSION = YES;
				CLANG_WARN_OBJC_IMPLICIT_RETAIN_SELF = YES;
				CLANG_WARN_OBJC_LITERAL_CONVERSION = YES;
				CLANG_WARN_OBJC_ROOT_CLASS = YES_ERROR;
				CLANG_WARN_QUOTED_INCLUDE_IN_FRAMEWORK_HEADER = YES;
				CLANG_WARN_RANGE_LOOP_ANALYSIS = YES;
				CLANG_WARN_STRICT_PROTOTYPES = YES;
				CLANG_WARN_SUSPICIOUS_MOVE = YES;
				CLANG_WARN_UNGUARDED_AVAILABILITY = YES_AGGRESSIVE;
				CLANG_WARN_UNREACHABLE_CODE = YES;
				CLANG_WARN__DUPLICATE_METHOD_MATCH = YES;
				COPY_PHASE_STRIP = NO;
				DEBUG_INFORMATION_FORMAT = dwarf;
				ENABLE_STRICT_OBJC_MSGSEND = YES;
				ENABLE_TESTABILITY = YES;
				GCC_C_LANGUAGE_STANDARD = gnu11;
				GCC_DYNAMIC_NO_PIC = NO;
				GCC_NO_COMMON_BLOCKS = YES;
				GCC_OPTIMIZATION_LEVEL = 0;
				GCC_PREPROCESSOR_DEFINITIONS = (
					"DEBUG=1",
					"$(inherited)",
				);
				GCC_WARN_64_TO_32_BIT_CONVERSION = YES;
				GCC_WARN_ABOUT_RETURN_TYPE = YES_ERROR;
				GCC_WARN_UNDECLARED_SELECTOR = YES;
				GCC_WARN_UNINITIALIZED_AUTOS = YES_AGGRESSIVE;
				GCC_WARN_UNUSED_FUNCTION = YES;
				GCC_WARN_UNUSED_VARIABLE = YES;
				IPHONEOS_DEPLOYMENT_TARGET = 15.0;
				MTL_ENABLE_DEBUG_INFO = INCLUDE_SOURCE;
				MTL_FAST_MATH = YES;
				ONLY_ACTIVE_ARCH = YES;
				SDKROOT = iphoneos;
				SWIFT_ACTIVE_COMPILATION_CONDITIONS = DEBUG;
				SWIFT_OPTIMIZATION_LEVEL = "-Onone";
			};
			name = Debug;
		};
		B48E1C102726984B00712403 /* Release */ = {
			isa = XCBuildConfiguration;
			buildSettings = {
				ALWAYS_SEARCH_USER_PATHS = NO;
				CLANG_ANALYZER_NONNULL = YES;
				CLANG_ANALYZER_NUMBER_OBJECT_CONVERSION = YES_AGGRESSIVE;
				CLANG_CXX_LANGUAGE_STANDARD = "gnu++17";
				CLANG_CXX_LIBRARY = "libc++";
				CLANG_ENABLE_MODULES = YES;
				CLANG_ENABLE_OBJC_ARC = YES;
				CLANG_ENABLE_OBJC_WEAK = YES;
				CLANG_WARN_BLOCK_CAPTURE_AUTORELEASING = YES;
				CLANG_WARN_BOOL_CONVERSION = YES;
				CLANG_WARN_COMMA = YES;
				CLANG_WARN_CONSTANT_CONVERSION = YES;
				CLANG_WARN_DEPRECATED_OBJC_IMPLEMENTATIONS = YES;
				CLANG_WARN_DIRECT_OBJC_ISA_USAGE = YES_ERROR;
				CLANG_WARN_DOCUMENTATION_COMMENTS = YES;
				CLANG_WARN_EMPTY_BODY = YES;
				CLANG_WARN_ENUM_CONVERSION = YES;
				CLANG_WARN_INFINITE_RECURSION = YES;
				CLANG_WARN_INT_CONVERSION = YES;
				CLANG_WARN_NON_LITERAL_NULL_CONVERSION = YES;
				CLANG_WARN_OBJC_IMPLICIT_RETAIN_SELF = YES;
				CLANG_WARN_OBJC_LITERAL_CONVERSION = YES;
				CLANG_WARN_OBJC_ROOT_CLASS = YES_ERROR;
				CLANG_WARN_QUOTED_INCLUDE_IN_FRAMEWORK_HEADER = YES;
				CLANG_WARN_RANGE_LOOP_ANALYSIS = YES;
				CLANG_WARN_STRICT_PROTOTYPES = YES;
				CLANG_WARN_SUSPICIOUS_MOVE = YES;
				CLANG_WARN_UNGUARDED_AVAILABILITY = YES_AGGRESSIVE;
				CLANG_WARN_UNREACHABLE_CODE = YES;
				CLANG_WARN__DUPLICATE_METHOD_MATCH = YES;
				COPY_PHASE_STRIP = NO;
				DEBUG_INFORMATION_FORMAT = "dwarf-with-dsym";
				ENABLE_NS_ASSERTIONS = NO;
				ENABLE_STRICT_OBJC_MSGSEND = YES;
				GCC_C_LANGUAGE_STANDARD = gnu11;
				GCC_NO_COMMON_BLOCKS = YES;
				GCC_WARN_64_TO_32_BIT_CONVERSION = YES;
				GCC_WARN_ABOUT_RETURN_TYPE = YES_ERROR;
				GCC_WARN_UNDECLARED_SELECTOR = YES;
				GCC_WARN_UNINITIALIZED_AUTOS = YES_AGGRESSIVE;
				GCC_WARN_UNUSED_FUNCTION = YES;
				GCC_WARN_UNUSED_VARIABLE = YES;
				IPHONEOS_DEPLOYMENT_TARGET = 15.0;
				MTL_ENABLE_DEBUG_INFO = NO;
				MTL_FAST_MATH = YES;
				SDKROOT = iphoneos;
				SWIFT_COMPILATION_MODE = wholemodule;
				SWIFT_OPTIMIZATION_LEVEL = "-O";
				VALIDATE_PRODUCT = YES;
			};
			name = Release;
		};
		B48E1C122726984B00712403 /* Debug */ = {
			isa = XCBuildConfiguration;
			buildSettings = {
				ASSETCATALOG_COMPILER_APPICON_NAME = AppIcon;
				ASSETCATALOG_COMPILER_GLOBAL_ACCENT_COLOR_NAME = AccentColor;
				CODE_SIGN_STYLE = Automatic;
				CURRENT_PROJECT_VERSION = 1;
				DEVELOPMENT_TEAM = 7MS89TXQ5T;
				GENERATE_INFOPLIST_FILE = YES;
				INFOPLIST_FILE = ssacWeather/Info.plist;
				INFOPLIST_KEY_UIApplicationSupportsIndirectInputEvents = YES;
				INFOPLIST_KEY_UILaunchStoryboardName = LaunchScreen;
				INFOPLIST_KEY_UIMainStoryboardFile = Main;
				INFOPLIST_KEY_UISupportedInterfaceOrientations_iPad = "UIInterfaceOrientationPortrait UIInterfaceOrientationPortraitUpsideDown UIInterfaceOrientationLandscapeLeft UIInterfaceOrientationLandscapeRight";
				INFOPLIST_KEY_UISupportedInterfaceOrientations_iPhone = "UIInterfaceOrientationPortrait UIInterfaceOrientationLandscapeLeft UIInterfaceOrientationLandscapeRight";
				LD_RUNPATH_SEARCH_PATHS = (
					"$(inherited)",
					"@executable_path/Frameworks",
				);
				MARKETING_VERSION = 1.0;
				PRODUCT_BUNDLE_IDENTIFIER = camosss.ssacWeather;
				PRODUCT_NAME = "$(TARGET_NAME)";
				SWIFT_EMIT_LOC_STRINGS = YES;
				SWIFT_VERSION = 5.0;
				TARGETED_DEVICE_FAMILY = "1,2";
			};
			name = Debug;
		};
		B48E1C132726984B00712403 /* Release */ = {
			isa = XCBuildConfiguration;
			buildSettings = {
				ASSETCATALOG_COMPILER_APPICON_NAME = AppIcon;
				ASSETCATALOG_COMPILER_GLOBAL_ACCENT_COLOR_NAME = AccentColor;
				CODE_SIGN_STYLE = Automatic;
				CURRENT_PROJECT_VERSION = 1;
				DEVELOPMENT_TEAM = 7MS89TXQ5T;
				GENERATE_INFOPLIST_FILE = YES;
				INFOPLIST_FILE = ssacWeather/Info.plist;
				INFOPLIST_KEY_UIApplicationSupportsIndirectInputEvents = YES;
				INFOPLIST_KEY_UILaunchStoryboardName = LaunchScreen;
				INFOPLIST_KEY_UIMainStoryboardFile = Main;
				INFOPLIST_KEY_UISupportedInterfaceOrientations_iPad = "UIInterfaceOrientationPortrait UIInterfaceOrientationPortraitUpsideDown UIInterfaceOrientationLandscapeLeft UIInterfaceOrientationLandscapeRight";
				INFOPLIST_KEY_UISupportedInterfaceOrientations_iPhone = "UIInterfaceOrientationPortrait UIInterfaceOrientationLandscapeLeft UIInterfaceOrientationLandscapeRight";
				LD_RUNPATH_SEARCH_PATHS = (
					"$(inherited)",
					"@executable_path/Frameworks",
				);
				MARKETING_VERSION = 1.0;
				PRODUCT_BUNDLE_IDENTIFIER = camosss.ssacWeather;
				PRODUCT_NAME = "$(TARGET_NAME)";
				SWIFT_EMIT_LOC_STRINGS = YES;
				SWIFT_VERSION = 5.0;
				TARGETED_DEVICE_FAMILY = "1,2";
			};
			name = Release;
		};
/* End XCBuildConfiguration section */

/* Begin XCConfigurationList section */
		B48E1BF82726984900712403 /* Build configuration list for PBXProject "ssacWeather" */ = {
			isa = XCConfigurationList;
			buildConfigurations = (
				B48E1C0F2726984B00712403 /* Debug */,
				B48E1C102726984B00712403 /* Release */,
			);
			defaultConfigurationIsVisible = 0;
			defaultConfigurationName = Release;
		};
		B48E1C112726984B00712403 /* Build configuration list for PBXNativeTarget "ssacWeather" */ = {
			isa = XCConfigurationList;
			buildConfigurations = (
				B48E1C122726984B00712403 /* Debug */,
				B48E1C132726984B00712403 /* Release */,
			);
			defaultConfigurationIsVisible = 0;
			defaultConfigurationName = Release;
		};
/* End XCConfigurationList section */

/* Begin XCRemoteSwiftPackageReference section */
		B467233427282F6F00182649 /* XCRemoteSwiftPackageReference "Kingfisher" */ = {
			isa = XCRemoteSwiftPackageReference;
			repositoryURL = "https://github.com/onevcat/Kingfisher";
			requirement = {
				kind = upToNextMajorVersion;
				minimumVersion = 7.0.0;
			};
		};
		B48E1C192726A6FA00712403 /* XCRemoteSwiftPackageReference "Alamofire" */ = {
			isa = XCRemoteSwiftPackageReference;
			repositoryURL = "https://github.com/Alamofire/Alamofire";
			requirement = {
				kind = upToNextMajorVersion;
				minimumVersion = 5.0.0;
			};
		};
		B48E1C202726B06500712403 /* XCRemoteSwiftPackageReference "SwiftyJSON" */ = {
			isa = XCRemoteSwiftPackageReference;
			repositoryURL = "https://github.com/SwiftyJSON/SwiftyJSON";
			requirement = {
				kind = exactVersion;
				version = 5.0.0;
			};
		};
/* End XCRemoteSwiftPackageReference section */

/* Begin XCSwiftPackageProductDependency section */
		B467233527282F6F00182649 /* Kingfisher */ = {
			isa = XCSwiftPackageProductDependency;
			package = B467233427282F6F00182649 /* XCRemoteSwiftPackageReference "Kingfisher" */;
			productName = Kingfisher;
		};
		B48E1C1A2726A6FA00712403 /* Alamofire */ = {
			isa = XCSwiftPackageProductDependency;
			package = B48E1C192726A6FA00712403 /* XCRemoteSwiftPackageReference "Alamofire" */;
			productName = Alamofire;
		};
		B48E1C212726B06500712403 /* SwiftyJSON */ = {
			isa = XCSwiftPackageProductDependency;
			package = B48E1C202726B06500712403 /* XCRemoteSwiftPackageReference "SwiftyJSON" */;
			productName = SwiftyJSON;
		};
/* End XCSwiftPackageProductDependency section */
	};
	rootObject = B48E1BF52726984900712403 /* Project object */;
}
