// !$*UTF8*$!
{
	archiveVersion = 1;
	classes = {
	};
	objectVersion = 55;
	objects = {

/* Begin PBXBuildFile section */
		B41CD8B2272FD6E600B8EF08 /* AppDelegate.swift in Sources */ = {isa = PBXBuildFile; fileRef = B41CD8B1272FD6E600B8EF08 /* AppDelegate.swift */; };
		B41CD8B4272FD6E600B8EF08 /* SceneDelegate.swift in Sources */ = {isa = PBXBuildFile; fileRef = B41CD8B3272FD6E600B8EF08 /* SceneDelegate.swift */; };
		B41CD8B9272FD6E600B8EF08 /* Main.storyboard in Resources */ = {isa = PBXBuildFile; fileRef = B41CD8B7272FD6E600B8EF08 /* Main.storyboard */; };
		B41CD8BB272FD6E700B8EF08 /* Assets.xcassets in Resources */ = {isa = PBXBuildFile; fileRef = B41CD8BA272FD6E700B8EF08 /* Assets.xcassets */; };
		B41CD8BE272FD6E700B8EF08 /* LaunchScreen.storyboard in Resources */ = {isa = PBXBuildFile; fileRef = B41CD8BC272FD6E700B8EF08 /* LaunchScreen.storyboard */; };
		B41CD8CC272FD75B00B8EF08 /* SCDream9.otf in Resources */ = {isa = PBXBuildFile; fileRef = B41CD8C9272FD75B00B8EF08 /* SCDream9.otf */; };
		B41CD8CD272FD75B00B8EF08 /* SCDream5.otf in Resources */ = {isa = PBXBuildFile; fileRef = B41CD8CA272FD75B00B8EF08 /* SCDream5.otf */; };
		B41CD8CE272FD75B00B8EF08 /* SCDream2.otf in Resources */ = {isa = PBXBuildFile; fileRef = B41CD8CB272FD75B00B8EF08 /* SCDream2.otf */; };
		B41CD8D0272FD7AC00B8EF08 /* UIFont+Extension.swift in Sources */ = {isa = PBXBuildFile; fileRef = B41CD8CF272FD7AC00B8EF08 /* UIFont+Extension.swift */; };
		B41CD8D2272FD7B300B8EF08 /* String+Extension.swift in Sources */ = {isa = PBXBuildFile; fileRef = B41CD8D1272FD7B300B8EF08 /* String+Extension.swift */; };
		B41CD8D4272FD80E00B8EF08 /* LocalizableStrings.swift in Sources */ = {isa = PBXBuildFile; fileRef = B41CD8D3272FD80E00B8EF08 /* LocalizableStrings.swift */; };
		B439AADA2730E6F500FA4DDE /* Realm in Frameworks */ = {isa = PBXBuildFile; productRef = B439AAD92730E6F500FA4DDE /* Realm */; };
		B439AADC2730E6F500FA4DDE /* RealmSwift in Frameworks */ = {isa = PBXBuildFile; productRef = B439AADB2730E6F500FA4DDE /* RealmSwift */; };
		B439AADF2730E73900FA4DDE /* UserDiary.swift in Sources */ = {isa = PBXBuildFile; fileRef = B439AADE2730E73900FA4DDE /* UserDiary.swift */; };
		B439AB262732C3B600FA4DDE /* Detail.storyboard in Resources */ = {isa = PBXBuildFile; fileRef = B439AB252732C3B600FA4DDE /* Detail.storyboard */; };
		B439AB2C2732C45A00FA4DDE /* DetailViewController.swift in Sources */ = {isa = PBXBuildFile; fileRef = B439AB2B2732C45A00FA4DDE /* DetailViewController.swift */; };
		B439AB2F2732C5DC00FA4DDE /* Kingfisher in Frameworks */ = {isa = PBXBuildFile; productRef = B439AB2E2732C5DC00FA4DDE /* Kingfisher */; };
		B439AB312732C60300FA4DDE /* KF+Extension.swift in Sources */ = {isa = PBXBuildFile; fileRef = B439AB302732C60300FA4DDE /* KF+Extension.swift */; };
		B439AB3627336DBB00FA4DDE /* Zip in Frameworks */ = {isa = PBXBuildFile; productRef = B439AB3527336DBB00FA4DDE /* Zip */; };
		B439AB4A2734AD9600FA4DDE /* FSCalendar in Frameworks */ = {isa = PBXBuildFile; productRef = B439AB492734AD9600FA4DDE /* FSCalendar */; };
		B439AB4C2734B52F00FA4DDE /* DatePickerViewController.swift in Sources */ = {isa = PBXBuildFile; fileRef = B439AB4B2734B52F00FA4DDE /* DatePickerViewController.swift */; };
		B439AB4E2734CE7300FA4DDE /* RealmQuery.swift in Sources */ = {isa = PBXBuildFile; fileRef = B439AB4D2734CE7300FA4DDE /* RealmQuery.swift */; };
		B439AB502734D01600FA4DDE /* Date+Extension.swift in Sources */ = {isa = PBXBuildFile; fileRef = B439AB4F2734D01600FA4DDE /* Date+Extension.swift */; };
		B49699F3272FDB3900D83090 /* Localizable.strings in Resources */ = {isa = PBXBuildFile; fileRef = B49699F5272FDB3900D83090 /* Localizable.strings */; };
		B49699FC272FDB6F00D83090 /* Setting.strings in Resources */ = {isa = PBXBuildFile; fileRef = B49699FE272FDB6F00D83090 /* Setting.strings */; };
		B4969A03272FDB9700D83090 /* InfoPlist.strings in Resources */ = {isa = PBXBuildFile; fileRef = B4969A05272FDB9700D83090 /* InfoPlist.strings */; };
		B4969A0C272FDEF300D83090 /* HomeViewController.swift in Sources */ = {isa = PBXBuildFile; fileRef = B4969A0B272FDEF300D83090 /* HomeViewController.swift */; };
		B4969A0E272FDEFB00D83090 /* SearchViewController.swift in Sources */ = {isa = PBXBuildFile; fileRef = B4969A0D272FDEFB00D83090 /* SearchViewController.swift */; };
		B4969A10272FDF1300D83090 /* CalendarViewController.swift in Sources */ = {isa = PBXBuildFile; fileRef = B4969A0F272FDF1300D83090 /* CalendarViewController.swift */; };
		B4969A12272FDF1A00D83090 /* SettingViewController.swift in Sources */ = {isa = PBXBuildFile; fileRef = B4969A11272FDF1A00D83090 /* SettingViewController.swift */; };
		B4969A15272FDFC600D83090 /* Home.storyboard in Resources */ = {isa = PBXBuildFile; fileRef = B4969A14272FDFC600D83090 /* Home.storyboard */; };
		B4969A17272FDFD500D83090 /* Search.storyboard in Resources */ = {isa = PBXBuildFile; fileRef = B4969A16272FDFD500D83090 /* Search.storyboard */; };
		B4969A19272FDFE000D83090 /* Calendar.storyboard in Resources */ = {isa = PBXBuildFile; fileRef = B4969A18272FDFE000D83090 /* Calendar.storyboard */; };
		B4969A1D272FE02700D83090 /* Setting.storyboard in Resources */ = {isa = PBXBuildFile; fileRef = B4969A1C272FE02700D83090 /* Setting.storyboard */; };
		B4969A1F272FF56500D83090 /* DiaryViewController.swift in Sources */ = {isa = PBXBuildFile; fileRef = B4969A1E272FF56500D83090 /* DiaryViewController.swift */; };
		B4969A25272FFAEF00D83090 /* SearchCell.swift in Sources */ = {isa = PBXBuildFile; fileRef = B4969A23272FFAEF00D83090 /* SearchCell.swift */; };
/* End PBXBuildFile section */

/* Begin PBXFileReference section */
		B41CD8AE272FD6E600B8EF08 /* ssacDiary.app */ = {isa = PBXFileReference; explicitFileType = wrapper.application; includeInIndex = 0; path = ssacDiary.app; sourceTree = BUILT_PRODUCTS_DIR; };
		B41CD8B1272FD6E600B8EF08 /* AppDelegate.swift */ = {isa = PBXFileReference; lastKnownFileType = sourcecode.swift; path = AppDelegate.swift; sourceTree = "<group>"; };
		B41CD8B3272FD6E600B8EF08 /* SceneDelegate.swift */ = {isa = PBXFileReference; lastKnownFileType = sourcecode.swift; path = SceneDelegate.swift; sourceTree = "<group>"; };
		B41CD8B8272FD6E600B8EF08 /* Base */ = {isa = PBXFileReference; lastKnownFileType = file.storyboard; name = Base; path = Base.lproj/Main.storyboard; sourceTree = "<group>"; };
		B41CD8BA272FD6E700B8EF08 /* Assets.xcassets */ = {isa = PBXFileReference; lastKnownFileType = folder.assetcatalog; path = Assets.xcassets; sourceTree = "<group>"; };
		B41CD8BD272FD6E700B8EF08 /* Base */ = {isa = PBXFileReference; lastKnownFileType = file.storyboard; name = Base; path = Base.lproj/LaunchScreen.storyboard; sourceTree = "<group>"; };
		B41CD8BF272FD6E700B8EF08 /* Info.plist */ = {isa = PBXFileReference; lastKnownFileType = text.plist.xml; path = Info.plist; sourceTree = "<group>"; };
		B41CD8C9272FD75B00B8EF08 /* SCDream9.otf */ = {isa = PBXFileReference; lastKnownFileType = file; path = SCDream9.otf; sourceTree = "<group>"; };
		B41CD8CA272FD75B00B8EF08 /* SCDream5.otf */ = {isa = PBXFileReference; lastKnownFileType = file; path = SCDream5.otf; sourceTree = "<group>"; };
		B41CD8CB272FD75B00B8EF08 /* SCDream2.otf */ = {isa = PBXFileReference; lastKnownFileType = file; path = SCDream2.otf; sourceTree = "<group>"; };
		B41CD8CF272FD7AC00B8EF08 /* UIFont+Extension.swift */ = {isa = PBXFileReference; lastKnownFileType = sourcecode.swift; path = "UIFont+Extension.swift"; sourceTree = "<group>"; };
		B41CD8D1272FD7B300B8EF08 /* String+Extension.swift */ = {isa = PBXFileReference; lastKnownFileType = sourcecode.swift; path = "String+Extension.swift"; sourceTree = "<group>"; };
		B41CD8D3272FD80E00B8EF08 /* LocalizableStrings.swift */ = {isa = PBXFileReference; lastKnownFileType = sourcecode.swift; path = LocalizableStrings.swift; sourceTree = "<group>"; };
		B41CD8D5272FD82B00B8EF08 /* ko */ = {isa = PBXFileReference; lastKnownFileType = text.plist.strings; name = ko; path = ko.lproj/Main.strings; sourceTree = "<group>"; };
		B41CD8D6272FD82B00B8EF08 /* ko */ = {isa = PBXFileReference; lastKnownFileType = text.plist.strings; name = ko; path = ko.lproj/LaunchScreen.strings; sourceTree = "<group>"; };
		B439AADE2730E73900FA4DDE /* UserDiary.swift */ = {isa = PBXFileReference; lastKnownFileType = sourcecode.swift; path = UserDiary.swift; sourceTree = "<group>"; };
		B439AB252732C3B600FA4DDE /* Detail.storyboard */ = {isa = PBXFileReference; lastKnownFileType = file.storyboard; path = Detail.storyboard; sourceTree = "<group>"; };
		B439AB2B2732C45A00FA4DDE /* DetailViewController.swift */ = {isa = PBXFileReference; lastKnownFileType = sourcecode.swift; path = DetailViewController.swift; sourceTree = "<group>"; };
		B439AB302732C60300FA4DDE /* KF+Extension.swift */ = {isa = PBXFileReference; lastKnownFileType = sourcecode.swift; path = "KF+Extension.swift"; sourceTree = "<group>"; };
		B439AB4B2734B52F00FA4DDE /* DatePickerViewController.swift */ = {isa = PBXFileReference; lastKnownFileType = sourcecode.swift; path = DatePickerViewController.swift; sourceTree = "<group>"; };
		B439AB4D2734CE7300FA4DDE /* RealmQuery.swift */ = {isa = PBXFileReference; lastKnownFileType = sourcecode.swift; path = RealmQuery.swift; sourceTree = "<group>"; };
		B439AB4F2734D01600FA4DDE /* Date+Extension.swift */ = {isa = PBXFileReference; lastKnownFileType = sourcecode.swift; path = "Date+Extension.swift"; sourceTree = "<group>"; };
		B49699EF272FD86000D83090 /* ja */ = {isa = PBXFileReference; lastKnownFileType = text.plist.strings; name = ja; path = ja.lproj/Main.strings; sourceTree = "<group>"; };
		B49699F0272FD86000D83090 /* ja */ = {isa = PBXFileReference; lastKnownFileType = text.plist.strings; name = ja; path = ja.lproj/LaunchScreen.strings; sourceTree = "<group>"; };
		B49699F4272FDB3900D83090 /* en */ = {isa = PBXFileReference; lastKnownFileType = text.plist.strings; name = en; path = en.lproj/Localizable.strings; sourceTree = "<group>"; };
		B49699F6272FDB3C00D83090 /* ja */ = {isa = PBXFileReference; lastKnownFileType = text.plist.strings; name = ja; path = ja.lproj/Localizable.strings; sourceTree = "<group>"; };
		B49699F7272FDB3C00D83090 /* ko */ = {isa = PBXFileReference; lastKnownFileType = text.plist.strings; name = ko; path = ko.lproj/Localizable.strings; sourceTree = "<group>"; };
		B49699FD272FDB6F00D83090 /* en */ = {isa = PBXFileReference; lastKnownFileType = text.plist.strings; name = en; path = en.lproj/Setting.strings; sourceTree = "<group>"; };
		B49699FF272FDB7300D83090 /* ja */ = {isa = PBXFileReference; lastKnownFileType = text.plist.strings; name = ja; path = ja.lproj/Setting.strings; sourceTree = "<group>"; };
		B4969A00272FDB7500D83090 /* ko */ = {isa = PBXFileReference; lastKnownFileType = text.plist.strings; name = ko; path = ko.lproj/Setting.strings; sourceTree = "<group>"; };
		B4969A04272FDB9700D83090 /* en */ = {isa = PBXFileReference; lastKnownFileType = text.plist.strings; name = en; path = en.lproj/InfoPlist.strings; sourceTree = "<group>"; };
		B4969A06272FDB9800D83090 /* ja */ = {isa = PBXFileReference; lastKnownFileType = text.plist.strings; name = ja; path = ja.lproj/InfoPlist.strings; sourceTree = "<group>"; };
		B4969A07272FDB9800D83090 /* ko */ = {isa = PBXFileReference; lastKnownFileType = text.plist.strings; name = ko; path = ko.lproj/InfoPlist.strings; sourceTree = "<group>"; };
		B4969A0B272FDEF300D83090 /* HomeViewController.swift */ = {isa = PBXFileReference; lastKnownFileType = sourcecode.swift; path = HomeViewController.swift; sourceTree = "<group>"; };
		B4969A0D272FDEFB00D83090 /* SearchViewController.swift */ = {isa = PBXFileReference; lastKnownFileType = sourcecode.swift; path = SearchViewController.swift; sourceTree = "<group>"; };
		B4969A0F272FDF1300D83090 /* CalendarViewController.swift */ = {isa = PBXFileReference; lastKnownFileType = sourcecode.swift; path = CalendarViewController.swift; sourceTree = "<group>"; };
		B4969A11272FDF1A00D83090 /* SettingViewController.swift */ = {isa = PBXFileReference; lastKnownFileType = sourcecode.swift; path = SettingViewController.swift; sourceTree = "<group>"; };
		B4969A14272FDFC600D83090 /* Home.storyboard */ = {isa = PBXFileReference; lastKnownFileType = file.storyboard; path = Home.storyboard; sourceTree = "<group>"; };
		B4969A16272FDFD500D83090 /* Search.storyboard */ = {isa = PBXFileReference; lastKnownFileType = file.storyboard; path = Search.storyboard; sourceTree = "<group>"; };
		B4969A18272FDFE000D83090 /* Calendar.storyboard */ = {isa = PBXFileReference; lastKnownFileType = file.storyboard; path = Calendar.storyboard; sourceTree = "<group>"; };
		B4969A1C272FE02700D83090 /* Setting.storyboard */ = {isa = PBXFileReference; lastKnownFileType = file.storyboard; path = Setting.storyboard; sourceTree = "<group>"; };
		B4969A1E272FF56500D83090 /* DiaryViewController.swift */ = {isa = PBXFileReference; lastKnownFileType = sourcecode.swift; path = DiaryViewController.swift; sourceTree = "<group>"; };
		B4969A23272FFAEF00D83090 /* SearchCell.swift */ = {isa = PBXFileReference; lastKnownFileType = sourcecode.swift; path = SearchCell.swift; sourceTree = "<group>"; };
/* End PBXFileReference section */

/* Begin PBXFrameworksBuildPhase section */
		B41CD8AB272FD6E600B8EF08 /* Frameworks */ = {
			isa = PBXFrameworksBuildPhase;
			buildActionMask = 2147483647;
			files = (
				B439AB2F2732C5DC00FA4DDE /* Kingfisher in Frameworks */,
				B439AADC2730E6F500FA4DDE /* RealmSwift in Frameworks */,
				B439AB3627336DBB00FA4DDE /* Zip in Frameworks */,
				B439AB4A2734AD9600FA4DDE /* FSCalendar in Frameworks */,
				B439AADA2730E6F500FA4DDE /* Realm in Frameworks */,
			);
			runOnlyForDeploymentPostprocessing = 0;
		};
/* End PBXFrameworksBuildPhase section */

/* Begin PBXGroup section */
		B41CD8A5272FD6E600B8EF08 = {
			isa = PBXGroup;
			children = (
				B41CD8B0272FD6E600B8EF08 /* ssacDiary */,
				B41CD8AF272FD6E600B8EF08 /* Products */,
			);
			sourceTree = "<group>";
		};
		B41CD8AF272FD6E600B8EF08 /* Products */ = {
			isa = PBXGroup;
			children = (
				B41CD8AE272FD6E600B8EF08 /* ssacDiary.app */,
			);
			name = Products;
			sourceTree = "<group>";
		};
		B41CD8B0272FD6E600B8EF08 /* ssacDiary */ = {
			isa = PBXGroup;
			children = (
				B439AADD2730E72A00FA4DDE /* RealmModel */,
				B4969A20272FF9D500D83090 /* SB */,
				B4969A13272FDFA800D83090 /* View */,
				B4969A0A272FDEA700D83090 /* VC */,
				B41CD8C6272FD71700B8EF08 /* Localization */,
				B41CD8C7272FD71F00B8EF08 /* Extension */,
				B41CD8C8272FD72A00B8EF08 /* Font */,
				B41CD8C5272FD70100B8EF08 /* App+SceneDelegate */,
				B41CD8BA272FD6E700B8EF08 /* Assets.xcassets */,
				B41CD8BC272FD6E700B8EF08 /* LaunchScreen.storyboard */,
				B41CD8BF272FD6E700B8EF08 /* Info.plist */,
			);
			path = ssacDiary;
			sourceTree = "<group>";
		};
		B41CD8C5272FD70100B8EF08 /* App+SceneDelegate */ = {
			isa = PBXGroup;
			children = (
				B41CD8B1272FD6E600B8EF08 /* AppDelegate.swift */,
				B41CD8B3272FD6E600B8EF08 /* SceneDelegate.swift */,
			);
			path = "App+SceneDelegate";
			sourceTree = "<group>";
		};
		B41CD8C6272FD71700B8EF08 /* Localization */ = {
			isa = PBXGroup;
			children = (
				B41CD8D3272FD80E00B8EF08 /* LocalizableStrings.swift */,
				B4969A05272FDB9700D83090 /* InfoPlist.strings */,
				B49699F5272FDB3900D83090 /* Localizable.strings */,
				B49699FE272FDB6F00D83090 /* Setting.strings */,
			);
			path = Localization;
			sourceTree = "<group>";
		};
		B41CD8C7272FD71F00B8EF08 /* Extension */ = {
			isa = PBXGroup;
			children = (
				B41CD8CF272FD7AC00B8EF08 /* UIFont+Extension.swift */,
				B41CD8D1272FD7B300B8EF08 /* String+Extension.swift */,
				B439AB302732C60300FA4DDE /* KF+Extension.swift */,
				B439AB4F2734D01600FA4DDE /* Date+Extension.swift */,
			);
			path = Extension;
			sourceTree = "<group>";
		};
		B41CD8C8272FD72A00B8EF08 /* Font */ = {
			isa = PBXGroup;
			children = (
				B41CD8CB272FD75B00B8EF08 /* SCDream2.otf */,
				B41CD8CA272FD75B00B8EF08 /* SCDream5.otf */,
				B41CD8C9272FD75B00B8EF08 /* SCDream9.otf */,
			);
			path = Font;
			sourceTree = "<group>";
		};
		B439AADD2730E72A00FA4DDE /* RealmModel */ = {
			isa = PBXGroup;
			children = (
				B439AADE2730E73900FA4DDE /* UserDiary.swift */,
				B439AB4D2734CE7300FA4DDE /* RealmQuery.swift */,
			);
			path = RealmModel;
			sourceTree = "<group>";
		};
		B4969A0A272FDEA700D83090 /* VC */ = {
			isa = PBXGroup;
			children = (
				B4969A0B272FDEF300D83090 /* HomeViewController.swift */,
				B4969A0D272FDEFB00D83090 /* SearchViewController.swift */,
				B4969A0F272FDF1300D83090 /* CalendarViewController.swift */,
				B4969A11272FDF1A00D83090 /* SettingViewController.swift */,
				B4969A1E272FF56500D83090 /* DiaryViewController.swift */,
				B439AB2B2732C45A00FA4DDE /* DetailViewController.swift */,
				B439AB4B2734B52F00FA4DDE /* DatePickerViewController.swift */,
			);
			path = VC;
			sourceTree = "<group>";
		};
		B4969A13272FDFA800D83090 /* View */ = {
			isa = PBXGroup;
			children = (
				B4969A23272FFAEF00D83090 /* SearchCell.swift */,
			);
			path = View;
			sourceTree = "<group>";
		};
		B4969A20272FF9D500D83090 /* SB */ = {
			isa = PBXGroup;
			children = (
				B41CD8B7272FD6E600B8EF08 /* Main.storyboard */,
				B4969A14272FDFC600D83090 /* Home.storyboard */,
				B4969A16272FDFD500D83090 /* Search.storyboard */,
				B4969A18272FDFE000D83090 /* Calendar.storyboard */,
				B4969A1C272FE02700D83090 /* Setting.storyboard */,
				B439AB252732C3B600FA4DDE /* Detail.storyboard */,
			);
			path = SB;
			sourceTree = "<group>";
		};
/* End PBXGroup section */

/* Begin PBXNativeTarget section */
		B41CD8AD272FD6E600B8EF08 /* ssacDiary */ = {
			isa = PBXNativeTarget;
			buildConfigurationList = B41CD8C2272FD6E700B8EF08 /* Build configuration list for PBXNativeTarget "ssacDiary" */;
			buildPhases = (
				B41CD8AA272FD6E600B8EF08 /* Sources */,
				B41CD8AB272FD6E600B8EF08 /* Frameworks */,
				B41CD8AC272FD6E600B8EF08 /* Resources */,
			);
			buildRules = (
			);
			dependencies = (
			);
			name = ssacDiary;
			packageProductDependencies = (
				B439AAD92730E6F500FA4DDE /* Realm */,
				B439AADB2730E6F500FA4DDE /* RealmSwift */,
				B439AB2E2732C5DC00FA4DDE /* Kingfisher */,
				B439AB3527336DBB00FA4DDE /* Zip */,
				B439AB492734AD9600FA4DDE /* FSCalendar */,
			);
			productName = ssacDiary;
			productReference = B41CD8AE272FD6E600B8EF08 /* ssacDiary.app */;
			productType = "com.apple.product-type.application";
		};
/* End PBXNativeTarget section */

/* Begin PBXProject section */
		B41CD8A6272FD6E600B8EF08 /* Project object */ = {
			isa = PBXProject;
			attributes = {
				BuildIndependentTargetsInParallel = 1;
				LastSwiftUpdateCheck = 1300;
				LastUpgradeCheck = 1300;
				TargetAttributes = {
					B41CD8AD272FD6E600B8EF08 = {
						CreatedOnToolsVersion = 13.0;
					};
				};
			};
			buildConfigurationList = B41CD8A9272FD6E600B8EF08 /* Build configuration list for PBXProject "ssacDiary" */;
			compatibilityVersion = "Xcode 13.0";
			developmentRegion = en;
			hasScannedForEncodings = 0;
			knownRegions = (
				en,
				Base,
				ko,
				ja,
			);
			mainGroup = B41CD8A5272FD6E600B8EF08;
			packageReferences = (
				B439AAD82730E6F500FA4DDE /* XCRemoteSwiftPackageReference "realm-cocoa" */,
				B439AB2D2732C5DC00FA4DDE /* XCRemoteSwiftPackageReference "Kingfisher" */,
				B439AB3427336DBB00FA4DDE /* XCRemoteSwiftPackageReference "Zip" */,
				B439AB482734AD9500FA4DDE /* XCRemoteSwiftPackageReference "FSCalendar" */,
			);
			productRefGroup = B41CD8AF272FD6E600B8EF08 /* Products */;
			projectDirPath = "";
			projectRoot = "";
			targets = (
				B41CD8AD272FD6E600B8EF08 /* ssacDiary */,
			);
		};
/* End PBXProject section */

/* Begin PBXResourcesBuildPhase section */
		B41CD8AC272FD6E600B8EF08 /* Resources */ = {
			isa = PBXResourcesBuildPhase;
			buildActionMask = 2147483647;
			files = (
				B4969A19272FDFE000D83090 /* Calendar.storyboard in Resources */,
				B41CD8CE272FD75B00B8EF08 /* SCDream2.otf in Resources */,
				B4969A15272FDFC600D83090 /* Home.storyboard in Resources */,
				B41CD8CD272FD75B00B8EF08 /* SCDream5.otf in Resources */,
				B41CD8BE272FD6E700B8EF08 /* LaunchScreen.storyboard in Resources */,
				B49699F3272FDB3900D83090 /* Localizable.strings in Resources */,
				B41CD8BB272FD6E700B8EF08 /* Assets.xcassets in Resources */,
				B49699FC272FDB6F00D83090 /* Setting.strings in Resources */,
				B4969A17272FDFD500D83090 /* Search.storyboard in Resources */,
				B41CD8B9272FD6E600B8EF08 /* Main.storyboard in Resources */,
				B4969A03272FDB9700D83090 /* InfoPlist.strings in Resources */,
				B439AB262732C3B600FA4DDE /* Detail.storyboard in Resources */,
				B41CD8CC272FD75B00B8EF08 /* SCDream9.otf in Resources */,
				B4969A1D272FE02700D83090 /* Setting.storyboard in Resources */,
			);
			runOnlyForDeploymentPostprocessing = 0;
		};
/* End PBXResourcesBuildPhase section */

/* Begin PBXSourcesBuildPhase section */
		B41CD8AA272FD6E600B8EF08 /* Sources */ = {
			isa = PBXSourcesBuildPhase;
			buildActionMask = 2147483647;
			files = (
				B439AB2C2732C45A00FA4DDE /* DetailViewController.swift in Sources */,
				B4969A10272FDF1300D83090 /* CalendarViewController.swift in Sources */,
				B439AB4E2734CE7300FA4DDE /* RealmQuery.swift in Sources */,
				B439AB312732C60300FA4DDE /* KF+Extension.swift in Sources */,
				B4969A25272FFAEF00D83090 /* SearchCell.swift in Sources */,
				B4969A12272FDF1A00D83090 /* SettingViewController.swift in Sources */,
				B4969A1F272FF56500D83090 /* DiaryViewController.swift in Sources */,
				B41CD8D4272FD80E00B8EF08 /* LocalizableStrings.swift in Sources */,
				B41CD8B2272FD6E600B8EF08 /* AppDelegate.swift in Sources */,
				B439AB502734D01600FA4DDE /* Date+Extension.swift in Sources */,
				B4969A0E272FDEFB00D83090 /* SearchViewController.swift in Sources */,
				B439AADF2730E73900FA4DDE /* UserDiary.swift in Sources */,
				B4969A0C272FDEF300D83090 /* HomeViewController.swift in Sources */,
				B439AB4C2734B52F00FA4DDE /* DatePickerViewController.swift in Sources */,
				B41CD8D0272FD7AC00B8EF08 /* UIFont+Extension.swift in Sources */,
				B41CD8D2272FD7B300B8EF08 /* String+Extension.swift in Sources */,
				B41CD8B4272FD6E600B8EF08 /* SceneDelegate.swift in Sources */,
			);
			runOnlyForDeploymentPostprocessing = 0;
		};
/* End PBXSourcesBuildPhase section */

/* Begin PBXVariantGroup section */
		B41CD8B7272FD6E600B8EF08 /* Main.storyboard */ = {
			isa = PBXVariantGroup;
			children = (
				B41CD8B8272FD6E600B8EF08 /* Base */,
				B41CD8D5272FD82B00B8EF08 /* ko */,
				B49699EF272FD86000D83090 /* ja */,
			);
			name = Main.storyboard;
			sourceTree = "<group>";
		};
		B41CD8BC272FD6E700B8EF08 /* LaunchScreen.storyboard */ = {
			isa = PBXVariantGroup;
			children = (
				B41CD8BD272FD6E700B8EF08 /* Base */,
				B41CD8D6272FD82B00B8EF08 /* ko */,
				B49699F0272FD86000D83090 /* ja */,
			);
			name = LaunchScreen.storyboard;
			sourceTree = "<group>";
		};
		B49699F5272FDB3900D83090 /* Localizable.strings */ = {
			isa = PBXVariantGroup;
			children = (
				B49699F4272FDB3900D83090 /* en */,
				B49699F6272FDB3C00D83090 /* ja */,
				B49699F7272FDB3C00D83090 /* ko */,
			);
			name = Localizable.strings;
			sourceTree = "<group>";
		};
		B49699FE272FDB6F00D83090 /* Setting.strings */ = {
			isa = PBXVariantGroup;
			children = (
				B49699FD272FDB6F00D83090 /* en */,
				B49699FF272FDB7300D83090 /* ja */,
				B4969A00272FDB7500D83090 /* ko */,
			);
			name = Setting.strings;
			sourceTree = "<group>";
		};
		B4969A05272FDB9700D83090 /* InfoPlist.strings */ = {
			isa = PBXVariantGroup;
			children = (
				B4969A04272FDB9700D83090 /* en */,
				B4969A06272FDB9800D83090 /* ja */,
				B4969A07272FDB9800D83090 /* ko */,
			);
			name = InfoPlist.strings;
			sourceTree = "<group>";
		};
/* End PBXVariantGroup section */

/* Begin XCBuildConfiguration section */
		B41CD8C0272FD6E700B8EF08 /* Debug */ = {
			isa = XCBuildConfiguration;
			buildSettings = {
				ALWAYS_SEARCH_USER_PATHS = NO;
				CLANG_ANALYZER_LOCALIZABILITY_NONLOCALIZED = YES;
				CLANG_ANALYZER_NONNULL = YES;
				CLANG_ANALYZER_NUMBER_OBJECT_CONVERSION = YES_AGGRESSIVE;
				CLANG_CXX_LANGUAGE_STANDARD = "gnu++17";
				CLANG_CXX_LIBRARY = "libc++";
				CLANG_ENABLE_MODULES = YES;
				CLANG_ENABLE_OBJC_ARC = YES;
				CLANG_ENABLE_OBJC_WEAK = YES;
				CLANG_WARN_BLOCK_CAPTURE_AUTORELEASING = YES;
				CLANG_WARN_BOOL_CONVERSION = YES;
				CLANG_WARN_COMMA = YES;
				CLANG_WARN_CONSTANT_CONVERSION = YES;
				CLANG_WARN_DEPRECATED_OBJC_IMPLEMENTATIONS = YES;
				CLANG_WARN_DIRECT_OBJC_ISA_USAGE = YES_ERROR;
				CLANG_WARN_DOCUMENTATION_COMMENTS = YES;
				CLANG_WARN_EMPTY_BODY = YES;
				CLANG_WARN_ENUM_CONVERSION = YES;
				CLANG_WARN_INFINITE_RECURSION = YES;
				CLANG_WARN_INT_CONVERSION = YES;
				CLANG_WARN_NON_LITERAL_NULL_CONVERSION = YES;
				CLANG_WARN_OBJC_IMPLICIT_RETAIN_SELF = YES;
				CLANG_WARN_OBJC_LITERAL_CONVERSION = YES;
				CLANG_WARN_OBJC_ROOT_CLASS = YES_ERROR;
				CLANG_WARN_QUOTED_INCLUDE_IN_FRAMEWORK_HEADER = YES;
				CLANG_WARN_RANGE_LOOP_ANALYSIS = YES;
				CLANG_WARN_STRICT_PROTOTYPES = YES;
				CLANG_WARN_SUSPICIOUS_MOVE = YES;
				CLANG_WARN_UNGUARDED_AVAILABILITY = YES_AGGRESSIVE;
				CLANG_WARN_UNREACHABLE_CODE = YES;
				CLANG_WARN__DUPLICATE_METHOD_MATCH = YES;
				COPY_PHASE_STRIP = NO;
				DEBUG_INFORMATION_FORMAT = dwarf;
				ENABLE_STRICT_OBJC_MSGSEND = YES;
				ENABLE_TESTABILITY = YES;
				GCC_C_LANGUAGE_STANDARD = gnu11;
				GCC_DYNAMIC_NO_PIC = NO;
				GCC_NO_COMMON_BLOCKS = YES;
				GCC_OPTIMIZATION_LEVEL = 0;
				GCC_PREPROCESSOR_DEFINITIONS = (
					"DEBUG=1",
					"$(inherited)",
				);
				GCC_WARN_64_TO_32_BIT_CONVERSION = YES;
				GCC_WARN_ABOUT_RETURN_TYPE = YES_ERROR;
				GCC_WARN_UNDECLARED_SELECTOR = YES;
				GCC_WARN_UNINITIALIZED_AUTOS = YES_AGGRESSIVE;
				GCC_WARN_UNUSED_FUNCTION = YES;
				GCC_WARN_UNUSED_VARIABLE = YES;
				IPHONEOS_DEPLOYMENT_TARGET = 15.0;
				MTL_ENABLE_DEBUG_INFO = INCLUDE_SOURCE;
				MTL_FAST_MATH = YES;
				ONLY_ACTIVE_ARCH = YES;
				SDKROOT = iphoneos;
				SWIFT_ACTIVE_COMPILATION_CONDITIONS = DEBUG;
				SWIFT_OPTIMIZATION_LEVEL = "-Onone";
			};
			name = Debug;
		};
		B41CD8C1272FD6E700B8EF08 /* Release */ = {
			isa = XCBuildConfiguration;
			buildSettings = {
				ALWAYS_SEARCH_USER_PATHS = NO;
				CLANG_ANALYZER_LOCALIZABILITY_NONLOCALIZED = YES;
				CLANG_ANALYZER_NONNULL = YES;
				CLANG_ANALYZER_NUMBER_OBJECT_CONVERSION = YES_AGGRESSIVE;
				CLANG_CXX_LANGUAGE_STANDARD = "gnu++17";
				CLANG_CXX_LIBRARY = "libc++";
				CLANG_ENABLE_MODULES = YES;
				CLANG_ENABLE_OBJC_ARC = YES;
				CLANG_ENABLE_OBJC_WEAK = YES;
				CLANG_WARN_BLOCK_CAPTURE_AUTORELEASING = YES;
				CLANG_WARN_BOOL_CONVERSION = YES;
				CLANG_WARN_COMMA = YES;
				CLANG_WARN_CONSTANT_CONVERSION = YES;
				CLANG_WARN_DEPRECATED_OBJC_IMPLEMENTATIONS = YES;
				CLANG_WARN_DIRECT_OBJC_ISA_USAGE = YES_ERROR;
				CLANG_WARN_DOCUMENTATION_COMMENTS = YES;
				CLANG_WARN_EMPTY_BODY = YES;
				CLANG_WARN_ENUM_CONVERSION = YES;
				CLANG_WARN_INFINITE_RECURSION = YES;
				CLANG_WARN_INT_CONVERSION = YES;
				CLANG_WARN_NON_LITERAL_NULL_CONVERSION = YES;
				CLANG_WARN_OBJC_IMPLICIT_RETAIN_SELF = YES;
				CLANG_WARN_OBJC_LITERAL_CONVERSION = YES;
				CLANG_WARN_OBJC_ROOT_CLASS = YES_ERROR;
				CLANG_WARN_QUOTED_INCLUDE_IN_FRAMEWORK_HEADER = YES;
				CLANG_WARN_RANGE_LOOP_ANALYSIS = YES;
				CLANG_WARN_STRICT_PROTOTYPES = YES;
				CLANG_WARN_SUSPICIOUS_MOVE = YES;
				CLANG_WARN_UNGUARDED_AVAILABILITY = YES_AGGRESSIVE;
				CLANG_WARN_UNREACHABLE_CODE = YES;
				CLANG_WARN__DUPLICATE_METHOD_MATCH = YES;
				COPY_PHASE_STRIP = NO;
				DEBUG_INFORMATION_FORMAT = "dwarf-with-dsym";
				ENABLE_NS_ASSERTIONS = NO;
				ENABLE_STRICT_OBJC_MSGSEND = YES;
				GCC_C_LANGUAGE_STANDARD = gnu11;
				GCC_NO_COMMON_BLOCKS = YES;
				GCC_WARN_64_TO_32_BIT_CONVERSION = YES;
				GCC_WARN_ABOUT_RETURN_TYPE = YES_ERROR;
				GCC_WARN_UNDECLARED_SELECTOR = YES;
				GCC_WARN_UNINITIALIZED_AUTOS = YES_AGGRESSIVE;
				GCC_WARN_UNUSED_FUNCTION = YES;
				GCC_WARN_UNUSED_VARIABLE = YES;
				IPHONEOS_DEPLOYMENT_TARGET = 15.0;
				MTL_ENABLE_DEBUG_INFO = NO;
				MTL_FAST_MATH = YES;
				SDKROOT = iphoneos;
				SWIFT_COMPILATION_MODE = wholemodule;
				SWIFT_OPTIMIZATION_LEVEL = "-O";
				VALIDATE_PRODUCT = YES;
			};
			name = Release;
		};
		B41CD8C3272FD6E700B8EF08 /* Debug */ = {
			isa = XCBuildConfiguration;
			buildSettings = {
				ASSETCATALOG_COMPILER_APPICON_NAME = AppIcon;
				ASSETCATALOG_COMPILER_GLOBAL_ACCENT_COLOR_NAME = AccentColor;
				CODE_SIGN_STYLE = Automatic;
				CURRENT_PROJECT_VERSION = 1;
				DEVELOPMENT_TEAM = 7MS89TXQ5T;
				GENERATE_INFOPLIST_FILE = YES;
				INFOPLIST_FILE = ssacDiary/Info.plist;
				INFOPLIST_KEY_UIApplicationSupportsIndirectInputEvents = YES;
				INFOPLIST_KEY_UILaunchStoryboardName = LaunchScreen;
				INFOPLIST_KEY_UIMainStoryboardFile = Main;
				INFOPLIST_KEY_UISupportedInterfaceOrientations_iPad = "UIInterfaceOrientationPortrait UIInterfaceOrientationPortraitUpsideDown UIInterfaceOrientationLandscapeLeft UIInterfaceOrientationLandscapeRight";
				INFOPLIST_KEY_UISupportedInterfaceOrientations_iPhone = "UIInterfaceOrientationPortrait UIInterfaceOrientationLandscapeLeft UIInterfaceOrientationLandscapeRight";
				LD_RUNPATH_SEARCH_PATHS = (
					"$(inherited)",
					"@executable_path/Frameworks",
				);
				MARKETING_VERSION = 1.0;
				PRODUCT_BUNDLE_IDENTIFIER = camosss.ssacDiary;
				PRODUCT_NAME = "$(TARGET_NAME)";
				SWIFT_EMIT_LOC_STRINGS = YES;
				SWIFT_VERSION = 5.0;
				TARGETED_DEVICE_FAMILY = "1,2";
			};
			name = Debug;
		};
		B41CD8C4272FD6E700B8EF08 /* Release */ = {
			isa = XCBuildConfiguration;
			buildSettings = {
				ASSETCATALOG_COMPILER_APPICON_NAME = AppIcon;
				ASSETCATALOG_COMPILER_GLOBAL_ACCENT_COLOR_NAME = AccentColor;
				CODE_SIGN_STYLE = Automatic;
				CURRENT_PROJECT_VERSION = 1;
				DEVELOPMENT_TEAM = 7MS89TXQ5T;
				GENERATE_INFOPLIST_FILE = YES;
				INFOPLIST_FILE = ssacDiary/Info.plist;
				INFOPLIST_KEY_UIApplicationSupportsIndirectInputEvents = YES;
				INFOPLIST_KEY_UILaunchStoryboardName = LaunchScreen;
				INFOPLIST_KEY_UIMainStoryboardFile = Main;
				INFOPLIST_KEY_UISupportedInterfaceOrientations_iPad = "UIInterfaceOrientationPortrait UIInterfaceOrientationPortraitUpsideDown UIInterfaceOrientationLandscapeLeft UIInterfaceOrientationLandscapeRight";
				INFOPLIST_KEY_UISupportedInterfaceOrientations_iPhone = "UIInterfaceOrientationPortrait UIInterfaceOrientationLandscapeLeft UIInterfaceOrientationLandscapeRight";
				LD_RUNPATH_SEARCH_PATHS = (
					"$(inherited)",
					"@executable_path/Frameworks",
				);
				MARKETING_VERSION = 1.0;
				PRODUCT_BUNDLE_IDENTIFIER = camosss.ssacDiary;
				PRODUCT_NAME = "$(TARGET_NAME)";
				SWIFT_EMIT_LOC_STRINGS = YES;
				SWIFT_VERSION = 5.0;
				TARGETED_DEVICE_FAMILY = "1,2";
			};
			name = Release;
		};
/* End XCBuildConfiguration section */

/* Begin XCConfigurationList section */
		B41CD8A9272FD6E600B8EF08 /* Build configuration list for PBXProject "ssacDiary" */ = {
			isa = XCConfigurationList;
			buildConfigurations = (
				B41CD8C0272FD6E700B8EF08 /* Debug */,
				B41CD8C1272FD6E700B8EF08 /* Release */,
			);
			defaultConfigurationIsVisible = 0;
			defaultConfigurationName = Release;
		};
		B41CD8C2272FD6E700B8EF08 /* Build configuration list for PBXNativeTarget "ssacDiary" */ = {
			isa = XCConfigurationList;
			buildConfigurations = (
				B41CD8C3272FD6E700B8EF08 /* Debug */,
				B41CD8C4272FD6E700B8EF08 /* Release */,
			);
			defaultConfigurationIsVisible = 0;
			defaultConfigurationName = Release;
		};
/* End XCConfigurationList section */

/* Begin XCRemoteSwiftPackageReference section */
		B439AAD82730E6F500FA4DDE /* XCRemoteSwiftPackageReference "realm-cocoa" */ = {
			isa = XCRemoteSwiftPackageReference;
			repositoryURL = "https://github.com/realm/realm-cocoa.git";
			requirement = {
				kind = exactVersion;
				version = 10.18.0;
			};
		};
		B439AB2D2732C5DC00FA4DDE /* XCRemoteSwiftPackageReference "Kingfisher" */ = {
			isa = XCRemoteSwiftPackageReference;
			repositoryURL = "https://github.com/onevcat/Kingfisher";
			requirement = {
				kind = upToNextMajorVersion;
				minimumVersion = 7.0.0;
			};
		};
		B439AB3427336DBB00FA4DDE /* XCRemoteSwiftPackageReference "Zip" */ = {
			isa = XCRemoteSwiftPackageReference;
			repositoryURL = "https://github.com/marmelroy/Zip";
			requirement = {
				kind = upToNextMajorVersion;
				minimumVersion = 2.0.0;
			};
		};
		B439AB482734AD9500FA4DDE /* XCRemoteSwiftPackageReference "FSCalendar" */ = {
			isa = XCRemoteSwiftPackageReference;
			repositoryURL = "https://github.com/WenchaoD/FSCalendar.git";
			requirement = {
				kind = upToNextMajorVersion;
				minimumVersion = 2.0.0;
			};
		};
/* End XCRemoteSwiftPackageReference section */

/* Begin XCSwiftPackageProductDependency section */
		B439AAD92730E6F500FA4DDE /* Realm */ = {
			isa = XCSwiftPackageProductDependency;
			package = B439AAD82730E6F500FA4DDE /* XCRemoteSwiftPackageReference "realm-cocoa" */;
			productName = Realm;
		};
		B439AADB2730E6F500FA4DDE /* RealmSwift */ = {
			isa = XCSwiftPackageProductDependency;
			package = B439AAD82730E6F500FA4DDE /* XCRemoteSwiftPackageReference "realm-cocoa" */;
			productName = RealmSwift;
		};
		B439AB2E2732C5DC00FA4DDE /* Kingfisher */ = {
			isa = XCSwiftPackageProductDependency;
			package = B439AB2D2732C5DC00FA4DDE /* XCRemoteSwiftPackageReference "Kingfisher" */;
			productName = Kingfisher;
		};
		B439AB3527336DBB00FA4DDE /* Zip */ = {
			isa = XCSwiftPackageProductDependency;
			package = B439AB3427336DBB00FA4DDE /* XCRemoteSwiftPackageReference "Zip" */;
			productName = Zip;
		};
		B439AB492734AD9600FA4DDE /* FSCalendar */ = {
			isa = XCSwiftPackageProductDependency;
			package = B439AB482734AD9500FA4DDE /* XCRemoteSwiftPackageReference "FSCalendar" */;
			productName = FSCalendar;
		};
/* End XCSwiftPackageProductDependency section */
	};
	rootObject = B41CD8A6272FD6E600B8EF08 /* Project object */;
}
